
Microsoft Visual Studio Solution File, Format Version 10.00
# Visual Studio 2008
Project("{FAE04EC0-301F-11D3-BF4B-00C04F79EFBC}") = "Kistl.Server", "Kistl.Server\Kistl.Server.csproj", "{FA2B6CCD-95CB-4927-9CB5-AFE833EB38B7}"
EndProject
Project("{FAE04EC0-301F-11D3-BF4B-00C04F79EFBC}") = "Kistl.Client", "Kistl.Client\Kistl.Client.csproj", "{A736E13F-D349-4CE5-A397-8438F58D0B9D}"
EndProject
Project("{FAE04EC0-301F-11D3-BF4B-00C04F79EFBC}") = "Kistl.API", "Kistl.API\Kistl.API.csproj", "{AD0C7B9C-3C92-4F19-BBDF-416AD4700CB9}"
EndProject
Project("{FAE04EC0-301F-11D3-BF4B-00C04F79EFBC}") = "Kistl.API.Client", "Kistl.API.Client\Kistl.API.Client.csproj", "{DD11A4F6-24C2-4935-8042-DE49CA6B32C0}"
EndProject
Project("{FAE04EC0-301F-11D3-BF4B-00C04F79EFBC}") = "Kistl.API.Server", "Kistl.API.Server\Kistl.API.Server.csproj", "{08902397-B9CA-43DA-8C8D-27DCEC097611}"
EndProject
Project("{FAE04EC0-301F-11D3-BF4B-00C04F79EFBC}") = "Kistl.Objects.Server", "Kistl.Objects.Server\Kistl.Objects.Server.csproj", "{62B9344A-87D1-4715-9ABB-EAE0ACC4F523}"
EndProject
Project("{FAE04EC0-301F-11D3-BF4B-00C04F79EFBC}") = "Kistl.Objects.Client", "Kistl.Objects.Client\Kistl.Objects.Client.csproj", "{80F37FB5-66C6-45F2-9E2A-F787B141D66C}"
EndProject
Project("{FAE04EC0-301F-11D3-BF4B-00C04F79EFBC}") = "Kistl.App.Projekte.Client", "Kistl.App.Projekte.Client\Kistl.App.Projekte.Client.csproj", "{379A67E8-388E-47B6-A591-5D4C05DAFBDB}"
EndProject
Project("{FAE04EC0-301F-11D3-BF4B-00C04F79EFBC}") = "Kistl.App.Projekte.Server", "Kistl.App.Projekte.Server\Kistl.App.Projekte.Server.csproj", "{E1275AE6-5060-4E93-88D8-BA48BA52DC7A}"
EndProject
Project("{FAE04EC0-301F-11D3-BF4B-00C04F79EFBC}") = "WPFSamplesLib", "WPFLibrary\WPFSamplesLib.csproj", "{E4BBC94F-B837-4668-A127-E36E6DE012F5}"
EndProject
Project("{FAE04EC0-301F-11D3-BF4B-00C04F79EFBC}") = "Kistl.Client.WPF", "Kistl.Client.WPF\Kistl.Client.WPF.csproj", "{2C899579-BF78-442B-8810-8C7E7A2CA212}"
EndProject
Project("{E24C65DC-7377-472B-9ABA-BC803B73C61A}") = "Kistl.Client.ASPNET", "Kistl.Client.ASPNET\", "{CF19E9F6-8DB1-4338-B0D7-C71DA08C5DB5}"
	ProjectSection(WebsiteProperties) = preProject
		TargetFramework = "3.5"
		ProjectReferences = "{AD0C7B9C-3C92-4F19-BBDF-416AD4700CB9}|Kistl.API.dll;{DD11A4F6-24C2-4935-8042-DE49CA6B32C0}|Kistl.API.Client.dll;{A736E13F-D349-4CE5-A397-8438F58D0B9D}|Kistl.Client.dll;{80F37FB5-66C6-45F2-9E2A-F787B141D66C}|Kistl.Objects.Client.dll;{04656394-60EA-4675-95EE-3DA6D07BAB89}|Kistl.Client.ASPNET.Toolkit.dll;"
		Debug.AspNetCompiler.VirtualPath = "/Kistl.Client.ASPNET"
		Debug.AspNetCompiler.PhysicalPath = "Kistl.Client.ASPNET\"
		Debug.AspNetCompiler.TargetPath = "PrecompiledWeb\Kistl.Client.ASPNET\"
		Debug.AspNetCompiler.Updateable = "true"
		Debug.AspNetCompiler.ForceOverwrite = "true"
		Debug.AspNetCompiler.FixedNames = "false"
		Debug.AspNetCompiler.Debug = "True"
		Release.AspNetCompiler.VirtualPath = "/Kistl.Client.ASPNET"
		Release.AspNetCompiler.PhysicalPath = "Kistl.Client.ASPNET\"
		Release.AspNetCompiler.TargetPath = "PrecompiledWeb\Kistl.Client.ASPNET\"
		Release.AspNetCompiler.Updateable = "true"
		Release.AspNetCompiler.ForceOverwrite = "true"
		Release.AspNetCompiler.FixedNames = "false"
		Release.AspNetCompiler.Debug = "False"
		VWDPort = "49281"
		DefaultWebSiteLanguage = "Visual C#"
	EndProjectSection
EndProject
Project("{FAE04EC0-301F-11D3-BF4B-00C04F79EFBC}") = "Kistl.Client.ASPNET.Toolkit", "Kistl.Client.ASPNET.Toolkit\Kistl.Client.ASPNET.Toolkit.csproj", "{04656394-60EA-4675-95EE-3DA6D07BAB89}"
EndProject
Global
	GlobalSection(SolutionConfigurationPlatforms) = preSolution
		Debug|.NET = Debug|.NET
		Debug|Any CPU = Debug|Any CPU
		Debug|Mixed Platforms = Debug|Mixed Platforms
		Release|.NET = Release|.NET
		Release|Any CPU = Release|Any CPU
		Release|Mixed Platforms = Release|Mixed Platforms
	EndGlobalSection
	GlobalSection(ProjectConfigurationPlatforms) = postSolution
		{FA2B6CCD-95CB-4927-9CB5-AFE833EB38B7}.Debug|.NET.ActiveCfg = Debug|Any CPU
		{FA2B6CCD-95CB-4927-9CB5-AFE833EB38B7}.Debug|Any CPU.ActiveCfg = Debug|Any CPU
		{FA2B6CCD-95CB-4927-9CB5-AFE833EB38B7}.Debug|Any CPU.Build.0 = Debug|Any CPU
		{FA2B6CCD-95CB-4927-9CB5-AFE833EB38B7}.Debug|Mixed Platforms.ActiveCfg = Debug|Any CPU
		{FA2B6CCD-95CB-4927-9CB5-AFE833EB38B7}.Debug|Mixed Platforms.Build.0 = Debug|Any CPU
		{FA2B6CCD-95CB-4927-9CB5-AFE833EB38B7}.Release|.NET.ActiveCfg = Release|Any CPU
		{FA2B6CCD-95CB-4927-9CB5-AFE833EB38B7}.Release|Any CPU.ActiveCfg = Release|Any CPU
		{FA2B6CCD-95CB-4927-9CB5-AFE833EB38B7}.Release|Any CPU.Build.0 = Release|Any CPU
		{FA2B6CCD-95CB-4927-9CB5-AFE833EB38B7}.Release|Mixed Platforms.ActiveCfg = Release|Any CPU
		{FA2B6CCD-95CB-4927-9CB5-AFE833EB38B7}.Release|Mixed Platforms.Build.0 = Release|Any CPU
		{A736E13F-D349-4CE5-A397-8438F58D0B9D}.Debug|.NET.ActiveCfg = Debug|Any CPU
		{A736E13F-D349-4CE5-A397-8438F58D0B9D}.Debug|Any CPU.ActiveCfg = Debug|Any CPU
		{A736E13F-D349-4CE5-A397-8438F58D0B9D}.Debug|Any CPU.Build.0 = Debug|Any CPU
		{A736E13F-D349-4CE5-A397-8438F58D0B9D}.Debug|Mixed Platforms.ActiveCfg = Debug|Any CPU
		{A736E13F-D349-4CE5-A397-8438F58D0B9D}.Debug|Mixed Platforms.Build.0 = Debug|Any CPU
		{A736E13F-D349-4CE5-A397-8438F58D0B9D}.Release|.NET.ActiveCfg = Release|Any CPU
		{A736E13F-D349-4CE5-A397-8438F58D0B9D}.Release|Any CPU.ActiveCfg = Release|Any CPU
		{A736E13F-D349-4CE5-A397-8438F58D0B9D}.Release|Any CPU.Build.0 = Release|Any CPU
		{A736E13F-D349-4CE5-A397-8438F58D0B9D}.Release|Mixed Platforms.ActiveCfg = Release|Any CPU
		{A736E13F-D349-4CE5-A397-8438F58D0B9D}.Release|Mixed Platforms.Build.0 = Release|Any CPU
		{AD0C7B9C-3C92-4F19-BBDF-416AD4700CB9}.Debug|.NET.ActiveCfg = Debug|Any CPU
		{AD0C7B9C-3C92-4F19-BBDF-416AD4700CB9}.Debug|Any CPU.ActiveCfg = Debug|Any CPU
		{AD0C7B9C-3C92-4F19-BBDF-416AD4700CB9}.Debug|Any CPU.Build.0 = Debug|Any CPU
		{AD0C7B9C-3C92-4F19-BBDF-416AD4700CB9}.Debug|Mixed Platforms.ActiveCfg = Debug|Any CPU
		{AD0C7B9C-3C92-4F19-BBDF-416AD4700CB9}.Debug|Mixed Platforms.Build.0 = Debug|Any CPU
		{AD0C7B9C-3C92-4F19-BBDF-416AD4700CB9}.Release|.NET.ActiveCfg = Release|Any CPU
		{AD0C7B9C-3C92-4F19-BBDF-416AD4700CB9}.Release|Any CPU.ActiveCfg = Release|Any CPU
		{AD0C7B9C-3C92-4F19-BBDF-416AD4700CB9}.Release|Any CPU.Build.0 = Release|Any CPU
		{AD0C7B9C-3C92-4F19-BBDF-416AD4700CB9}.Release|Mixed Platforms.ActiveCfg = Release|Any CPU
		{AD0C7B9C-3C92-4F19-BBDF-416AD4700CB9}.Release|Mixed Platforms.Build.0 = Release|Any CPU
		{DD11A4F6-24C2-4935-8042-DE49CA6B32C0}.Debug|.NET.ActiveCfg = Debug|Any CPU
		{DD11A4F6-24C2-4935-8042-DE49CA6B32C0}.Debug|Any CPU.ActiveCfg = Debug|Any CPU
		{DD11A4F6-24C2-4935-8042-DE49CA6B32C0}.Debug|Any CPU.Build.0 = Debug|Any CPU
		{DD11A4F6-24C2-4935-8042-DE49CA6B32C0}.Debug|Mixed Platforms.ActiveCfg = Debug|Any CPU
		{DD11A4F6-24C2-4935-8042-DE49CA6B32C0}.Debug|Mixed Platforms.Build.0 = Debug|Any CPU
		{DD11A4F6-24C2-4935-8042-DE49CA6B32C0}.Release|.NET.ActiveCfg = Release|Any CPU
		{DD11A4F6-24C2-4935-8042-DE49CA6B32C0}.Release|Any CPU.ActiveCfg = Release|Any CPU
		{DD11A4F6-24C2-4935-8042-DE49CA6B32C0}.Release|Any CPU.Build.0 = Release|Any CPU
		{DD11A4F6-24C2-4935-8042-DE49CA6B32C0}.Release|Mixed Platforms.ActiveCfg = Release|Any CPU
		{DD11A4F6-24C2-4935-8042-DE49CA6B32C0}.Release|Mixed Platforms.Build.0 = Release|Any CPU
		{08902397-B9CA-43DA-8C8D-27DCEC097611}.Debug|.NET.ActiveCfg = Debug|Any CPU
		{08902397-B9CA-43DA-8C8D-27DCEC097611}.Debug|Any CPU.ActiveCfg = Debug|Any CPU
		{08902397-B9CA-43DA-8C8D-27DCEC097611}.Debug|Any CPU.Build.0 = Debug|Any CPU
		{08902397-B9CA-43DA-8C8D-27DCEC097611}.Debug|Mixed Platforms.ActiveCfg = Debug|Any CPU
		{08902397-B9CA-43DA-8C8D-27DCEC097611}.Debug|Mixed Platforms.Build.0 = Debug|Any CPU
		{08902397-B9CA-43DA-8C8D-27DCEC097611}.Release|.NET.ActiveCfg = Release|Any CPU
		{08902397-B9CA-43DA-8C8D-27DCEC097611}.Release|Any CPU.ActiveCfg = Release|Any CPU
		{08902397-B9CA-43DA-8C8D-27DCEC097611}.Release|Any CPU.Build.0 = Release|Any CPU
		{08902397-B9CA-43DA-8C8D-27DCEC097611}.Release|Mixed Platforms.ActiveCfg = Release|Any CPU
		{08902397-B9CA-43DA-8C8D-27DCEC097611}.Release|Mixed Platforms.Build.0 = Release|Any CPU
		{62B9344A-87D1-4715-9ABB-EAE0ACC4F523}.Debug|.NET.ActiveCfg = Debug|Any CPU
		{62B9344A-87D1-4715-9ABB-EAE0ACC4F523}.Debug|Any CPU.ActiveCfg = Debug|Any CPU
		{62B9344A-87D1-4715-9ABB-EAE0ACC4F523}.Debug|Any CPU.Build.0 = Debug|Any CPU
		{62B9344A-87D1-4715-9ABB-EAE0ACC4F523}.Debug|Mixed Platforms.ActiveCfg = Debug|Any CPU
		{62B9344A-87D1-4715-9ABB-EAE0ACC4F523}.Debug|Mixed Platforms.Build.0 = Debug|Any CPU
		{62B9344A-87D1-4715-9ABB-EAE0ACC4F523}.Release|.NET.ActiveCfg = Release|Any CPU
		{62B9344A-87D1-4715-9ABB-EAE0ACC4F523}.Release|Any CPU.ActiveCfg = Release|Any CPU
		{62B9344A-87D1-4715-9ABB-EAE0ACC4F523}.Release|Any CPU.Build.0 = Release|Any CPU
		{62B9344A-87D1-4715-9ABB-EAE0ACC4F523}.Release|Mixed Platforms.ActiveCfg = Release|Any CPU
		{62B9344A-87D1-4715-9ABB-EAE0ACC4F523}.Release|Mixed Platforms.Build.0 = Release|Any CPU
		{80F37FB5-66C6-45F2-9E2A-F787B141D66C}.Debug|.NET.ActiveCfg = Debug|Any CPU
		{80F37FB5-66C6-45F2-9E2A-F787B141D66C}.Debug|Any CPU.ActiveCfg = Debug|Any CPU
		{80F37FB5-66C6-45F2-9E2A-F787B141D66C}.Debug|Any CPU.Build.0 = Debug|Any CPU
		{80F37FB5-66C6-45F2-9E2A-F787B141D66C}.Debug|Mixed Platforms.ActiveCfg = Debug|Any CPU
		{80F37FB5-66C6-45F2-9E2A-F787B141D66C}.Debug|Mixed Platforms.Build.0 = Debug|Any CPU
		{80F37FB5-66C6-45F2-9E2A-F787B141D66C}.Release|.NET.ActiveCfg = Release|Any CPU
		{80F37FB5-66C6-45F2-9E2A-F787B141D66C}.Release|Any CPU.ActiveCfg = Release|Any CPU
		{80F37FB5-66C6-45F2-9E2A-F787B141D66C}.Release|Any CPU.Build.0 = Release|Any CPU
		{80F37FB5-66C6-45F2-9E2A-F787B141D66C}.Release|Mixed Platforms.ActiveCfg = Release|Any CPU
		{80F37FB5-66C6-45F2-9E2A-F787B141D66C}.Release|Mixed Platforms.Build.0 = Release|Any CPU
		{379A67E8-388E-47B6-A591-5D4C05DAFBDB}.Debug|.NET.ActiveCfg = Debug|Any CPU
		{379A67E8-388E-47B6-A591-5D4C05DAFBDB}.Debug|Any CPU.ActiveCfg = Debug|Any CPU
		{379A67E8-388E-47B6-A591-5D4C05DAFBDB}.Debug|Any CPU.Build.0 = Debug|Any CPU
		{379A67E8-388E-47B6-A591-5D4C05DAFBDB}.Debug|Mixed Platforms.ActiveCfg = Debug|Any CPU
		{379A67E8-388E-47B6-A591-5D4C05DAFBDB}.Debug|Mixed Platforms.Build.0 = Debug|Any CPU
		{379A67E8-388E-47B6-A591-5D4C05DAFBDB}.Release|.NET.ActiveCfg = Release|Any CPU
		{379A67E8-388E-47B6-A591-5D4C05DAFBDB}.Release|Any CPU.ActiveCfg = Release|Any CPU
		{379A67E8-388E-47B6-A591-5D4C05DAFBDB}.Release|Any CPU.Build.0 = Release|Any CPU
		{379A67E8-388E-47B6-A591-5D4C05DAFBDB}.Release|Mixed Platforms.ActiveCfg = Release|Any CPU
		{379A67E8-388E-47B6-A591-5D4C05DAFBDB}.Release|Mixed Platforms.Build.0 = Release|Any CPU
		{E1275AE6-5060-4E93-88D8-BA48BA52DC7A}.Debug|.NET.ActiveCfg = Debug|Any CPU
		{E1275AE6-5060-4E93-88D8-BA48BA52DC7A}.Debug|Any CPU.ActiveCfg = Debug|Any CPU
		{E1275AE6-5060-4E93-88D8-BA48BA52DC7A}.Debug|Any CPU.Build.0 = Debug|Any CPU
		{E1275AE6-5060-4E93-88D8-BA48BA52DC7A}.Debug|Mixed Platforms.ActiveCfg = Debug|Any CPU
		{E1275AE6-5060-4E93-88D8-BA48BA52DC7A}.Debug|Mixed Platforms.Build.0 = Debug|Any CPU
		{E1275AE6-5060-4E93-88D8-BA48BA52DC7A}.Release|.NET.ActiveCfg = Release|Any CPU
		{E1275AE6-5060-4E93-88D8-BA48BA52DC7A}.Release|Any CPU.ActiveCfg = Release|Any CPU
		{E1275AE6-5060-4E93-88D8-BA48BA52DC7A}.Release|Any CPU.Build.0 = Release|Any CPU
		{E1275AE6-5060-4E93-88D8-BA48BA52DC7A}.Release|Mixed Platforms.ActiveCfg = Release|Any CPU
		{E1275AE6-5060-4E93-88D8-BA48BA52DC7A}.Release|Mixed Platforms.Build.0 = Release|Any CPU
		{E4BBC94F-B837-4668-A127-E36E6DE012F5}.Debug|.NET.ActiveCfg = Debug|Any CPU
		{E4BBC94F-B837-4668-A127-E36E6DE012F5}.Debug|Any CPU.ActiveCfg = Debug|Any CPU
		{E4BBC94F-B837-4668-A127-E36E6DE012F5}.Debug|Any CPU.Build.0 = Debug|Any CPU
		{E4BBC94F-B837-4668-A127-E36E6DE012F5}.Debug|Mixed Platforms.ActiveCfg = Debug|Any CPU
		{E4BBC94F-B837-4668-A127-E36E6DE012F5}.Debug|Mixed Platforms.Build.0 = Debug|Any CPU
		{E4BBC94F-B837-4668-A127-E36E6DE012F5}.Release|.NET.ActiveCfg = Release|Any CPU
		{E4BBC94F-B837-4668-A127-E36E6DE012F5}.Release|Any CPU.ActiveCfg = Release|Any CPU
		{E4BBC94F-B837-4668-A127-E36E6DE012F5}.Release|Any CPU.Build.0 = Release|Any CPU
		{E4BBC94F-B837-4668-A127-E36E6DE012F5}.Release|Mixed Platforms.ActiveCfg = Release|Any CPU
		{E4BBC94F-B837-4668-A127-E36E6DE012F5}.Release|Mixed Platforms.Build.0 = Release|Any CPU
		{2C899579-BF78-442B-8810-8C7E7A2CA212}.Debug|.NET.ActiveCfg = Debug|Any CPU
		{2C899579-BF78-442B-8810-8C7E7A2CA212}.Debug|Any CPU.ActiveCfg = Debug|Any CPU
		{2C899579-BF78-442B-8810-8C7E7A2CA212}.Debug|Any CPU.Build.0 = Debug|Any CPU
		{2C899579-BF78-442B-8810-8C7E7A2CA212}.Debug|Mixed Platforms.ActiveCfg = Debug|Any CPU
		{2C899579-BF78-442B-8810-8C7E7A2CA212}.Debug|Mixed Platforms.Build.0 = Debug|Any CPU
		{2C899579-BF78-442B-8810-8C7E7A2CA212}.Release|.NET.ActiveCfg = Release|Any CPU
		{2C899579-BF78-442B-8810-8C7E7A2CA212}.Release|Any CPU.ActiveCfg = Release|Any CPU
		{2C899579-BF78-442B-8810-8C7E7A2CA212}.Release|Any CPU.Build.0 = Release|Any CPU
		{2C899579-BF78-442B-8810-8C7E7A2CA212}.Release|Mixed Platforms.ActiveCfg = Release|Any CPU
		{2C899579-BF78-442B-8810-8C7E7A2CA212}.Release|Mixed Platforms.Build.0 = Release|Any CPU
		{CF19E9F6-8DB1-4338-B0D7-C71DA08C5DB5}.Debug|.NET.ActiveCfg = Debug|.NET
		{CF19E9F6-8DB1-4338-B0D7-C71DA08C5DB5}.Debug|.NET.Build.0 = Debug|.NET
		{CF19E9F6-8DB1-4338-B0D7-C71DA08C5DB5}.Debug|Any CPU.ActiveCfg = Debug|.NET
		{CF19E9F6-8DB1-4338-B0D7-C71DA08C5DB5}.Debug|Mixed Platforms.ActiveCfg = Debug|.NET
		{CF19E9F6-8DB1-4338-B0D7-C71DA08C5DB5}.Debug|Mixed Platforms.Build.0 = Debug|.NET
		{CF19E9F6-8DB1-4338-B0D7-C71DA08C5DB5}.Release|.NET.ActiveCfg = Debug|.NET
		{CF19E9F6-8DB1-4338-B0D7-C71DA08C5DB5}.Release|.NET.Build.0 = Debug|.NET
		{CF19E9F6-8DB1-4338-B0D7-C71DA08C5DB5}.Release|Any CPU.ActiveCfg = Debug|.NET
		{CF19E9F6-8DB1-4338-B0D7-C71DA08C5DB5}.Release|Mixed Platforms.ActiveCfg = Debug|.NET
		{CF19E9F6-8DB1-4338-B0D7-C71DA08C5DB5}.Release|Mixed Platforms.Build.0 = Debug|.NET
		{04656394-60EA-4675-95EE-3DA6D07BAB89}.Debug|.NET.ActiveCfg = Debug|Any CPU
		{04656394-60EA-4675-95EE-3DA6D07BAB89}.Debug|Any CPU.ActiveCfg = Debug|Any CPU
		{04656394-60EA-4675-95EE-3DA6D07BAB89}.Debug|Any CPU.Build.0 = Debug|Any CPU
		{04656394-60EA-4675-95EE-3DA6D07BAB89}.Debug|Mixed Platforms.ActiveCfg = Debug|Any CPU
		{04656394-60EA-4675-95EE-3DA6D07BAB89}.Debug|Mixed Platforms.Build.0 = Debug|Any CPU
		{04656394-60EA-4675-95EE-3DA6D07BAB89}.Release|.NET.ActiveCfg = Release|Any CPU
		{04656394-60EA-4675-95EE-3DA6D07BAB89}.Release|Any CPU.ActiveCfg = Release|Any CPU
		{04656394-60EA-4675-95EE-3DA6D07BAB89}.Release|Any CPU.Build.0 = Release|Any CPU
		{04656394-60EA-4675-95EE-3DA6D07BAB89}.Release|Mixed Platforms.ActiveCfg = Release|Any CPU
		{04656394-60EA-4675-95EE-3DA6D07BAB89}.Release|Mixed Platforms.Build.0 = Release|Any CPU
	EndGlobalSection
	GlobalSection(SolutionProperties) = preSolution
		HideSolutionNode = FALSE
	EndGlobalSection
EndGlobal
