
Microsoft Visual Studio Solution File, Format Version 10.00
# Visual Studio 2008
Project("{FAE04EC0-301F-11D3-BF4B-00C04F79EFBC}") = "Kistl.Server", "Kistl.Server\Kistl.Server.csproj", "{FA2B6CCD-95CB-4927-9CB5-AFE833EB38B7}"
EndProject
Project("{FAE04EC0-301F-11D3-BF4B-00C04F79EFBC}") = "Kistl.Client", "Kistl.Client\Kistl.Client.csproj", "{A736E13F-D349-4CE5-A397-8438F58D0B9D}"
EndProject
Project("{FAE04EC0-301F-11D3-BF4B-00C04F79EFBC}") = "Kistl.API", "Kistl.API\Kistl.API.csproj", "{AD0C7B9C-3C92-4F19-BBDF-416AD4700CB9}"
EndProject
Project("{FAE04EC0-301F-11D3-BF4B-00C04F79EFBC}") = "Kistl.API.Client", "Kistl.API.Client\Kistl.API.Client.csproj", "{DD11A4F6-24C2-4935-8042-DE49CA6B32C0}"
EndProject
Project("{FAE04EC0-301F-11D3-BF4B-00C04F79EFBC}") = "Kistl.API.Server", "Kistl.API.Server\Kistl.API.Server.csproj", "{08902397-B9CA-43DA-8C8D-27DCEC097611}"
EndProject
Project("{FAE04EC0-301F-11D3-BF4B-00C04F79EFBC}") = "Kistl.Objects.Server", "Kistl.Objects.Server\Kistl.Objects.Server.csproj", "{62B9344A-87D1-4715-9ABB-EAE0ACC4F523}"
EndProject
Project("{FAE04EC0-301F-11D3-BF4B-00C04F79EFBC}") = "Kistl.Objects.Client", "Kistl.Objects.Client\Kistl.Objects.Client.csproj", "{80F37FB5-66C6-45F2-9E2A-F787B141D66C}"
EndProject
Project("{FAE04EC0-301F-11D3-BF4B-00C04F79EFBC}") = "Kistl.App.Projekte.Client", "Kistl.App.Projekte.Client\Kistl.App.Projekte.Client.csproj", "{379A67E8-388E-47B6-A591-5D4C05DAFBDB}"
EndProject
Project("{FAE04EC0-301F-11D3-BF4B-00C04F79EFBC}") = "Kistl.App.Projekte.Server", "Kistl.App.Projekte.Server\Kistl.App.Projekte.Server.csproj", "{E1275AE6-5060-4E93-88D8-BA48BA52DC7A}"
EndProject
Project("{FAE04EC0-301F-11D3-BF4B-00C04F79EFBC}") = "WPFSamplesLib", "WPFLibrary\WPFSamplesLib.csproj", "{E4BBC94F-B837-4668-A127-E36E6DE012F5}"
EndProject
Project("{FAE04EC0-301F-11D3-BF4B-00C04F79EFBC}") = "Kistl.Client.WPF", "Kistl.Client.WPF\Kistl.Client.WPF.csproj", "{2C899579-BF78-442B-8810-8C7E7A2CA212}"
EndProject
Project("{FAE04EC0-301F-11D3-BF4B-00C04F79EFBC}") = "NMock2", "Tests\NMock2\NMock2.csproj", "{CEE959FE-C3AF-4B51-8F1A-CCB32BAA1E98}"
EndProject
Project("{FAE04EC0-301F-11D3-BF4B-00C04F79EFBC}") = "NMock2.AcceptanceTests", "Tests\NMock2.AcceptanceTests\NMock2.AcceptanceTests.csproj", "{B4EED566-0F75-443F-9990-FBD7E489B9BD}"
EndProject
Project("{FAE04EC0-301F-11D3-BF4B-00C04F79EFBC}") = "NMock2.Test", "Tests\NMock2.Test\NMock2.Test.csproj", "{CC6D39F7-1387-401D-9303-088D39459F36}"
EndProject
Project("{FAE04EC0-301F-11D3-BF4B-00C04F79EFBC}") = "CompleteTests", "Tests\CompleteTests\CompleteTests.csproj", "{26C035B1-A53D-44E0-BEED-CB97EC56B38E}"
EndProject
Project("{FAE04EC0-301F-11D3-BF4B-00C04F79EFBC}") = "Kistl.API.Client.Tests", "Tests\Kistl.API.Client.Tests\Kistl.API.Client.Tests.csproj", "{382F1331-A177-4B38-A3E7-6D1B9A0F812B}"
EndProject
Project("{FAE04EC0-301F-11D3-BF4B-00C04F79EFBC}") = "Kistl.API.Server.Tests", "Tests\Kistl.API.Server.Tests\Kistl.API.Server.Tests.csproj", "{980874F0-D9C1-4EDB-8143-AD51C1E2666E}"
EndProject
Project("{FAE04EC0-301F-11D3-BF4B-00C04F79EFBC}") = "Kistl.API.Tests", "Tests\Kistl.API.Tests\Kistl.API.Tests.csproj", "{171546DC-5AFF-43BF-B8E6-EA6AC96C9C61}"
EndProject
Project("{FAE04EC0-301F-11D3-BF4B-00C04F79EFBC}") = "Kistl.Client.Tests", "Tests\Kistl.Client.Tests\Kistl.Client.Tests.csproj", "{DB3D33DD-F5A0-4589-9033-D1193909EE97}"
EndProject
Project("{FAE04EC0-301F-11D3-BF4B-00C04F79EFBC}") = "Kistl.IntegrationTests", "Tests\Kistl.IntegrationTests\Kistl.IntegrationTests.csproj", "{12B58C14-4FE7-4FF6-A03A-5A220571FD5C}"
EndProject
Project("{E24C65DC-7377-472B-9ABA-BC803B73C61A}") = "Kistl.Client.ASPNET", "Kistl.Client.ASPNET\", "{CBE35A83-01BB-4F10-93E3-241784A22620}"
	ProjectSection(WebsiteProperties) = preProject
		TargetFramework = "3.5"
		ProjectReferences = "{AD0C7B9C-3C92-4F19-BBDF-416AD4700CB9}|Kistl.API.dll;{DD11A4F6-24C2-4935-8042-DE49CA6B32C0}|Kistl.API.Client.dll;{A736E13F-D349-4CE5-A397-8438F58D0B9D}|Kistl.Client.dll;{04656394-60EA-4675-95EE-3DA6D07BAB89}|Kistl.Client.ASPNET.Toolkit.dll;{80F37FB5-66C6-45F2-9E2A-F787B141D66C}|Kistl.Objects.Client.dll;{0C9E6E69-309F-46F7-A936-D5762229DEB9}|Kistl.Objects.dll;"
		Debug.AspNetCompiler.VirtualPath = "/Kistl.Client.ASPNET"
		Debug.AspNetCompiler.PhysicalPath = "Kistl.Client.ASPNET\"
		Debug.AspNetCompiler.TargetPath = "PrecompiledWeb\Kistl.Client.ASPNET\"
		Debug.AspNetCompiler.Updateable = "true"
		Debug.AspNetCompiler.ForceOverwrite = "true"
		Debug.AspNetCompiler.FixedNames = "false"
		Debug.AspNetCompiler.Debug = "True"
		Release.AspNetCompiler.VirtualPath = "/Kistl.Client.ASPNET"
		Release.AspNetCompiler.PhysicalPath = "Kistl.Client.ASPNET\"
		Release.AspNetCompiler.TargetPath = "PrecompiledWeb\Kistl.Client.ASPNET\"
		Release.AspNetCompiler.Updateable = "true"
		Release.AspNetCompiler.ForceOverwrite = "true"
		Release.AspNetCompiler.FixedNames = "false"
		Release.AspNetCompiler.Debug = "False"
		VWDPort = "62056"
	EndProjectSection
EndProject
Project("{FAE04EC0-301F-11D3-BF4B-00C04F79EFBC}") = "Kistl.Client.ASPNET.Toolkit", "Kistl.Client.ASPNET.Toolkit\Kistl.Client.ASPNET.Toolkit.csproj", "{04656394-60EA-4675-95EE-3DA6D07BAB89}"
EndProject
Project("{2150E333-8FDC-42A3-9474-1A3956D46DE8}") = "Tests", "Tests", "{ACC74A05-6833-4897-B739-8D5E82E846C2}"
EndProject
Project("{2150E333-8FDC-42A3-9474-1A3956D46DE8}") = "NMock2.Ext", "NMock2.Ext", "{E871F8D0-AEC7-4906-A151-D27E80934E3A}"
EndProject
Project("{2150E333-8FDC-42A3-9474-1A3956D46DE8}") = "ASP.NET", "ASP.NET", "{ACDAC04D-0C0C-4FDF-BF8A-DDB0205C7A51}"
EndProject
Project("{2150E333-8FDC-42A3-9474-1A3956D46DE8}") = "WPF", "WPF", "{9B65F71F-98A5-4744-B45F-9C5D99F99D23}"
EndProject
Project("{2150E333-8FDC-42A3-9474-1A3956D46DE8}") = "Kistl.Objects", "Kistl.Objects", "{70BC8B82-94AE-4823-85FF-B3FEDFD60F32}"
EndProject
Project("{FAE04EC0-301F-11D3-BF4B-00C04F79EFBC}") = "Kistl.Objects", "Kistl.Objects\Kistl.Objects.csproj", "{0C9E6E69-309F-46F7-A936-D5762229DEB9}"
EndProject
Project("{FAE04EC0-301F-11D3-BF4B-00C04F79EFBC}") = "Kistl.DALProvider.EF", "Kistl.DALProvider.EF\Kistl.DALProvider.EF.csproj", "{52EC8DFB-9C75-4FDB-9EE1-E78847F7F711}"
EndProject
Global
	GlobalSection(SolutionConfigurationPlatforms) = preSolution
		Debug|.NET = Debug|.NET
		Debug|Any CPU = Debug|Any CPU
		Debug|Mixed Platforms = Debug|Mixed Platforms
		Release|.NET = Release|.NET
		Release|Any CPU = Release|Any CPU
		Release|Mixed Platforms = Release|Mixed Platforms
	EndGlobalSection
	GlobalSection(ProjectConfigurationPlatforms) = postSolution
		{FA2B6CCD-95CB-4927-9CB5-AFE833EB38B7}.Debug|.NET.ActiveCfg = Debug|Any CPU
		{FA2B6CCD-95CB-4927-9CB5-AFE833EB38B7}.Debug|Any CPU.ActiveCfg = Debug|Any CPU
		{FA2B6CCD-95CB-4927-9CB5-AFE833EB38B7}.Debug|Any CPU.Build.0 = Debug|Any CPU
		{FA2B6CCD-95CB-4927-9CB5-AFE833EB38B7}.Debug|Mixed Platforms.ActiveCfg = Debug|Any CPU
		{FA2B6CCD-95CB-4927-9CB5-AFE833EB38B7}.Debug|Mixed Platforms.Build.0 = Debug|Any CPU
		{FA2B6CCD-95CB-4927-9CB5-AFE833EB38B7}.Release|.NET.ActiveCfg = Release|Any CPU
		{FA2B6CCD-95CB-4927-9CB5-AFE833EB38B7}.Release|Any CPU.ActiveCfg = Release|Any CPU
		{FA2B6CCD-95CB-4927-9CB5-AFE833EB38B7}.Release|Any CPU.Build.0 = Release|Any CPU
		{FA2B6CCD-95CB-4927-9CB5-AFE833EB38B7}.Release|Mixed Platforms.ActiveCfg = Release|Any CPU
		{FA2B6CCD-95CB-4927-9CB5-AFE833EB38B7}.Release|Mixed Platforms.Build.0 = Release|Any CPU
		{A736E13F-D349-4CE5-A397-8438F58D0B9D}.Debug|.NET.ActiveCfg = Debug|Any CPU
		{A736E13F-D349-4CE5-A397-8438F58D0B9D}.Debug|Any CPU.ActiveCfg = Debug|Any CPU
		{A736E13F-D349-4CE5-A397-8438F58D0B9D}.Debug|Any CPU.Build.0 = Debug|Any CPU
		{A736E13F-D349-4CE5-A397-8438F58D0B9D}.Debug|Mixed Platforms.ActiveCfg = Debug|Any CPU
		{A736E13F-D349-4CE5-A397-8438F58D0B9D}.Debug|Mixed Platforms.Build.0 = Debug|Any CPU
		{A736E13F-D349-4CE5-A397-8438F58D0B9D}.Release|.NET.ActiveCfg = Release|Any CPU
		{A736E13F-D349-4CE5-A397-8438F58D0B9D}.Release|Any CPU.ActiveCfg = Release|Any CPU
		{A736E13F-D349-4CE5-A397-8438F58D0B9D}.Release|Any CPU.Build.0 = Release|Any CPU
		{A736E13F-D349-4CE5-A397-8438F58D0B9D}.Release|Mixed Platforms.ActiveCfg = Release|Any CPU
		{A736E13F-D349-4CE5-A397-8438F58D0B9D}.Release|Mixed Platforms.Build.0 = Release|Any CPU
		{AD0C7B9C-3C92-4F19-BBDF-416AD4700CB9}.Debug|.NET.ActiveCfg = Debug|Any CPU
		{AD0C7B9C-3C92-4F19-BBDF-416AD4700CB9}.Debug|Any CPU.ActiveCfg = Debug|Any CPU
		{AD0C7B9C-3C92-4F19-BBDF-416AD4700CB9}.Debug|Any CPU.Build.0 = Debug|Any CPU
		{AD0C7B9C-3C92-4F19-BBDF-416AD4700CB9}.Debug|Mixed Platforms.ActiveCfg = Debug|Any CPU
		{AD0C7B9C-3C92-4F19-BBDF-416AD4700CB9}.Debug|Mixed Platforms.Build.0 = Debug|Any CPU
		{AD0C7B9C-3C92-4F19-BBDF-416AD4700CB9}.Release|.NET.ActiveCfg = Release|Any CPU
		{AD0C7B9C-3C92-4F19-BBDF-416AD4700CB9}.Release|Any CPU.ActiveCfg = Release|Any CPU
		{AD0C7B9C-3C92-4F19-BBDF-416AD4700CB9}.Release|Any CPU.Build.0 = Release|Any CPU
		{AD0C7B9C-3C92-4F19-BBDF-416AD4700CB9}.Release|Mixed Platforms.ActiveCfg = Release|Any CPU
		{AD0C7B9C-3C92-4F19-BBDF-416AD4700CB9}.Release|Mixed Platforms.Build.0 = Release|Any CPU
		{DD11A4F6-24C2-4935-8042-DE49CA6B32C0}.Debug|.NET.ActiveCfg = Debug|Any CPU
		{DD11A4F6-24C2-4935-8042-DE49CA6B32C0}.Debug|Any CPU.ActiveCfg = Debug|Any CPU
		{DD11A4F6-24C2-4935-8042-DE49CA6B32C0}.Debug|Any CPU.Build.0 = Debug|Any CPU
		{DD11A4F6-24C2-4935-8042-DE49CA6B32C0}.Debug|Mixed Platforms.ActiveCfg = Debug|Any CPU
		{DD11A4F6-24C2-4935-8042-DE49CA6B32C0}.Debug|Mixed Platforms.Build.0 = Debug|Any CPU
		{DD11A4F6-24C2-4935-8042-DE49CA6B32C0}.Release|.NET.ActiveCfg = Release|Any CPU
		{DD11A4F6-24C2-4935-8042-DE49CA6B32C0}.Release|Any CPU.ActiveCfg = Release|Any CPU
		{DD11A4F6-24C2-4935-8042-DE49CA6B32C0}.Release|Any CPU.Build.0 = Release|Any CPU
		{DD11A4F6-24C2-4935-8042-DE49CA6B32C0}.Release|Mixed Platforms.ActiveCfg = Release|Any CPU
		{DD11A4F6-24C2-4935-8042-DE49CA6B32C0}.Release|Mixed Platforms.Build.0 = Release|Any CPU
		{08902397-B9CA-43DA-8C8D-27DCEC097611}.Debug|.NET.ActiveCfg = Debug|Any CPU
		{08902397-B9CA-43DA-8C8D-27DCEC097611}.Debug|Any CPU.ActiveCfg = Debug|Any CPU
		{08902397-B9CA-43DA-8C8D-27DCEC097611}.Debug|Any CPU.Build.0 = Debug|Any CPU
		{08902397-B9CA-43DA-8C8D-27DCEC097611}.Debug|Mixed Platforms.ActiveCfg = Debug|Any CPU
		{08902397-B9CA-43DA-8C8D-27DCEC097611}.Debug|Mixed Platforms.Build.0 = Debug|Any CPU
		{08902397-B9CA-43DA-8C8D-27DCEC097611}.Release|.NET.ActiveCfg = Release|Any CPU
		{08902397-B9CA-43DA-8C8D-27DCEC097611}.Release|Any CPU.ActiveCfg = Release|Any CPU
		{08902397-B9CA-43DA-8C8D-27DCEC097611}.Release|Any CPU.Build.0 = Release|Any CPU
		{08902397-B9CA-43DA-8C8D-27DCEC097611}.Release|Mixed Platforms.ActiveCfg = Release|Any CPU
		{08902397-B9CA-43DA-8C8D-27DCEC097611}.Release|Mixed Platforms.Build.0 = Release|Any CPU
		{62B9344A-87D1-4715-9ABB-EAE0ACC4F523}.Debug|.NET.ActiveCfg = Debug|Any CPU
		{62B9344A-87D1-4715-9ABB-EAE0ACC4F523}.Debug|Any CPU.ActiveCfg = Debug|Any CPU
		{62B9344A-87D1-4715-9ABB-EAE0ACC4F523}.Debug|Any CPU.Build.0 = Debug|Any CPU
		{62B9344A-87D1-4715-9ABB-EAE0ACC4F523}.Debug|Mixed Platforms.ActiveCfg = Debug|Any CPU
		{62B9344A-87D1-4715-9ABB-EAE0ACC4F523}.Debug|Mixed Platforms.Build.0 = Debug|Any CPU
		{62B9344A-87D1-4715-9ABB-EAE0ACC4F523}.Release|.NET.ActiveCfg = Release|Any CPU
		{62B9344A-87D1-4715-9ABB-EAE0ACC4F523}.Release|Any CPU.ActiveCfg = Release|Any CPU
		{62B9344A-87D1-4715-9ABB-EAE0ACC4F523}.Release|Any CPU.Build.0 = Release|Any CPU
		{62B9344A-87D1-4715-9ABB-EAE0ACC4F523}.Release|Mixed Platforms.ActiveCfg = Release|Any CPU
		{62B9344A-87D1-4715-9ABB-EAE0ACC4F523}.Release|Mixed Platforms.Build.0 = Release|Any CPU
		{80F37FB5-66C6-45F2-9E2A-F787B141D66C}.Debug|.NET.ActiveCfg = Debug|Any CPU
		{80F37FB5-66C6-45F2-9E2A-F787B141D66C}.Debug|Any CPU.ActiveCfg = Debug|Any CPU
		{80F37FB5-66C6-45F2-9E2A-F787B141D66C}.Debug|Any CPU.Build.0 = Debug|Any CPU
		{80F37FB5-66C6-45F2-9E2A-F787B141D66C}.Debug|Mixed Platforms.ActiveCfg = Debug|Any CPU
		{80F37FB5-66C6-45F2-9E2A-F787B141D66C}.Debug|Mixed Platforms.Build.0 = Debug|Any CPU
		{80F37FB5-66C6-45F2-9E2A-F787B141D66C}.Release|.NET.ActiveCfg = Release|Any CPU
		{80F37FB5-66C6-45F2-9E2A-F787B141D66C}.Release|Any CPU.ActiveCfg = Release|Any CPU
		{80F37FB5-66C6-45F2-9E2A-F787B141D66C}.Release|Any CPU.Build.0 = Release|Any CPU
		{80F37FB5-66C6-45F2-9E2A-F787B141D66C}.Release|Mixed Platforms.ActiveCfg = Release|Any CPU
		{80F37FB5-66C6-45F2-9E2A-F787B141D66C}.Release|Mixed Platforms.Build.0 = Release|Any CPU
		{379A67E8-388E-47B6-A591-5D4C05DAFBDB}.Debug|.NET.ActiveCfg = Debug|Any CPU
		{379A67E8-388E-47B6-A591-5D4C05DAFBDB}.Debug|Any CPU.ActiveCfg = Debug|Any CPU
		{379A67E8-388E-47B6-A591-5D4C05DAFBDB}.Debug|Any CPU.Build.0 = Debug|Any CPU
		{379A67E8-388E-47B6-A591-5D4C05DAFBDB}.Debug|Mixed Platforms.ActiveCfg = Debug|Any CPU
		{379A67E8-388E-47B6-A591-5D4C05DAFBDB}.Debug|Mixed Platforms.Build.0 = Debug|Any CPU
		{379A67E8-388E-47B6-A591-5D4C05DAFBDB}.Release|.NET.ActiveCfg = Release|Any CPU
		{379A67E8-388E-47B6-A591-5D4C05DAFBDB}.Release|Any CPU.ActiveCfg = Release|Any CPU
		{379A67E8-388E-47B6-A591-5D4C05DAFBDB}.Release|Any CPU.Build.0 = Release|Any CPU
		{379A67E8-388E-47B6-A591-5D4C05DAFBDB}.Release|Mixed Platforms.ActiveCfg = Release|Any CPU
		{379A67E8-388E-47B6-A591-5D4C05DAFBDB}.Release|Mixed Platforms.Build.0 = Release|Any CPU
		{E1275AE6-5060-4E93-88D8-BA48BA52DC7A}.Debug|.NET.ActiveCfg = Debug|Any CPU
		{E1275AE6-5060-4E93-88D8-BA48BA52DC7A}.Debug|Any CPU.ActiveCfg = Debug|Any CPU
		{E1275AE6-5060-4E93-88D8-BA48BA52DC7A}.Debug|Any CPU.Build.0 = Debug|Any CPU
		{E1275AE6-5060-4E93-88D8-BA48BA52DC7A}.Debug|Mixed Platforms.ActiveCfg = Debug|Any CPU
		{E1275AE6-5060-4E93-88D8-BA48BA52DC7A}.Debug|Mixed Platforms.Build.0 = Debug|Any CPU
		{E1275AE6-5060-4E93-88D8-BA48BA52DC7A}.Release|.NET.ActiveCfg = Release|Any CPU
		{E1275AE6-5060-4E93-88D8-BA48BA52DC7A}.Release|Any CPU.ActiveCfg = Release|Any CPU
		{E1275AE6-5060-4E93-88D8-BA48BA52DC7A}.Release|Any CPU.Build.0 = Release|Any CPU
		{E1275AE6-5060-4E93-88D8-BA48BA52DC7A}.Release|Mixed Platforms.ActiveCfg = Release|Any CPU
		{E1275AE6-5060-4E93-88D8-BA48BA52DC7A}.Release|Mixed Platforms.Build.0 = Release|Any CPU
		{E4BBC94F-B837-4668-A127-E36E6DE012F5}.Debug|.NET.ActiveCfg = Debug|Any CPU
		{E4BBC94F-B837-4668-A127-E36E6DE012F5}.Debug|Any CPU.ActiveCfg = Debug|Any CPU
		{E4BBC94F-B837-4668-A127-E36E6DE012F5}.Debug|Any CPU.Build.0 = Debug|Any CPU
		{E4BBC94F-B837-4668-A127-E36E6DE012F5}.Debug|Mixed Platforms.ActiveCfg = Debug|Any CPU
		{E4BBC94F-B837-4668-A127-E36E6DE012F5}.Debug|Mixed Platforms.Build.0 = Debug|Any CPU
		{E4BBC94F-B837-4668-A127-E36E6DE012F5}.Release|.NET.ActiveCfg = Release|Any CPU
		{E4BBC94F-B837-4668-A127-E36E6DE012F5}.Release|Any CPU.ActiveCfg = Release|Any CPU
		{E4BBC94F-B837-4668-A127-E36E6DE012F5}.Release|Any CPU.Build.0 = Release|Any CPU
		{E4BBC94F-B837-4668-A127-E36E6DE012F5}.Release|Mixed Platforms.ActiveCfg = Release|Any CPU
		{E4BBC94F-B837-4668-A127-E36E6DE012F5}.Release|Mixed Platforms.Build.0 = Release|Any CPU
		{2C899579-BF78-442B-8810-8C7E7A2CA212}.Debug|.NET.ActiveCfg = Debug|Any CPU
		{2C899579-BF78-442B-8810-8C7E7A2CA212}.Debug|Any CPU.ActiveCfg = Debug|Any CPU
		{2C899579-BF78-442B-8810-8C7E7A2CA212}.Debug|Any CPU.Build.0 = Debug|Any CPU
		{2C899579-BF78-442B-8810-8C7E7A2CA212}.Debug|Mixed Platforms.ActiveCfg = Debug|Any CPU
		{2C899579-BF78-442B-8810-8C7E7A2CA212}.Debug|Mixed Platforms.Build.0 = Debug|Any CPU
		{2C899579-BF78-442B-8810-8C7E7A2CA212}.Release|.NET.ActiveCfg = Release|Any CPU
		{2C899579-BF78-442B-8810-8C7E7A2CA212}.Release|Any CPU.ActiveCfg = Release|Any CPU
		{2C899579-BF78-442B-8810-8C7E7A2CA212}.Release|Any CPU.Build.0 = Release|Any CPU
		{2C899579-BF78-442B-8810-8C7E7A2CA212}.Release|Mixed Platforms.ActiveCfg = Release|Any CPU
		{2C899579-BF78-442B-8810-8C7E7A2CA212}.Release|Mixed Platforms.Build.0 = Release|Any CPU
		{CEE959FE-C3AF-4B51-8F1A-CCB32BAA1E98}.Debug|.NET.ActiveCfg = Debug|Any CPU
		{CEE959FE-C3AF-4B51-8F1A-CCB32BAA1E98}.Debug|Any CPU.ActiveCfg = Debug|Any CPU
		{CEE959FE-C3AF-4B51-8F1A-CCB32BAA1E98}.Debug|Any CPU.Build.0 = Debug|Any CPU
		{CEE959FE-C3AF-4B51-8F1A-CCB32BAA1E98}.Debug|Mixed Platforms.ActiveCfg = Debug|Any CPU
		{CEE959FE-C3AF-4B51-8F1A-CCB32BAA1E98}.Debug|Mixed Platforms.Build.0 = Debug|Any CPU
		{CEE959FE-C3AF-4B51-8F1A-CCB32BAA1E98}.Release|.NET.ActiveCfg = Release|Any CPU
		{CEE959FE-C3AF-4B51-8F1A-CCB32BAA1E98}.Release|Any CPU.ActiveCfg = Release|Any CPU
		{CEE959FE-C3AF-4B51-8F1A-CCB32BAA1E98}.Release|Any CPU.Build.0 = Release|Any CPU
		{CEE959FE-C3AF-4B51-8F1A-CCB32BAA1E98}.Release|Mixed Platforms.ActiveCfg = Release|Any CPU
		{CEE959FE-C3AF-4B51-8F1A-CCB32BAA1E98}.Release|Mixed Platforms.Build.0 = Release|Any CPU
		{B4EED566-0F75-443F-9990-FBD7E489B9BD}.Debug|.NET.ActiveCfg = Debug|Any CPU
		{B4EED566-0F75-443F-9990-FBD7E489B9BD}.Debug|Any CPU.ActiveCfg = Debug|Any CPU
		{B4EED566-0F75-443F-9990-FBD7E489B9BD}.Debug|Any CPU.Build.0 = Debug|Any CPU
		{B4EED566-0F75-443F-9990-FBD7E489B9BD}.Debug|Mixed Platforms.ActiveCfg = Debug|Any CPU
		{B4EED566-0F75-443F-9990-FBD7E489B9BD}.Debug|Mixed Platforms.Build.0 = Debug|Any CPU
		{B4EED566-0F75-443F-9990-FBD7E489B9BD}.Release|.NET.ActiveCfg = Release|Any CPU
		{B4EED566-0F75-443F-9990-FBD7E489B9BD}.Release|Any CPU.ActiveCfg = Release|Any CPU
		{B4EED566-0F75-443F-9990-FBD7E489B9BD}.Release|Any CPU.Build.0 = Release|Any CPU
		{B4EED566-0F75-443F-9990-FBD7E489B9BD}.Release|Mixed Platforms.ActiveCfg = Release|Any CPU
		{B4EED566-0F75-443F-9990-FBD7E489B9BD}.Release|Mixed Platforms.Build.0 = Release|Any CPU
		{CC6D39F7-1387-401D-9303-088D39459F36}.Debug|.NET.ActiveCfg = Debug|Any CPU
		{CC6D39F7-1387-401D-9303-088D39459F36}.Debug|Any CPU.ActiveCfg = Debug|Any CPU
		{CC6D39F7-1387-401D-9303-088D39459F36}.Debug|Any CPU.Build.0 = Debug|Any CPU
		{CC6D39F7-1387-401D-9303-088D39459F36}.Debug|Mixed Platforms.ActiveCfg = Debug|Any CPU
		{CC6D39F7-1387-401D-9303-088D39459F36}.Debug|Mixed Platforms.Build.0 = Debug|Any CPU
		{CC6D39F7-1387-401D-9303-088D39459F36}.Release|.NET.ActiveCfg = Release|Any CPU
		{CC6D39F7-1387-401D-9303-088D39459F36}.Release|Any CPU.ActiveCfg = Release|Any CPU
		{CC6D39F7-1387-401D-9303-088D39459F36}.Release|Any CPU.Build.0 = Release|Any CPU
		{CC6D39F7-1387-401D-9303-088D39459F36}.Release|Mixed Platforms.ActiveCfg = Release|Any CPU
		{CC6D39F7-1387-401D-9303-088D39459F36}.Release|Mixed Platforms.Build.0 = Release|Any CPU
		{26C035B1-A53D-44E0-BEED-CB97EC56B38E}.Debug|.NET.ActiveCfg = Debug|Any CPU
		{26C035B1-A53D-44E0-BEED-CB97EC56B38E}.Debug|Any CPU.ActiveCfg = Debug|Any CPU
		{26C035B1-A53D-44E0-BEED-CB97EC56B38E}.Debug|Any CPU.Build.0 = Debug|Any CPU
		{26C035B1-A53D-44E0-BEED-CB97EC56B38E}.Debug|Mixed Platforms.ActiveCfg = Debug|Any CPU
		{26C035B1-A53D-44E0-BEED-CB97EC56B38E}.Debug|Mixed Platforms.Build.0 = Debug|Any CPU
		{26C035B1-A53D-44E0-BEED-CB97EC56B38E}.Release|.NET.ActiveCfg = Release|Any CPU
		{26C035B1-A53D-44E0-BEED-CB97EC56B38E}.Release|Any CPU.ActiveCfg = Release|Any CPU
		{26C035B1-A53D-44E0-BEED-CB97EC56B38E}.Release|Any CPU.Build.0 = Release|Any CPU
		{26C035B1-A53D-44E0-BEED-CB97EC56B38E}.Release|Mixed Platforms.ActiveCfg = Release|Any CPU
		{26C035B1-A53D-44E0-BEED-CB97EC56B38E}.Release|Mixed Platforms.Build.0 = Release|Any CPU
		{382F1331-A177-4B38-A3E7-6D1B9A0F812B}.Debug|.NET.ActiveCfg = Debug|Any CPU
		{382F1331-A177-4B38-A3E7-6D1B9A0F812B}.Debug|Any CPU.ActiveCfg = Debug|Any CPU
		{382F1331-A177-4B38-A3E7-6D1B9A0F812B}.Debug|Any CPU.Build.0 = Debug|Any CPU
		{382F1331-A177-4B38-A3E7-6D1B9A0F812B}.Debug|Mixed Platforms.ActiveCfg = Debug|Any CPU
		{382F1331-A177-4B38-A3E7-6D1B9A0F812B}.Debug|Mixed Platforms.Build.0 = Debug|Any CPU
		{382F1331-A177-4B38-A3E7-6D1B9A0F812B}.Release|.NET.ActiveCfg = Release|Any CPU
		{382F1331-A177-4B38-A3E7-6D1B9A0F812B}.Release|Any CPU.ActiveCfg = Release|Any CPU
		{382F1331-A177-4B38-A3E7-6D1B9A0F812B}.Release|Any CPU.Build.0 = Release|Any CPU
		{382F1331-A177-4B38-A3E7-6D1B9A0F812B}.Release|Mixed Platforms.ActiveCfg = Release|Any CPU
		{382F1331-A177-4B38-A3E7-6D1B9A0F812B}.Release|Mixed Platforms.Build.0 = Release|Any CPU
		{980874F0-D9C1-4EDB-8143-AD51C1E2666E}.Debug|.NET.ActiveCfg = Debug|Any CPU
		{980874F0-D9C1-4EDB-8143-AD51C1E2666E}.Debug|Any CPU.ActiveCfg = Debug|Any CPU
		{980874F0-D9C1-4EDB-8143-AD51C1E2666E}.Debug|Any CPU.Build.0 = Debug|Any CPU
		{980874F0-D9C1-4EDB-8143-AD51C1E2666E}.Debug|Mixed Platforms.ActiveCfg = Debug|Any CPU
		{980874F0-D9C1-4EDB-8143-AD51C1E2666E}.Debug|Mixed Platforms.Build.0 = Debug|Any CPU
		{980874F0-D9C1-4EDB-8143-AD51C1E2666E}.Release|.NET.ActiveCfg = Release|Any CPU
		{980874F0-D9C1-4EDB-8143-AD51C1E2666E}.Release|Any CPU.ActiveCfg = Release|Any CPU
		{980874F0-D9C1-4EDB-8143-AD51C1E2666E}.Release|Any CPU.Build.0 = Release|Any CPU
		{980874F0-D9C1-4EDB-8143-AD51C1E2666E}.Release|Mixed Platforms.ActiveCfg = Release|Any CPU
		{980874F0-D9C1-4EDB-8143-AD51C1E2666E}.Release|Mixed Platforms.Build.0 = Release|Any CPU
		{171546DC-5AFF-43BF-B8E6-EA6AC96C9C61}.Debug|.NET.ActiveCfg = Debug|Any CPU
		{171546DC-5AFF-43BF-B8E6-EA6AC96C9C61}.Debug|Any CPU.ActiveCfg = Debug|Any CPU
		{171546DC-5AFF-43BF-B8E6-EA6AC96C9C61}.Debug|Any CPU.Build.0 = Debug|Any CPU
		{171546DC-5AFF-43BF-B8E6-EA6AC96C9C61}.Debug|Mixed Platforms.ActiveCfg = Debug|Any CPU
		{171546DC-5AFF-43BF-B8E6-EA6AC96C9C61}.Debug|Mixed Platforms.Build.0 = Debug|Any CPU
		{171546DC-5AFF-43BF-B8E6-EA6AC96C9C61}.Release|.NET.ActiveCfg = Release|Any CPU
		{171546DC-5AFF-43BF-B8E6-EA6AC96C9C61}.Release|Any CPU.ActiveCfg = Release|Any CPU
		{171546DC-5AFF-43BF-B8E6-EA6AC96C9C61}.Release|Any CPU.Build.0 = Release|Any CPU
		{171546DC-5AFF-43BF-B8E6-EA6AC96C9C61}.Release|Mixed Platforms.ActiveCfg = Release|Any CPU
		{171546DC-5AFF-43BF-B8E6-EA6AC96C9C61}.Release|Mixed Platforms.Build.0 = Release|Any CPU
		{DB3D33DD-F5A0-4589-9033-D1193909EE97}.Debug|.NET.ActiveCfg = Debug|Any CPU
		{DB3D33DD-F5A0-4589-9033-D1193909EE97}.Debug|Any CPU.ActiveCfg = Debug|Any CPU
		{DB3D33DD-F5A0-4589-9033-D1193909EE97}.Debug|Any CPU.Build.0 = Debug|Any CPU
		{DB3D33DD-F5A0-4589-9033-D1193909EE97}.Debug|Mixed Platforms.ActiveCfg = Debug|Any CPU
		{DB3D33DD-F5A0-4589-9033-D1193909EE97}.Release|.NET.ActiveCfg = Release|Any CPU
		{DB3D33DD-F5A0-4589-9033-D1193909EE97}.Release|Any CPU.ActiveCfg = Release|Any CPU
		{DB3D33DD-F5A0-4589-9033-D1193909EE97}.Release|Any CPU.Build.0 = Release|Any CPU
		{DB3D33DD-F5A0-4589-9033-D1193909EE97}.Release|Mixed Platforms.ActiveCfg = Release|Any CPU
		{DB3D33DD-F5A0-4589-9033-D1193909EE97}.Release|Mixed Platforms.Build.0 = Release|Any CPU
		{12B58C14-4FE7-4FF6-A03A-5A220571FD5C}.Debug|.NET.ActiveCfg = Debug|Any CPU
		{12B58C14-4FE7-4FF6-A03A-5A220571FD5C}.Debug|Any CPU.ActiveCfg = Debug|Any CPU
		{12B58C14-4FE7-4FF6-A03A-5A220571FD5C}.Debug|Any CPU.Build.0 = Debug|Any CPU
		{12B58C14-4FE7-4FF6-A03A-5A220571FD5C}.Debug|Mixed Platforms.ActiveCfg = Debug|Any CPU
		{12B58C14-4FE7-4FF6-A03A-5A220571FD5C}.Debug|Mixed Platforms.Build.0 = Debug|Any CPU
		{12B58C14-4FE7-4FF6-A03A-5A220571FD5C}.Release|.NET.ActiveCfg = Release|Any CPU
		{12B58C14-4FE7-4FF6-A03A-5A220571FD5C}.Release|Any CPU.ActiveCfg = Release|Any CPU
		{12B58C14-4FE7-4FF6-A03A-5A220571FD5C}.Release|Any CPU.Build.0 = Release|Any CPU
		{12B58C14-4FE7-4FF6-A03A-5A220571FD5C}.Release|Mixed Platforms.ActiveCfg = Release|Any CPU
		{12B58C14-4FE7-4FF6-A03A-5A220571FD5C}.Release|Mixed Platforms.Build.0 = Release|Any CPU
		{CBE35A83-01BB-4F10-93E3-241784A22620}.Debug|.NET.ActiveCfg = Debug|Any CPU
		{CBE35A83-01BB-4F10-93E3-241784A22620}.Debug|Any CPU.ActiveCfg = Debug|Any CPU
		{CBE35A83-01BB-4F10-93E3-241784A22620}.Debug|Any CPU.Build.0 = Debug|Any CPU
		{CBE35A83-01BB-4F10-93E3-241784A22620}.Debug|Mixed Platforms.ActiveCfg = Debug|Any CPU
		{CBE35A83-01BB-4F10-93E3-241784A22620}.Debug|Mixed Platforms.Build.0 = Debug|Any CPU
		{CBE35A83-01BB-4F10-93E3-241784A22620}.Release|.NET.ActiveCfg = Debug|Any CPU
		{CBE35A83-01BB-4F10-93E3-241784A22620}.Release|Any CPU.ActiveCfg = Debug|Any CPU
		{CBE35A83-01BB-4F10-93E3-241784A22620}.Release|Any CPU.Build.0 = Debug|Any CPU
		{CBE35A83-01BB-4F10-93E3-241784A22620}.Release|Mixed Platforms.ActiveCfg = Debug|Any CPU
		{CBE35A83-01BB-4F10-93E3-241784A22620}.Release|Mixed Platforms.Build.0 = Debug|Any CPU
		{04656394-60EA-4675-95EE-3DA6D07BAB89}.Debug|.NET.ActiveCfg = Debug|Any CPU
		{04656394-60EA-4675-95EE-3DA6D07BAB89}.Debug|Any CPU.ActiveCfg = Debug|Any CPU
		{04656394-60EA-4675-95EE-3DA6D07BAB89}.Debug|Any CPU.Build.0 = Debug|Any CPU
		{04656394-60EA-4675-95EE-3DA6D07BAB89}.Debug|Mixed Platforms.ActiveCfg = Debug|Any CPU
		{04656394-60EA-4675-95EE-3DA6D07BAB89}.Debug|Mixed Platforms.Build.0 = Debug|Any CPU
		{04656394-60EA-4675-95EE-3DA6D07BAB89}.Release|.NET.ActiveCfg = Release|Any CPU
		{04656394-60EA-4675-95EE-3DA6D07BAB89}.Release|Any CPU.ActiveCfg = Release|Any CPU
		{04656394-60EA-4675-95EE-3DA6D07BAB89}.Release|Any CPU.Build.0 = Release|Any CPU
		{04656394-60EA-4675-95EE-3DA6D07BAB89}.Release|Mixed Platforms.ActiveCfg = Release|Any CPU
		{04656394-60EA-4675-95EE-3DA6D07BAB89}.Release|Mixed Platforms.Build.0 = Release|Any CPU
		{0C9E6E69-309F-46F7-A936-D5762229DEB9}.Debug|.NET.ActiveCfg = Debug|Any CPU
		{0C9E6E69-309F-46F7-A936-D5762229DEB9}.Debug|Any CPU.ActiveCfg = Debug|Any CPU
		{0C9E6E69-309F-46F7-A936-D5762229DEB9}.Debug|Any CPU.Build.0 = Debug|Any CPU
		{0C9E6E69-309F-46F7-A936-D5762229DEB9}.Debug|Mixed Platforms.ActiveCfg = Debug|Any CPU
		{0C9E6E69-309F-46F7-A936-D5762229DEB9}.Debug|Mixed Platforms.Build.0 = Debug|Any CPU
		{0C9E6E69-309F-46F7-A936-D5762229DEB9}.Release|.NET.ActiveCfg = Release|Any CPU
		{0C9E6E69-309F-46F7-A936-D5762229DEB9}.Release|Any CPU.ActiveCfg = Release|Any CPU
		{0C9E6E69-309F-46F7-A936-D5762229DEB9}.Release|Any CPU.Build.0 = Release|Any CPU
		{0C9E6E69-309F-46F7-A936-D5762229DEB9}.Release|Mixed Platforms.ActiveCfg = Release|Any CPU
		{0C9E6E69-309F-46F7-A936-D5762229DEB9}.Release|Mixed Platforms.Build.0 = Release|Any CPU
		{52EC8DFB-9C75-4FDB-9EE1-E78847F7F711}.Debug|.NET.ActiveCfg = Debug|Any CPU
		{52EC8DFB-9C75-4FDB-9EE1-E78847F7F711}.Debug|Any CPU.ActiveCfg = Debug|Any CPU
		{52EC8DFB-9C75-4FDB-9EE1-E78847F7F711}.Debug|Any CPU.Build.0 = Debug|Any CPU
		{52EC8DFB-9C75-4FDB-9EE1-E78847F7F711}.Debug|Mixed Platforms.ActiveCfg = Debug|Any CPU
		{52EC8DFB-9C75-4FDB-9EE1-E78847F7F711}.Debug|Mixed Platforms.Build.0 = Debug|Any CPU
		{52EC8DFB-9C75-4FDB-9EE1-E78847F7F711}.Release|.NET.ActiveCfg = Release|Any CPU
		{52EC8DFB-9C75-4FDB-9EE1-E78847F7F711}.Release|Any CPU.ActiveCfg = Release|Any CPU
		{52EC8DFB-9C75-4FDB-9EE1-E78847F7F711}.Release|Any CPU.Build.0 = Release|Any CPU
		{52EC8DFB-9C75-4FDB-9EE1-E78847F7F711}.Release|Mixed Platforms.ActiveCfg = Release|Any CPU
		{52EC8DFB-9C75-4FDB-9EE1-E78847F7F711}.Release|Mixed Platforms.Build.0 = Release|Any CPU
	EndGlobalSection
	GlobalSection(SolutionProperties) = preSolution
		HideSolutionNode = FALSE
	EndGlobalSection
	GlobalSection(NestedProjects) = preSolution
		{80F37FB5-66C6-45F2-9E2A-F787B141D66C} = {70BC8B82-94AE-4823-85FF-B3FEDFD60F32}
		{62B9344A-87D1-4715-9ABB-EAE0ACC4F523} = {70BC8B82-94AE-4823-85FF-B3FEDFD60F32}
		{0C9E6E69-309F-46F7-A936-D5762229DEB9} = {70BC8B82-94AE-4823-85FF-B3FEDFD60F32}
		{2C899579-BF78-442B-8810-8C7E7A2CA212} = {9B65F71F-98A5-4744-B45F-9C5D99F99D23}
		{E4BBC94F-B837-4668-A127-E36E6DE012F5} = {9B65F71F-98A5-4744-B45F-9C5D99F99D23}
		{B4EED566-0F75-443F-9990-FBD7E489B9BD} = {E871F8D0-AEC7-4906-A151-D27E80934E3A}
		{CC6D39F7-1387-401D-9303-088D39459F36} = {E871F8D0-AEC7-4906-A151-D27E80934E3A}
		{CEE959FE-C3AF-4B51-8F1A-CCB32BAA1E98} = {E871F8D0-AEC7-4906-A151-D27E80934E3A}
		{382F1331-A177-4B38-A3E7-6D1B9A0F812B} = {ACC74A05-6833-4897-B739-8D5E82E846C2}
		{980874F0-D9C1-4EDB-8143-AD51C1E2666E} = {ACC74A05-6833-4897-B739-8D5E82E846C2}
		{171546DC-5AFF-43BF-B8E6-EA6AC96C9C61} = {ACC74A05-6833-4897-B739-8D5E82E846C2}
		{DB3D33DD-F5A0-4589-9033-D1193909EE97} = {ACC74A05-6833-4897-B739-8D5E82E846C2}
		{12B58C14-4FE7-4FF6-A03A-5A220571FD5C} = {ACC74A05-6833-4897-B739-8D5E82E846C2}
		{26C035B1-A53D-44E0-BEED-CB97EC56B38E} = {ACC74A05-6833-4897-B739-8D5E82E846C2}
		{04656394-60EA-4675-95EE-3DA6D07BAB89} = {ACDAC04D-0C0C-4FDF-BF8A-DDB0205C7A51}
		{CBE35A83-01BB-4F10-93E3-241784A22620} = {ACDAC04D-0C0C-4FDF-BF8A-DDB0205C7A51}
	EndGlobalSection
EndGlobal
