
Microsoft Visual Studio Solution File, Format Version 10.00
# Visual C# Express 2008
Project("{FAE04EC0-301F-11D3-BF4B-00C04F79EFBC}") = "Kistl.Server", "Kistl.Server\Kistl.Server.csproj", "{FA2B6CCD-95CB-4927-9CB5-AFE833EB38B7}"
EndProject
Project("{FAE04EC0-301F-11D3-BF4B-00C04F79EFBC}") = "Kistl.Client", "Kistl.Client\Kistl.Client.csproj", "{A736E13F-D349-4CE5-A397-8438F58D0B9D}"
EndProject
Project("{FAE04EC0-301F-11D3-BF4B-00C04F79EFBC}") = "Kistl.App.Projekte", "Kistl.App.Projekte\Kistl.App.Projekte.csproj", "{B7C4FDBB-E8CD-4F48-8842-EB8EADF61E96}"
EndProject
Project("{FAE04EC0-301F-11D3-BF4B-00C04F79EFBC}") = "Kistl.API", "Kistl.API\Kistl.API.csproj", "{AD0C7B9C-3C92-4F19-BBDF-416AD4700CB9}"
EndProject
Global
	GlobalSection(SolutionConfigurationPlatforms) = preSolution
		Debug|Any CPU = Debug|Any CPU
		Release|Any CPU = Release|Any CPU
	EndGlobalSection
	GlobalSection(ProjectConfigurationPlatforms) = postSolution
		{FA2B6CCD-95CB-4927-9CB5-AFE833EB38B7}.Debug|Any CPU.ActiveCfg = Debug|Any CPU
		{FA2B6CCD-95CB-4927-9CB5-AFE833EB38B7}.Debug|Any CPU.Build.0 = Debug|Any CPU
		{FA2B6CCD-95CB-4927-9CB5-AFE833EB38B7}.Release|Any CPU.ActiveCfg = Release|Any CPU
		{FA2B6CCD-95CB-4927-9CB5-AFE833EB38B7}.Release|Any CPU.Build.0 = Release|Any CPU
		{A736E13F-D349-4CE5-A397-8438F58D0B9D}.Debug|Any CPU.ActiveCfg = Debug|Any CPU
		{A736E13F-D349-4CE5-A397-8438F58D0B9D}.Debug|Any CPU.Build.0 = Debug|Any CPU
		{A736E13F-D349-4CE5-A397-8438F58D0B9D}.Release|Any CPU.ActiveCfg = Release|Any CPU
		{A736E13F-D349-4CE5-A397-8438F58D0B9D}.Release|Any CPU.Build.0 = Release|Any CPU
		{B7C4FDBB-E8CD-4F48-8842-EB8EADF61E96}.Debug|Any CPU.ActiveCfg = Debug|Any CPU
		{B7C4FDBB-E8CD-4F48-8842-EB8EADF61E96}.Debug|Any CPU.Build.0 = Debug|Any CPU
		{B7C4FDBB-E8CD-4F48-8842-EB8EADF61E96}.Release|Any CPU.ActiveCfg = Release|Any CPU
		{B7C4FDBB-E8CD-4F48-8842-EB8EADF61E96}.Release|Any CPU.Build.0 = Release|Any CPU
		{AD0C7B9C-3C92-4F19-BBDF-416AD4700CB9}.Debug|Any CPU.ActiveCfg = Debug|Any CPU
		{AD0C7B9C-3C92-4F19-BBDF-416AD4700CB9}.Debug|Any CPU.Build.0 = Debug|Any CPU
		{AD0C7B9C-3C92-4F19-BBDF-416AD4700CB9}.Release|Any CPU.ActiveCfg = Release|Any CPU
		{AD0C7B9C-3C92-4F19-BBDF-416AD4700CB9}.Release|Any CPU.Build.0 = Release|Any CPU
	EndGlobalSection
	GlobalSection(SolutionProperties) = preSolution
		HideSolutionNode = FALSE
	EndGlobalSection
EndGlobal
