
Microsoft Visual Studio Solution File, Format Version 11.00
# Visual Studio 2010
Project("{2150E333-8FDC-42A3-9474-1A3956D46DE8}") = "Tests", "Tests", "{ACC74A05-6833-4897-B739-8D5E82E846C2}"
	ProjectSection(SolutionItems) = preProject
		Tests\DisposableMockTemplate.cs = Tests\DisposableMockTemplate.cs
		Tests\README.txt = Tests\README.txt
	EndProjectSection
EndProject
Project("{2150E333-8FDC-42A3-9474-1A3956D46DE8}") = "ASP.NET", "ASP.NET", "{ACDAC04D-0C0C-4FDF-BF8A-DDB0205C7A51}"
EndProject
Project("{2150E333-8FDC-42A3-9474-1A3956D46DE8}") = "WPF", "WPF", "{9B65F71F-98A5-4744-B45F-9C5D99F99D23}"
EndProject
Project("{2150E333-8FDC-42A3-9474-1A3956D46DE8}") = "Generated Code", "Generated Code", "{70BC8B82-94AE-4823-85FF-B3FEDFD60F32}"
EndProject
Project("{2150E333-8FDC-42A3-9474-1A3956D46DE8}") = "DalProviders", "DalProviders", "{0EBD0023-C7AE-4C6F-BF07-0CEA724F2B0F}"
EndProject
Project("{FAE04EC0-301F-11D3-BF4B-00C04F79EFBC}") = "Kistl.Server", "Kistl.Server\Kistl.Server.csproj", "{FA2B6CCD-95CB-4927-9CB5-AFE833EB38B7}"
	ProjectSection(ProjectDependencies) = postProject
		{B58E3B3A-7212-4F8C-9AAE-7FF680F6F324} = {B58E3B3A-7212-4F8C-9AAE-7FF680F6F324}
		{7E3CE048-00C1-4357-BE27-801AB5B75FE3} = {7E3CE048-00C1-4357-BE27-801AB5B75FE3}
		{B1AE679D-BA5A-4E70-8D21-D99C46A34F79} = {B1AE679D-BA5A-4E70-8D21-D99C46A34F79}
		{01E60FD5-CD96-466A-83B1-8EFC7452B47C} = {01E60FD5-CD96-466A-83B1-8EFC7452B47C}
		{E1275AE6-5060-4E93-88D8-BA48BA52DC7A} = {E1275AE6-5060-4E93-88D8-BA48BA52DC7A}
	EndProjectSection
EndProject
Project("{FAE04EC0-301F-11D3-BF4B-00C04F79EFBC}") = "Kistl.Client", "Kistl.Client\Kistl.Client.csproj", "{A736E13F-D349-4CE5-A397-8438F58D0B9D}"
EndProject
Project("{FAE04EC0-301F-11D3-BF4B-00C04F79EFBC}") = "Kistl.API", "Kistl.API\Kistl.API.csproj", "{AD0C7B9C-3C92-4F19-BBDF-416AD4700CB9}"
EndProject
Project("{FAE04EC0-301F-11D3-BF4B-00C04F79EFBC}") = "Kistl.API.Client", "Kistl.API.Client\Kistl.API.Client.csproj", "{DD11A4F6-24C2-4935-8042-DE49CA6B32C0}"
EndProject
Project("{FAE04EC0-301F-11D3-BF4B-00C04F79EFBC}") = "Kistl.API.Server", "Kistl.API.Server\Kistl.API.Server.csproj", "{08902397-B9CA-43DA-8C8D-27DCEC097611}"
EndProject
Project("{FAE04EC0-301F-11D3-BF4B-00C04F79EFBC}") = "Kistl.App.Projekte.Client", "Kistl.App.Projekte.Client\Kistl.App.Projekte.Client.csproj", "{379A67E8-388E-47B6-A591-5D4C05DAFBDB}"
EndProject
Project("{FAE04EC0-301F-11D3-BF4B-00C04F79EFBC}") = "Kistl.App.Projekte.Server", "Kistl.App.Projekte.Server\Kistl.App.Projekte.Server.csproj", "{E1275AE6-5060-4E93-88D8-BA48BA52DC7A}"
EndProject
Project("{FAE04EC0-301F-11D3-BF4B-00C04F79EFBC}") = "Kistl.API.Client.Tests", "Tests\Kistl.API.Client.Tests\Kistl.API.Client.Tests.csproj", "{382F1331-A177-4B38-A3E7-6D1B9A0F812B}"
EndProject
Project("{FAE04EC0-301F-11D3-BF4B-00C04F79EFBC}") = "Kistl.API.Server.Tests", "Tests\Kistl.API.Server.Tests\Kistl.API.Server.Tests.csproj", "{980874F0-D9C1-4EDB-8143-AD51C1E2666E}"
EndProject
Project("{FAE04EC0-301F-11D3-BF4B-00C04F79EFBC}") = "Kistl.API.Tests", "Tests\Kistl.API.Tests\Kistl.API.Tests.csproj", "{171546DC-5AFF-43BF-B8E6-EA6AC96C9C61}"
EndProject
Project("{FAE04EC0-301F-11D3-BF4B-00C04F79EFBC}") = "Kistl.IntegrationTests", "Tests\Kistl.IntegrationTests\Kistl.IntegrationTests.csproj", "{12B58C14-4FE7-4FF6-A03A-5A220571FD5C}"
	ProjectSection(ProjectDependencies) = postProject
		{C0992804-A195-4087-B77C-910ABEAB74B9} = {C0992804-A195-4087-B77C-910ABEAB74B9}
		{7E3CE048-00C1-4357-BE27-801AB5B75FE3} = {7E3CE048-00C1-4357-BE27-801AB5B75FE3}
		{62B9344A-87D1-4715-9ABB-EAE0ACC4F523} = {62B9344A-87D1-4715-9ABB-EAE0ACC4F523}
		{08902397-B9CA-43DA-8C8D-27DCEC097611} = {08902397-B9CA-43DA-8C8D-27DCEC097611}
		{1E56A7BA-61B7-4283-B65F-ADFA6418F72B} = {1E56A7BA-61B7-4283-B65F-ADFA6418F72B}
		{01E60FD5-CD96-466A-83B1-8EFC7452B47C} = {01E60FD5-CD96-466A-83B1-8EFC7452B47C}
	EndProjectSection
EndProject
Project("{FAE04EC0-301F-11D3-BF4B-00C04F79EFBC}") = "CompleteTests", "Tests\CompleteTests\CompleteTests.csproj", "{26C035B1-A53D-44E0-BEED-CB97EC56B38E}"
	ProjectSection(ProjectDependencies) = postProject
		{C0992804-A195-4087-B77C-910ABEAB74B9} = {C0992804-A195-4087-B77C-910ABEAB74B9}
		{C701ED04-08B2-4ABA-B2D3-33502690C8DA} = {C701ED04-08B2-4ABA-B2D3-33502690C8DA}
		{9677AE11-CB92-4F0A-A248-87A21586F0DA} = {9677AE11-CB92-4F0A-A248-87A21586F0DA}
		{A2C68E17-5B32-4F4E-B83A-DC7122623FDD} = {A2C68E17-5B32-4F4E-B83A-DC7122623FDD}
		{4992171F-DA41-401C-8869-63594ACF2D93} = {4992171F-DA41-401C-8869-63594ACF2D93}
		{B58E3B3A-7212-4F8C-9AAE-7FF680F6F324} = {B58E3B3A-7212-4F8C-9AAE-7FF680F6F324}
		{A736E13F-D349-4CE5-A397-8438F58D0B9D} = {A736E13F-D349-4CE5-A397-8438F58D0B9D}
		{95E39A40-35BC-4214-86E5-EE451C138EE1} = {95E39A40-35BC-4214-86E5-EE451C138EE1}
		{7E3CE048-00C1-4357-BE27-801AB5B75FE3} = {7E3CE048-00C1-4357-BE27-801AB5B75FE3}
		{62B9344A-87D1-4715-9ABB-EAE0ACC4F523} = {62B9344A-87D1-4715-9ABB-EAE0ACC4F523}
		{3760694D-3B35-41D4-B1A3-41BB288AA19F} = {3760694D-3B35-41D4-B1A3-41BB288AA19F}
		{E4BBC94F-B837-4668-A127-E36E6DE012F5} = {E4BBC94F-B837-4668-A127-E36E6DE012F5}
		{A242A751-9F97-4F1C-ABE5-57B28133DEF4} = {A242A751-9F97-4F1C-ABE5-57B28133DEF4}
		{D5ADAF5E-024D-46B1-B75D-0F93A3E4A50B} = {D5ADAF5E-024D-46B1-B75D-0F93A3E4A50B}
		{0C9E6E69-309F-46F7-A936-D5762229DEB9} = {0C9E6E69-309F-46F7-A936-D5762229DEB9}
		{CBE35A83-01BB-4F10-93E3-241784A22620} = {CBE35A83-01BB-4F10-93E3-241784A22620}
		{0CEA5784-6783-4B04-A653-F896DCD89883} = {0CEA5784-6783-4B04-A653-F896DCD89883}
		{8D980F88-514B-44F0-A9B3-B9195FAD33FD} = {8D980F88-514B-44F0-A9B3-B9195FAD33FD}
		{04656394-60EA-4675-95EE-3DA6D07BAB89} = {04656394-60EA-4675-95EE-3DA6D07BAB89}
		{08902397-B9CA-43DA-8C8D-27DCEC097611} = {08902397-B9CA-43DA-8C8D-27DCEC097611}
		{AD0C7B9C-3C92-4F19-BBDF-416AD4700CB9} = {AD0C7B9C-3C92-4F19-BBDF-416AD4700CB9}
		{B1AE679D-BA5A-4E70-8D21-D99C46A34F79} = {B1AE679D-BA5A-4E70-8D21-D99C46A34F79}
		{5EEF01A2-C027-4B1E-9D7D-61DEF2042047} = {5EEF01A2-C027-4B1E-9D7D-61DEF2042047}
		{2CE191A7-1E73-4E7E-A8AB-545B3B33325D} = {2CE191A7-1E73-4E7E-A8AB-545B3B33325D}
		{F81E2AB4-0622-40A3-B7E3-9FAC0EE4A31B} = {F81E2AB4-0622-40A3-B7E3-9FAC0EE4A31B}
		{1E56A7BA-61B7-4283-B65F-ADFA6418F72B} = {1E56A7BA-61B7-4283-B65F-ADFA6418F72B}
		{1EEA57CD-4824-4A14-9447-3BD0E57997F4} = {1EEA57CD-4824-4A14-9447-3BD0E57997F4}
		{FA2B6CCD-95CB-4927-9CB5-AFE833EB38B7} = {FA2B6CCD-95CB-4927-9CB5-AFE833EB38B7}
		{01E60FD5-CD96-466A-83B1-8EFC7452B47C} = {01E60FD5-CD96-466A-83B1-8EFC7452B47C}
		{E1275AE6-5060-4E93-88D8-BA48BA52DC7A} = {E1275AE6-5060-4E93-88D8-BA48BA52DC7A}
		{379A67E8-388E-47B6-A591-5D4C05DAFBDB} = {379A67E8-388E-47B6-A591-5D4C05DAFBDB}
		{DD11A4F6-24C2-4935-8042-DE49CA6B32C0} = {DD11A4F6-24C2-4935-8042-DE49CA6B32C0}
		{4183E4F7-4ACB-4FE1-A3BF-DDEA50CD9545} = {4183E4F7-4ACB-4FE1-A3BF-DDEA50CD9545}
		{B93076F9-B551-4EBD-B707-205F905BCC99} = {B93076F9-B551-4EBD-B707-205F905BCC99}
		{52EC8DFB-9C75-4FDB-9EE1-E78847F7F711} = {52EC8DFB-9C75-4FDB-9EE1-E78847F7F711}
	EndProjectSection
EndProject
Project("{FAE04EC0-301F-11D3-BF4B-00C04F79EFBC}") = "Kistl.Client.Tests", "Tests\Kistl.Client.Tests\Kistl.Client.Tests.csproj", "{04B881EC-50C8-43DE-8E21-1D2EB38E1BB7}"
EndProject
Project("{FAE04EC0-301F-11D3-BF4B-00C04F79EFBC}") = "Kistl.Server.Tests", "Tests\Kistl.Server.Tests\Kistl.Server.Tests.csproj", "{C93A48F5-8DF9-4A40-BB3B-FDE1CA9D6BA8}"
EndProject
Project("{FAE04EC0-301F-11D3-BF4B-00C04F79EFBC}") = "Kistl.DalProvider.EF.Tests", "Tests\Kistl.DalProvider.EF.Tests\Kistl.DalProvider.EF.Tests.csproj", "{980874F0-D9C1-4EDB-8143-AD51C1E2666F}"
	ProjectSection(ProjectDependencies) = postProject
		{7E3CE048-00C1-4357-BE27-801AB5B75FE3} = {7E3CE048-00C1-4357-BE27-801AB5B75FE3}
		{1E56A7BA-61B7-4283-B65F-ADFA6418F72B} = {1E56A7BA-61B7-4283-B65F-ADFA6418F72B}
		{01E60FD5-CD96-466A-83B1-8EFC7452B47C} = {01E60FD5-CD96-466A-83B1-8EFC7452B47C}
	EndProjectSection
EndProject
Project("{FAE04EC0-301F-11D3-BF4B-00C04F79EFBC}") = "Kistl.API.Mocks", "Tests\Kistl.API.Mocks\Kistl.API.Mocks.csproj", "{95E39A40-35BC-4214-86E5-EE451C138EE1}"
EndProject
Project("{FAE04EC0-301F-11D3-BF4B-00C04F79EFBC}") = "Kistl.API.AbstractConsumerTests", "Tests\Kistl.API.AbstractConsumerTests\Kistl.API.AbstractConsumerTests.csproj", "{1EEA57CD-4824-4A14-9447-3BD0E57997F4}"
EndProject
Project("{FAE04EC0-301F-11D3-BF4B-00C04F79EFBC}") = "Kistl.DalProvider.ClientObjects.Tests", "Tests\Kistl.DalProvider.ClientObjects.Tests\Kistl.DalProvider.ClientObjects.Tests.csproj", "{1BF9C9A2-9A22-4C22-AFE8-DDB711CC1EEB}"
EndProject
Project("{FAE04EC0-301F-11D3-BF4B-00C04F79EFBC}") = "Kistl.Client.ASPNET.Toolkit", "Kistl.Client.ASPNET.Toolkit\Kistl.Client.ASPNET.Toolkit.csproj", "{04656394-60EA-4675-95EE-3DA6D07BAB89}"
EndProject
Project("{E24C65DC-7377-472B-9ABA-BC803B73C61A}") = "Kistl.Client.ASPNET", "Kistl.Client.ASPNET\", "{CBE35A83-01BB-4F10-93E3-241784A22620}"
	ProjectSection(WebsiteProperties) = preProject
		TargetFrameworkMoniker = ".NETFramework,Version%3Dv3.5"
		ProjectReferences = "{AD0C7B9C-3C92-4F19-BBDF-416AD4700CB9}|Kistl.API.dll;{DD11A4F6-24C2-4935-8042-DE49CA6B32C0}|Kistl.API.Client.dll;{A736E13F-D349-4CE5-A397-8438F58D0B9D}|Kistl.Client.dll;{04656394-60EA-4675-95EE-3DA6D07BAB89}|Kistl.Client.ASPNET.Toolkit.dll;{0C9E6E69-309F-46F7-A936-D5762229DEB9}|Kistl.Objects.dll;{9677AE11-CB92-4F0A-A248-87A21586F0DA}|TempAppHelpers.dll;"
		Debug.AspNetCompiler.VirtualPath = "/Kistl.Client.ASPNET"
		Debug.AspNetCompiler.PhysicalPath = "Kistl.Client.ASPNET\"
		Debug.AspNetCompiler.TargetPath = "bin\Kistl.Client.ASPNET\"
		Debug.AspNetCompiler.Updateable = "true"
		Debug.AspNetCompiler.ForceOverwrite = "true"
		Debug.AspNetCompiler.FixedNames = "false"
		Debug.AspNetCompiler.Debug = "True"
		Release.AspNetCompiler.VirtualPath = "/Kistl.Client.ASPNET"
		Release.AspNetCompiler.PhysicalPath = "Kistl.Client.ASPNET\"
		Release.AspNetCompiler.TargetPath = "bin\Kistl.Client.ASPNET\"
		Release.AspNetCompiler.Updateable = "true"
		Release.AspNetCompiler.ForceOverwrite = "true"
		Release.AspNetCompiler.FixedNames = "false"
		Release.AspNetCompiler.Debug = "False"
		VWDPort = "64711"
	EndProjectSection
EndProject
Project("{FAE04EC0-301F-11D3-BF4B-00C04F79EFBC}") = "Kistl.Client.WPF", "Kistl.Client.WPF\Kistl.Client.WPF.csproj", "{2C899579-BF78-442B-8810-8C7E7A2CA212}"
	ProjectSection(ProjectDependencies) = postProject
	EndProjectSection
EndProject
Project("{FAE04EC0-301F-11D3-BF4B-00C04F79EFBC}") = "WPFSamplesLib", "WPFLibrary\WPFSamplesLib.csproj", "{E4BBC94F-B837-4668-A127-E36E6DE012F5}"
EndProject
Project("{FAE04EC0-301F-11D3-BF4B-00C04F79EFBC}") = "Kistl.Objects", "Kistl.Objects\Kistl.Objects.csproj", "{0C9E6E69-309F-46F7-A936-D5762229DEB9}"
	ProjectSection(ProjectDependencies) = postProject
		{AD0C7B9C-3C92-4F19-BBDF-416AD4700CB9} = {AD0C7B9C-3C92-4F19-BBDF-416AD4700CB9}
	EndProjectSection
EndProject
Project("{FAE04EC0-301F-11D3-BF4B-00C04F79EFBC}") = "Kistl.DalProvider.EF", "Kistl.DalProvider.EF\Kistl.DalProvider.EF.csproj", "{52EC8DFB-9C75-4FDB-9EE1-E78847F7F711}"
EndProject
Project("{FAE04EC0-301F-11D3-BF4B-00C04F79EFBC}") = "Kistl.Client.Forms", "Kistl.Client.Forms\Kistl.Client.Forms.csproj", "{C701ED04-08B2-4ABA-B2D3-33502690C8DA}"
EndProject
Project("{FAE04EC0-301F-11D3-BF4B-00C04F79EFBC}") = "TempAppHelpers", "TempAppHelpers\TempAppHelpers.csproj", "{9677AE11-CB92-4F0A-A248-87A21586F0DA}"
EndProject
Project("{FAE04EC0-301F-11D3-BF4B-00C04F79EFBC}") = "Kistl.DalProvider.ClientObjects", "Kistl.DalProvider.ClientObjects\Kistl.DalProvider.ClientObjects.csproj", "{3760694D-3B35-41D4-B1A3-41BB288AA19F}"
EndProject
Project("{FAE04EC0-301F-11D3-BF4B-00C04F79EFBC}") = "Kistl.App.Projekte.Common", "Kistl.App.Projekte.Common\Kistl.App.Projekte.Common.csproj", "{B1AE679D-BA5A-4E70-8D21-D99C46A34F79}"
EndProject
Project("{FAE04EC0-301F-11D3-BF4B-00C04F79EFBC}") = "Kistl.Server.Service", "Kistl.Server.Service\Kistl.Server.Service.csproj", "{4183E4F7-4ACB-4FE1-A3BF-DDEA50CD9545}"
	ProjectSection(ProjectDependencies) = postProject
		{A2C68E17-5B32-4F4E-B83A-DC7122623FDD} = {A2C68E17-5B32-4F4E-B83A-DC7122623FDD}
		{4992171F-DA41-401C-8869-63594ACF2D93} = {4992171F-DA41-401C-8869-63594ACF2D93}
		{B58E3B3A-7212-4F8C-9AAE-7FF680F6F324} = {B58E3B3A-7212-4F8C-9AAE-7FF680F6F324}
		{7E3CE048-00C1-4357-BE27-801AB5B75FE3} = {7E3CE048-00C1-4357-BE27-801AB5B75FE3}
		{62B9344A-87D1-4715-9ABB-EAE0ACC4F523} = {62B9344A-87D1-4715-9ABB-EAE0ACC4F523}
		{3760694D-3B35-41D4-B1A3-41BB288AA19F} = {3760694D-3B35-41D4-B1A3-41BB288AA19F}
		{0C9E6E69-309F-46F7-A936-D5762229DEB9} = {0C9E6E69-309F-46F7-A936-D5762229DEB9}
		{5EEF01A2-C027-4B1E-9D7D-61DEF2042047} = {5EEF01A2-C027-4B1E-9D7D-61DEF2042047}
		{2CE191A7-1E73-4E7E-A8AB-545B3B33325D} = {2CE191A7-1E73-4E7E-A8AB-545B3B33325D}
		{F81E2AB4-0622-40A3-B7E3-9FAC0EE4A31B} = {F81E2AB4-0622-40A3-B7E3-9FAC0EE4A31B}
		{01E60FD5-CD96-466A-83B1-8EFC7452B47C} = {01E60FD5-CD96-466A-83B1-8EFC7452B47C}
		{52EC8DFB-9C75-4FDB-9EE1-E78847F7F711} = {52EC8DFB-9C75-4FDB-9EE1-E78847F7F711}
	EndProjectSection
EndProject
Project("{FAE04EC0-301F-11D3-BF4B-00C04F79EFBC}") = "Kistl.DalProvider.Memory", "Kistl.DalProvider.Memory\Kistl.DalProvider.Memory.csproj", "{7E3CE048-00C1-4357-BE27-801AB5B75FE3}"
EndProject
Project("{FAE04EC0-301F-11D3-BF4B-00C04F79EFBC}") = "Kistl.DalProvider.Memory.Tests", "Tests\Kistl.DalProvider.Memory.Tests\Kistl.DalProvider.Memory.Tests.csproj", "{CF5E170F-DC31-4AAE-AFFC-8BECA0B366EF}"
EndProject
Project("{FAE04EC0-301F-11D3-BF4B-00C04F79EFBC}") = "Kistl.DalProvider.Memory.Generator", "Kistl.DalProvider.Memory.Generator\Kistl.DalProvider.Memory.Generator.csproj", "{2CE191A7-1E73-4E7E-A8AB-545B3B33325D}"
	ProjectSection(ProjectDependencies) = postProject
		{7E3CE048-00C1-4357-BE27-801AB5B75FE3} = {7E3CE048-00C1-4357-BE27-801AB5B75FE3}
	EndProjectSection
EndProject
Project("{FAE04EC0-301F-11D3-BF4B-00C04F79EFBC}") = "Kistl.Objects.Memory", "Kistl.Objects.Memory\Kistl.Objects.Memory.csproj", "{01E60FD5-CD96-466A-83B1-8EFC7452B47C}"
	ProjectSection(ProjectDependencies) = postProject
		{7E3CE048-00C1-4357-BE27-801AB5B75FE3} = {7E3CE048-00C1-4357-BE27-801AB5B75FE3}
		{A242A751-9F97-4F1C-ABE5-57B28133DEF4} = {A242A751-9F97-4F1C-ABE5-57B28133DEF4}
		{AD0C7B9C-3C92-4F19-BBDF-416AD4700CB9} = {AD0C7B9C-3C92-4F19-BBDF-416AD4700CB9}
	EndProjectSection
EndProject
Project("{FAE04EC0-301F-11D3-BF4B-00C04F79EFBC}") = "Kistl.Server.Service32", "Kistl.Server.Service32\Kistl.Server.Service32.csproj", "{0CEA5784-6783-4B04-A653-F896DCD89883}"
EndProject
Project("{FAE04EC0-301F-11D3-BF4B-00C04F79EFBC}") = "Kistl.Client.WPF.Toolkit", "Kistl.Client.WPF.Toolkit\Kistl.Client.WPF.Toolkit.csproj", "{D5ADAF5E-024D-46B1-B75D-0F93A3E4A50B}"
EndProject
Project("{FAE04EC0-301F-11D3-BF4B-00C04F79EFBC}") = "Kistl.DalProvider.NHibernate", "Kistl.DalProvider.NHibernate\Kistl.DalProvider.NHibernate.csproj", "{B58E3B3A-7212-4F8C-9AAE-7FF680F6F324}"
EndProject
Project("{FAE04EC0-301F-11D3-BF4B-00C04F79EFBC}") = "Kistl.DalProvider.NHibernate.Generator", "Kistl.DalProvider.NHibernate.Generator\Kistl.DalProvider.NHibernate.Generator.csproj", "{5EEF01A2-C027-4B1E-9D7D-61DEF2042047}"
	ProjectSection(ProjectDependencies) = postProject
		{B58E3B3A-7212-4F8C-9AAE-7FF680F6F324} = {B58E3B3A-7212-4F8C-9AAE-7FF680F6F324}
	EndProjectSection
EndProject
Project("{FAE04EC0-301F-11D3-BF4B-00C04F79EFBC}") = "Kistl.Generator", "Kistl.Generator\Kistl.Generator.csproj", "{4992171F-DA41-401C-8869-63594ACF2D93}"
EndProject
Project("{FAE04EC0-301F-11D3-BF4B-00C04F79EFBC}") = "Kistl.Objects.Ef", "Kistl.Objects.Ef\Kistl.Objects.Ef.csproj", "{62B9344A-87D1-4715-9ABB-EAE0ACC4F523}"
	ProjectSection(ProjectDependencies) = postProject
		{A242A751-9F97-4F1C-ABE5-57B28133DEF4} = {A242A751-9F97-4F1C-ABE5-57B28133DEF4}
		{08902397-B9CA-43DA-8C8D-27DCEC097611} = {08902397-B9CA-43DA-8C8D-27DCEC097611}
		{AD0C7B9C-3C92-4F19-BBDF-416AD4700CB9} = {AD0C7B9C-3C92-4F19-BBDF-416AD4700CB9}
		{52EC8DFB-9C75-4FDB-9EE1-E78847F7F711} = {52EC8DFB-9C75-4FDB-9EE1-E78847F7F711}
	EndProjectSection
EndProject
Project("{FAE04EC0-301F-11D3-BF4B-00C04F79EFBC}") = "Kistl.DalProvider.Client.Generator", "Kistl.DalProvider.Client.Generator\Kistl.DalProvider.Client.Generator.csproj", "{F81E2AB4-0622-40A3-B7E3-9FAC0EE4A31B}"
EndProject
Project("{FAE04EC0-301F-11D3-BF4B-00C04F79EFBC}") = "Kistl.DalProvider.EF.Generator", "Kistl.DalProvider.EF.Generator\Kistl.DalProvider.EF.Generator.csproj", "{A2C68E17-5B32-4F4E-B83A-DC7122623FDD}"
EndProject
Project("{FAE04EC0-301F-11D3-BF4B-00C04F79EFBC}") = "Kistl.DalProvider.Base", "Kistl.DalProvider.Base\Kistl.DalProvider.Base.csproj", "{A242A751-9F97-4F1C-ABE5-57B28133DEF4}"
EndProject
Project("{FAE04EC0-301F-11D3-BF4B-00C04F79EFBC}") = "Kistl.Tests.Utilities.MsSql", "Tests\Kistl.Tests.Utilities.MsSql\Kistl.Tests.Utilities.MsSql.csproj", "{1E56A7BA-61B7-4283-B65F-ADFA6418F72B}"
EndProject
Project("{FAE04EC0-301F-11D3-BF4B-00C04F79EFBC}") = "Kistl.Tests.Utilities.PostgreSql", "Tests\Kistl.Tests.Utilities.PostgreSql\Kistl.Tests.Utilities.PostgreSql.csproj", "{C0992804-A195-4087-B77C-910ABEAB74B9}"
EndProject
Project("{FAE04EC0-301F-11D3-BF4B-00C04F79EFBC}") = "Kistl.Generator.ClickOnce", "Kistl.Generator.ClickOnce\Kistl.Generator.ClickOnce.csproj", "{B93076F9-B551-4EBD-B707-205F905BCC99}"
EndProject
Project("{FAE04EC0-301F-11D3-BF4B-00C04F79EFBC}") = "Kistl.Client.Bootstrapper", "Kistl.Client.Bootstrapper\Kistl.Client.Bootstrapper.csproj", "{8D980F88-514B-44F0-A9B3-B9195FAD33FD}"
EndProject
Global
	GlobalSection(SolutionConfigurationPlatforms) = preSolution
		Debug|.NET = Debug|.NET
		Debug|Any CPU = Debug|Any CPU
		Debug|Mixed Platforms = Debug|Mixed Platforms
		Debug|x86 = Debug|x86
		Linux.Debug|.NET = Linux.Debug|.NET
		Linux.Debug|Any CPU = Linux.Debug|Any CPU
		Linux.Debug|Mixed Platforms = Linux.Debug|Mixed Platforms
		Linux.Debug|x86 = Linux.Debug|x86
		Release|.NET = Release|.NET
		Release|Any CPU = Release|Any CPU
		Release|Mixed Platforms = Release|Mixed Platforms
		Release|x86 = Release|x86
	EndGlobalSection
	GlobalSection(ProjectConfigurationPlatforms) = postSolution
		{FA2B6CCD-95CB-4927-9CB5-AFE833EB38B7}.Debug|.NET.ActiveCfg = Debug|Any CPU
		{FA2B6CCD-95CB-4927-9CB5-AFE833EB38B7}.Debug|.NET.Build.0 = Debug|Any CPU
		{FA2B6CCD-95CB-4927-9CB5-AFE833EB38B7}.Debug|Any CPU.ActiveCfg = Debug|Any CPU
		{FA2B6CCD-95CB-4927-9CB5-AFE833EB38B7}.Debug|Any CPU.Build.0 = Debug|Any CPU
		{FA2B6CCD-95CB-4927-9CB5-AFE833EB38B7}.Debug|Mixed Platforms.ActiveCfg = Debug|Any CPU
		{FA2B6CCD-95CB-4927-9CB5-AFE833EB38B7}.Debug|Mixed Platforms.Build.0 = Debug|Any CPU
		{FA2B6CCD-95CB-4927-9CB5-AFE833EB38B7}.Debug|x86.ActiveCfg = Debug|Any CPU
		{FA2B6CCD-95CB-4927-9CB5-AFE833EB38B7}.Linux.Debug|.NET.ActiveCfg = Linux.Debug|Any CPU
		{FA2B6CCD-95CB-4927-9CB5-AFE833EB38B7}.Linux.Debug|.NET.Build.0 = Linux.Debug|Any CPU
		{FA2B6CCD-95CB-4927-9CB5-AFE833EB38B7}.Linux.Debug|Any CPU.ActiveCfg = Linux.Debug|Any CPU
		{FA2B6CCD-95CB-4927-9CB5-AFE833EB38B7}.Linux.Debug|Any CPU.Build.0 = Linux.Debug|Any CPU
		{FA2B6CCD-95CB-4927-9CB5-AFE833EB38B7}.Linux.Debug|Mixed Platforms.ActiveCfg = Linux.Debug|Any CPU
		{FA2B6CCD-95CB-4927-9CB5-AFE833EB38B7}.Linux.Debug|Mixed Platforms.Build.0 = Linux.Debug|Any CPU
		{FA2B6CCD-95CB-4927-9CB5-AFE833EB38B7}.Linux.Debug|x86.ActiveCfg = Linux.Debug|Any CPU
		{FA2B6CCD-95CB-4927-9CB5-AFE833EB38B7}.Release|.NET.ActiveCfg = Release|Any CPU
		{FA2B6CCD-95CB-4927-9CB5-AFE833EB38B7}.Release|.NET.Build.0 = Release|Any CPU
		{FA2B6CCD-95CB-4927-9CB5-AFE833EB38B7}.Release|Any CPU.ActiveCfg = Release|Any CPU
		{FA2B6CCD-95CB-4927-9CB5-AFE833EB38B7}.Release|Any CPU.Build.0 = Release|Any CPU
		{FA2B6CCD-95CB-4927-9CB5-AFE833EB38B7}.Release|Mixed Platforms.ActiveCfg = Release|Any CPU
		{FA2B6CCD-95CB-4927-9CB5-AFE833EB38B7}.Release|Mixed Platforms.Build.0 = Release|Any CPU
		{FA2B6CCD-95CB-4927-9CB5-AFE833EB38B7}.Release|x86.ActiveCfg = Release|Any CPU
		{A736E13F-D349-4CE5-A397-8438F58D0B9D}.Debug|.NET.ActiveCfg = Debug|Any CPU
		{A736E13F-D349-4CE5-A397-8438F58D0B9D}.Debug|.NET.Build.0 = Debug|Any CPU
		{A736E13F-D349-4CE5-A397-8438F58D0B9D}.Debug|Any CPU.ActiveCfg = Debug|Any CPU
		{A736E13F-D349-4CE5-A397-8438F58D0B9D}.Debug|Any CPU.Build.0 = Debug|Any CPU
		{A736E13F-D349-4CE5-A397-8438F58D0B9D}.Debug|Mixed Platforms.ActiveCfg = Debug|Any CPU
		{A736E13F-D349-4CE5-A397-8438F58D0B9D}.Debug|Mixed Platforms.Build.0 = Debug|Any CPU
		{A736E13F-D349-4CE5-A397-8438F58D0B9D}.Debug|x86.ActiveCfg = Debug|Any CPU
		{A736E13F-D349-4CE5-A397-8438F58D0B9D}.Linux.Debug|.NET.ActiveCfg = Linux.Debug|Any CPU
		{A736E13F-D349-4CE5-A397-8438F58D0B9D}.Linux.Debug|.NET.Build.0 = Linux.Debug|Any CPU
		{A736E13F-D349-4CE5-A397-8438F58D0B9D}.Linux.Debug|Any CPU.ActiveCfg = Linux.Debug|Any CPU
		{A736E13F-D349-4CE5-A397-8438F58D0B9D}.Linux.Debug|Any CPU.Build.0 = Linux.Debug|Any CPU
		{A736E13F-D349-4CE5-A397-8438F58D0B9D}.Linux.Debug|Mixed Platforms.ActiveCfg = Linux.Debug|Any CPU
		{A736E13F-D349-4CE5-A397-8438F58D0B9D}.Linux.Debug|Mixed Platforms.Build.0 = Linux.Debug|Any CPU
		{A736E13F-D349-4CE5-A397-8438F58D0B9D}.Linux.Debug|x86.ActiveCfg = Linux.Debug|Any CPU
		{A736E13F-D349-4CE5-A397-8438F58D0B9D}.Release|.NET.ActiveCfg = Release|Any CPU
		{A736E13F-D349-4CE5-A397-8438F58D0B9D}.Release|.NET.Build.0 = Release|Any CPU
		{A736E13F-D349-4CE5-A397-8438F58D0B9D}.Release|Any CPU.ActiveCfg = Release|Any CPU
		{A736E13F-D349-4CE5-A397-8438F58D0B9D}.Release|Any CPU.Build.0 = Release|Any CPU
		{A736E13F-D349-4CE5-A397-8438F58D0B9D}.Release|Mixed Platforms.ActiveCfg = Release|Any CPU
		{A736E13F-D349-4CE5-A397-8438F58D0B9D}.Release|Mixed Platforms.Build.0 = Release|Any CPU
		{A736E13F-D349-4CE5-A397-8438F58D0B9D}.Release|x86.ActiveCfg = Release|Any CPU
		{AD0C7B9C-3C92-4F19-BBDF-416AD4700CB9}.Debug|.NET.ActiveCfg = Debug|Any CPU
		{AD0C7B9C-3C92-4F19-BBDF-416AD4700CB9}.Debug|.NET.Build.0 = Debug|Any CPU
		{AD0C7B9C-3C92-4F19-BBDF-416AD4700CB9}.Debug|Any CPU.ActiveCfg = Debug|Any CPU
		{AD0C7B9C-3C92-4F19-BBDF-416AD4700CB9}.Debug|Any CPU.Build.0 = Debug|Any CPU
		{AD0C7B9C-3C92-4F19-BBDF-416AD4700CB9}.Debug|Mixed Platforms.ActiveCfg = Debug|Any CPU
		{AD0C7B9C-3C92-4F19-BBDF-416AD4700CB9}.Debug|Mixed Platforms.Build.0 = Debug|Any CPU
		{AD0C7B9C-3C92-4F19-BBDF-416AD4700CB9}.Debug|x86.ActiveCfg = Debug|Any CPU
		{AD0C7B9C-3C92-4F19-BBDF-416AD4700CB9}.Linux.Debug|.NET.ActiveCfg = Linux.Debug|Any CPU
		{AD0C7B9C-3C92-4F19-BBDF-416AD4700CB9}.Linux.Debug|.NET.Build.0 = Linux.Debug|Any CPU
		{AD0C7B9C-3C92-4F19-BBDF-416AD4700CB9}.Linux.Debug|Any CPU.ActiveCfg = Linux.Debug|Any CPU
		{AD0C7B9C-3C92-4F19-BBDF-416AD4700CB9}.Linux.Debug|Any CPU.Build.0 = Linux.Debug|Any CPU
		{AD0C7B9C-3C92-4F19-BBDF-416AD4700CB9}.Linux.Debug|Mixed Platforms.ActiveCfg = Linux.Debug|Any CPU
		{AD0C7B9C-3C92-4F19-BBDF-416AD4700CB9}.Linux.Debug|Mixed Platforms.Build.0 = Linux.Debug|Any CPU
		{AD0C7B9C-3C92-4F19-BBDF-416AD4700CB9}.Linux.Debug|x86.ActiveCfg = Linux.Debug|Any CPU
		{AD0C7B9C-3C92-4F19-BBDF-416AD4700CB9}.Release|.NET.ActiveCfg = Release|Any CPU
		{AD0C7B9C-3C92-4F19-BBDF-416AD4700CB9}.Release|.NET.Build.0 = Release|Any CPU
		{AD0C7B9C-3C92-4F19-BBDF-416AD4700CB9}.Release|Any CPU.ActiveCfg = Release|Any CPU
		{AD0C7B9C-3C92-4F19-BBDF-416AD4700CB9}.Release|Any CPU.Build.0 = Release|Any CPU
		{AD0C7B9C-3C92-4F19-BBDF-416AD4700CB9}.Release|Mixed Platforms.ActiveCfg = Release|Any CPU
		{AD0C7B9C-3C92-4F19-BBDF-416AD4700CB9}.Release|Mixed Platforms.Build.0 = Release|Any CPU
		{AD0C7B9C-3C92-4F19-BBDF-416AD4700CB9}.Release|x86.ActiveCfg = Release|Any CPU
		{DD11A4F6-24C2-4935-8042-DE49CA6B32C0}.Debug|.NET.ActiveCfg = Debug|Any CPU
		{DD11A4F6-24C2-4935-8042-DE49CA6B32C0}.Debug|.NET.Build.0 = Debug|Any CPU
		{DD11A4F6-24C2-4935-8042-DE49CA6B32C0}.Debug|Any CPU.ActiveCfg = Debug|Any CPU
		{DD11A4F6-24C2-4935-8042-DE49CA6B32C0}.Debug|Any CPU.Build.0 = Debug|Any CPU
		{DD11A4F6-24C2-4935-8042-DE49CA6B32C0}.Debug|Mixed Platforms.ActiveCfg = Debug|Any CPU
		{DD11A4F6-24C2-4935-8042-DE49CA6B32C0}.Debug|Mixed Platforms.Build.0 = Debug|Any CPU
		{DD11A4F6-24C2-4935-8042-DE49CA6B32C0}.Debug|x86.ActiveCfg = Debug|Any CPU
		{DD11A4F6-24C2-4935-8042-DE49CA6B32C0}.Linux.Debug|.NET.ActiveCfg = Linux.Debug|Any CPU
		{DD11A4F6-24C2-4935-8042-DE49CA6B32C0}.Linux.Debug|.NET.Build.0 = Linux.Debug|Any CPU
		{DD11A4F6-24C2-4935-8042-DE49CA6B32C0}.Linux.Debug|Any CPU.ActiveCfg = Linux.Debug|Any CPU
		{DD11A4F6-24C2-4935-8042-DE49CA6B32C0}.Linux.Debug|Any CPU.Build.0 = Linux.Debug|Any CPU
		{DD11A4F6-24C2-4935-8042-DE49CA6B32C0}.Linux.Debug|Mixed Platforms.ActiveCfg = Linux.Debug|Any CPU
		{DD11A4F6-24C2-4935-8042-DE49CA6B32C0}.Linux.Debug|Mixed Platforms.Build.0 = Linux.Debug|Any CPU
		{DD11A4F6-24C2-4935-8042-DE49CA6B32C0}.Linux.Debug|x86.ActiveCfg = Linux.Debug|Any CPU
		{DD11A4F6-24C2-4935-8042-DE49CA6B32C0}.Release|.NET.ActiveCfg = Release|Any CPU
		{DD11A4F6-24C2-4935-8042-DE49CA6B32C0}.Release|.NET.Build.0 = Release|Any CPU
		{DD11A4F6-24C2-4935-8042-DE49CA6B32C0}.Release|Any CPU.ActiveCfg = Release|Any CPU
		{DD11A4F6-24C2-4935-8042-DE49CA6B32C0}.Release|Any CPU.Build.0 = Release|Any CPU
		{DD11A4F6-24C2-4935-8042-DE49CA6B32C0}.Release|Mixed Platforms.ActiveCfg = Release|Any CPU
		{DD11A4F6-24C2-4935-8042-DE49CA6B32C0}.Release|Mixed Platforms.Build.0 = Release|Any CPU
		{DD11A4F6-24C2-4935-8042-DE49CA6B32C0}.Release|x86.ActiveCfg = Release|Any CPU
		{08902397-B9CA-43DA-8C8D-27DCEC097611}.Debug|.NET.ActiveCfg = Debug|Any CPU
		{08902397-B9CA-43DA-8C8D-27DCEC097611}.Debug|.NET.Build.0 = Debug|Any CPU
		{08902397-B9CA-43DA-8C8D-27DCEC097611}.Debug|Any CPU.ActiveCfg = Debug|Any CPU
		{08902397-B9CA-43DA-8C8D-27DCEC097611}.Debug|Any CPU.Build.0 = Debug|Any CPU
		{08902397-B9CA-43DA-8C8D-27DCEC097611}.Debug|Mixed Platforms.ActiveCfg = Debug|Any CPU
		{08902397-B9CA-43DA-8C8D-27DCEC097611}.Debug|Mixed Platforms.Build.0 = Debug|Any CPU
		{08902397-B9CA-43DA-8C8D-27DCEC097611}.Debug|x86.ActiveCfg = Debug|Any CPU
		{08902397-B9CA-43DA-8C8D-27DCEC097611}.Linux.Debug|.NET.ActiveCfg = Linux.Debug|Any CPU
		{08902397-B9CA-43DA-8C8D-27DCEC097611}.Linux.Debug|.NET.Build.0 = Linux.Debug|Any CPU
		{08902397-B9CA-43DA-8C8D-27DCEC097611}.Linux.Debug|Any CPU.ActiveCfg = Linux.Debug|Any CPU
		{08902397-B9CA-43DA-8C8D-27DCEC097611}.Linux.Debug|Any CPU.Build.0 = Linux.Debug|Any CPU
		{08902397-B9CA-43DA-8C8D-27DCEC097611}.Linux.Debug|Mixed Platforms.ActiveCfg = Linux.Debug|Any CPU
		{08902397-B9CA-43DA-8C8D-27DCEC097611}.Linux.Debug|Mixed Platforms.Build.0 = Linux.Debug|Any CPU
		{08902397-B9CA-43DA-8C8D-27DCEC097611}.Linux.Debug|x86.ActiveCfg = Linux.Debug|Any CPU
		{08902397-B9CA-43DA-8C8D-27DCEC097611}.Release|.NET.ActiveCfg = Release|Any CPU
		{08902397-B9CA-43DA-8C8D-27DCEC097611}.Release|.NET.Build.0 = Release|Any CPU
		{08902397-B9CA-43DA-8C8D-27DCEC097611}.Release|Any CPU.ActiveCfg = Release|Any CPU
		{08902397-B9CA-43DA-8C8D-27DCEC097611}.Release|Any CPU.Build.0 = Release|Any CPU
		{08902397-B9CA-43DA-8C8D-27DCEC097611}.Release|Mixed Platforms.ActiveCfg = Release|Any CPU
		{08902397-B9CA-43DA-8C8D-27DCEC097611}.Release|Mixed Platforms.Build.0 = Release|Any CPU
		{08902397-B9CA-43DA-8C8D-27DCEC097611}.Release|x86.ActiveCfg = Release|Any CPU
		{379A67E8-388E-47B6-A591-5D4C05DAFBDB}.Debug|.NET.ActiveCfg = Debug|Any CPU
		{379A67E8-388E-47B6-A591-5D4C05DAFBDB}.Debug|.NET.Build.0 = Debug|Any CPU
		{379A67E8-388E-47B6-A591-5D4C05DAFBDB}.Debug|Any CPU.ActiveCfg = Debug|Any CPU
		{379A67E8-388E-47B6-A591-5D4C05DAFBDB}.Debug|Any CPU.Build.0 = Debug|Any CPU
		{379A67E8-388E-47B6-A591-5D4C05DAFBDB}.Debug|Mixed Platforms.ActiveCfg = Debug|Any CPU
		{379A67E8-388E-47B6-A591-5D4C05DAFBDB}.Debug|Mixed Platforms.Build.0 = Debug|Any CPU
		{379A67E8-388E-47B6-A591-5D4C05DAFBDB}.Debug|x86.ActiveCfg = Debug|Any CPU
		{379A67E8-388E-47B6-A591-5D4C05DAFBDB}.Linux.Debug|.NET.ActiveCfg = Linux.Debug|Any CPU
		{379A67E8-388E-47B6-A591-5D4C05DAFBDB}.Linux.Debug|.NET.Build.0 = Linux.Debug|Any CPU
		{379A67E8-388E-47B6-A591-5D4C05DAFBDB}.Linux.Debug|Any CPU.ActiveCfg = Linux.Debug|Any CPU
		{379A67E8-388E-47B6-A591-5D4C05DAFBDB}.Linux.Debug|Any CPU.Build.0 = Linux.Debug|Any CPU
		{379A67E8-388E-47B6-A591-5D4C05DAFBDB}.Linux.Debug|Mixed Platforms.ActiveCfg = Linux.Debug|Any CPU
		{379A67E8-388E-47B6-A591-5D4C05DAFBDB}.Linux.Debug|Mixed Platforms.Build.0 = Linux.Debug|Any CPU
		{379A67E8-388E-47B6-A591-5D4C05DAFBDB}.Linux.Debug|x86.ActiveCfg = Linux.Debug|Any CPU
		{379A67E8-388E-47B6-A591-5D4C05DAFBDB}.Release|.NET.ActiveCfg = Release|Any CPU
		{379A67E8-388E-47B6-A591-5D4C05DAFBDB}.Release|.NET.Build.0 = Release|Any CPU
		{379A67E8-388E-47B6-A591-5D4C05DAFBDB}.Release|Any CPU.ActiveCfg = Release|Any CPU
		{379A67E8-388E-47B6-A591-5D4C05DAFBDB}.Release|Any CPU.Build.0 = Release|Any CPU
		{379A67E8-388E-47B6-A591-5D4C05DAFBDB}.Release|Mixed Platforms.ActiveCfg = Release|Any CPU
		{379A67E8-388E-47B6-A591-5D4C05DAFBDB}.Release|Mixed Platforms.Build.0 = Release|Any CPU
		{379A67E8-388E-47B6-A591-5D4C05DAFBDB}.Release|x86.ActiveCfg = Release|Any CPU
		{E1275AE6-5060-4E93-88D8-BA48BA52DC7A}.Debug|.NET.ActiveCfg = Debug|Any CPU
		{E1275AE6-5060-4E93-88D8-BA48BA52DC7A}.Debug|.NET.Build.0 = Debug|Any CPU
		{E1275AE6-5060-4E93-88D8-BA48BA52DC7A}.Debug|Any CPU.ActiveCfg = Debug|Any CPU
		{E1275AE6-5060-4E93-88D8-BA48BA52DC7A}.Debug|Any CPU.Build.0 = Debug|Any CPU
		{E1275AE6-5060-4E93-88D8-BA48BA52DC7A}.Debug|Mixed Platforms.ActiveCfg = Debug|Any CPU
		{E1275AE6-5060-4E93-88D8-BA48BA52DC7A}.Debug|Mixed Platforms.Build.0 = Debug|Any CPU
		{E1275AE6-5060-4E93-88D8-BA48BA52DC7A}.Debug|x86.ActiveCfg = Debug|Any CPU
		{E1275AE6-5060-4E93-88D8-BA48BA52DC7A}.Linux.Debug|.NET.ActiveCfg = Linux.Debug|Any CPU
		{E1275AE6-5060-4E93-88D8-BA48BA52DC7A}.Linux.Debug|.NET.Build.0 = Linux.Debug|Any CPU
		{E1275AE6-5060-4E93-88D8-BA48BA52DC7A}.Linux.Debug|Any CPU.ActiveCfg = Linux.Debug|Any CPU
		{E1275AE6-5060-4E93-88D8-BA48BA52DC7A}.Linux.Debug|Any CPU.Build.0 = Linux.Debug|Any CPU
		{E1275AE6-5060-4E93-88D8-BA48BA52DC7A}.Linux.Debug|Mixed Platforms.ActiveCfg = Linux.Debug|Any CPU
		{E1275AE6-5060-4E93-88D8-BA48BA52DC7A}.Linux.Debug|Mixed Platforms.Build.0 = Linux.Debug|Any CPU
		{E1275AE6-5060-4E93-88D8-BA48BA52DC7A}.Linux.Debug|x86.ActiveCfg = Linux.Debug|Any CPU
		{E1275AE6-5060-4E93-88D8-BA48BA52DC7A}.Release|.NET.ActiveCfg = Release|Any CPU
		{E1275AE6-5060-4E93-88D8-BA48BA52DC7A}.Release|.NET.Build.0 = Release|Any CPU
		{E1275AE6-5060-4E93-88D8-BA48BA52DC7A}.Release|Any CPU.ActiveCfg = Release|Any CPU
		{E1275AE6-5060-4E93-88D8-BA48BA52DC7A}.Release|Any CPU.Build.0 = Release|Any CPU
		{E1275AE6-5060-4E93-88D8-BA48BA52DC7A}.Release|Mixed Platforms.ActiveCfg = Release|Any CPU
		{E1275AE6-5060-4E93-88D8-BA48BA52DC7A}.Release|Mixed Platforms.Build.0 = Release|Any CPU
		{E1275AE6-5060-4E93-88D8-BA48BA52DC7A}.Release|x86.ActiveCfg = Release|Any CPU
		{382F1331-A177-4B38-A3E7-6D1B9A0F812B}.Debug|.NET.ActiveCfg = Debug|Any CPU
		{382F1331-A177-4B38-A3E7-6D1B9A0F812B}.Debug|.NET.Build.0 = Debug|Any CPU
		{382F1331-A177-4B38-A3E7-6D1B9A0F812B}.Debug|Any CPU.ActiveCfg = Debug|Any CPU
		{382F1331-A177-4B38-A3E7-6D1B9A0F812B}.Debug|Any CPU.Build.0 = Debug|Any CPU
		{382F1331-A177-4B38-A3E7-6D1B9A0F812B}.Debug|Mixed Platforms.ActiveCfg = Debug|Any CPU
		{382F1331-A177-4B38-A3E7-6D1B9A0F812B}.Debug|Mixed Platforms.Build.0 = Debug|Any CPU
		{382F1331-A177-4B38-A3E7-6D1B9A0F812B}.Debug|x86.ActiveCfg = Debug|Any CPU
		{382F1331-A177-4B38-A3E7-6D1B9A0F812B}.Linux.Debug|.NET.ActiveCfg = Linux.Debug|Any CPU
		{382F1331-A177-4B38-A3E7-6D1B9A0F812B}.Linux.Debug|.NET.Build.0 = Linux.Debug|Any CPU
		{382F1331-A177-4B38-A3E7-6D1B9A0F812B}.Linux.Debug|Any CPU.ActiveCfg = Linux.Debug|Any CPU
		{382F1331-A177-4B38-A3E7-6D1B9A0F812B}.Linux.Debug|Any CPU.Build.0 = Linux.Debug|Any CPU
		{382F1331-A177-4B38-A3E7-6D1B9A0F812B}.Linux.Debug|Mixed Platforms.ActiveCfg = Linux.Debug|Any CPU
		{382F1331-A177-4B38-A3E7-6D1B9A0F812B}.Linux.Debug|Mixed Platforms.Build.0 = Linux.Debug|Any CPU
		{382F1331-A177-4B38-A3E7-6D1B9A0F812B}.Linux.Debug|x86.ActiveCfg = Linux.Debug|Any CPU
		{382F1331-A177-4B38-A3E7-6D1B9A0F812B}.Release|.NET.ActiveCfg = Release|Any CPU
		{382F1331-A177-4B38-A3E7-6D1B9A0F812B}.Release|.NET.Build.0 = Release|Any CPU
		{382F1331-A177-4B38-A3E7-6D1B9A0F812B}.Release|Any CPU.ActiveCfg = Release|Any CPU
		{382F1331-A177-4B38-A3E7-6D1B9A0F812B}.Release|Any CPU.Build.0 = Release|Any CPU
		{382F1331-A177-4B38-A3E7-6D1B9A0F812B}.Release|Mixed Platforms.ActiveCfg = Release|Any CPU
		{382F1331-A177-4B38-A3E7-6D1B9A0F812B}.Release|Mixed Platforms.Build.0 = Release|Any CPU
		{382F1331-A177-4B38-A3E7-6D1B9A0F812B}.Release|x86.ActiveCfg = Release|Any CPU
		{980874F0-D9C1-4EDB-8143-AD51C1E2666E}.Debug|.NET.ActiveCfg = Debug|Any CPU
		{980874F0-D9C1-4EDB-8143-AD51C1E2666E}.Debug|.NET.Build.0 = Debug|Any CPU
		{980874F0-D9C1-4EDB-8143-AD51C1E2666E}.Debug|Any CPU.ActiveCfg = Debug|Any CPU
		{980874F0-D9C1-4EDB-8143-AD51C1E2666E}.Debug|Any CPU.Build.0 = Debug|Any CPU
		{980874F0-D9C1-4EDB-8143-AD51C1E2666E}.Debug|Mixed Platforms.ActiveCfg = Debug|Any CPU
		{980874F0-D9C1-4EDB-8143-AD51C1E2666E}.Debug|Mixed Platforms.Build.0 = Debug|Any CPU
		{980874F0-D9C1-4EDB-8143-AD51C1E2666E}.Debug|x86.ActiveCfg = Debug|Any CPU
		{980874F0-D9C1-4EDB-8143-AD51C1E2666E}.Linux.Debug|.NET.ActiveCfg = Linux.Debug|Any CPU
		{980874F0-D9C1-4EDB-8143-AD51C1E2666E}.Linux.Debug|.NET.Build.0 = Linux.Debug|Any CPU
		{980874F0-D9C1-4EDB-8143-AD51C1E2666E}.Linux.Debug|Any CPU.ActiveCfg = Linux.Debug|Any CPU
		{980874F0-D9C1-4EDB-8143-AD51C1E2666E}.Linux.Debug|Any CPU.Build.0 = Linux.Debug|Any CPU
		{980874F0-D9C1-4EDB-8143-AD51C1E2666E}.Linux.Debug|Mixed Platforms.ActiveCfg = Linux.Debug|Any CPU
		{980874F0-D9C1-4EDB-8143-AD51C1E2666E}.Linux.Debug|Mixed Platforms.Build.0 = Linux.Debug|Any CPU
		{980874F0-D9C1-4EDB-8143-AD51C1E2666E}.Linux.Debug|x86.ActiveCfg = Linux.Debug|Any CPU
		{980874F0-D9C1-4EDB-8143-AD51C1E2666E}.Release|.NET.ActiveCfg = Release|Any CPU
		{980874F0-D9C1-4EDB-8143-AD51C1E2666E}.Release|.NET.Build.0 = Release|Any CPU
		{980874F0-D9C1-4EDB-8143-AD51C1E2666E}.Release|Any CPU.ActiveCfg = Release|Any CPU
		{980874F0-D9C1-4EDB-8143-AD51C1E2666E}.Release|Any CPU.Build.0 = Release|Any CPU
		{980874F0-D9C1-4EDB-8143-AD51C1E2666E}.Release|Mixed Platforms.ActiveCfg = Release|Any CPU
		{980874F0-D9C1-4EDB-8143-AD51C1E2666E}.Release|Mixed Platforms.Build.0 = Release|Any CPU
		{980874F0-D9C1-4EDB-8143-AD51C1E2666E}.Release|x86.ActiveCfg = Release|Any CPU
		{171546DC-5AFF-43BF-B8E6-EA6AC96C9C61}.Debug|.NET.ActiveCfg = Debug|Any CPU
		{171546DC-5AFF-43BF-B8E6-EA6AC96C9C61}.Debug|.NET.Build.0 = Debug|Any CPU
		{171546DC-5AFF-43BF-B8E6-EA6AC96C9C61}.Debug|Any CPU.ActiveCfg = Debug|Any CPU
		{171546DC-5AFF-43BF-B8E6-EA6AC96C9C61}.Debug|Any CPU.Build.0 = Debug|Any CPU
		{171546DC-5AFF-43BF-B8E6-EA6AC96C9C61}.Debug|Mixed Platforms.ActiveCfg = Debug|Any CPU
		{171546DC-5AFF-43BF-B8E6-EA6AC96C9C61}.Debug|Mixed Platforms.Build.0 = Debug|Any CPU
		{171546DC-5AFF-43BF-B8E6-EA6AC96C9C61}.Debug|x86.ActiveCfg = Debug|Any CPU
		{171546DC-5AFF-43BF-B8E6-EA6AC96C9C61}.Linux.Debug|.NET.ActiveCfg = Linux.Debug|Any CPU
		{171546DC-5AFF-43BF-B8E6-EA6AC96C9C61}.Linux.Debug|.NET.Build.0 = Linux.Debug|Any CPU
		{171546DC-5AFF-43BF-B8E6-EA6AC96C9C61}.Linux.Debug|Any CPU.ActiveCfg = Linux.Debug|Any CPU
		{171546DC-5AFF-43BF-B8E6-EA6AC96C9C61}.Linux.Debug|Any CPU.Build.0 = Linux.Debug|Any CPU
		{171546DC-5AFF-43BF-B8E6-EA6AC96C9C61}.Linux.Debug|Mixed Platforms.ActiveCfg = Linux.Debug|Any CPU
		{171546DC-5AFF-43BF-B8E6-EA6AC96C9C61}.Linux.Debug|Mixed Platforms.Build.0 = Linux.Debug|Any CPU
		{171546DC-5AFF-43BF-B8E6-EA6AC96C9C61}.Linux.Debug|x86.ActiveCfg = Linux.Debug|Any CPU
		{171546DC-5AFF-43BF-B8E6-EA6AC96C9C61}.Release|.NET.ActiveCfg = Release|Any CPU
		{171546DC-5AFF-43BF-B8E6-EA6AC96C9C61}.Release|.NET.Build.0 = Release|Any CPU
		{171546DC-5AFF-43BF-B8E6-EA6AC96C9C61}.Release|Any CPU.ActiveCfg = Release|Any CPU
		{171546DC-5AFF-43BF-B8E6-EA6AC96C9C61}.Release|Any CPU.Build.0 = Release|Any CPU
		{171546DC-5AFF-43BF-B8E6-EA6AC96C9C61}.Release|Mixed Platforms.ActiveCfg = Release|Any CPU
		{171546DC-5AFF-43BF-B8E6-EA6AC96C9C61}.Release|Mixed Platforms.Build.0 = Release|Any CPU
		{171546DC-5AFF-43BF-B8E6-EA6AC96C9C61}.Release|x86.ActiveCfg = Release|Any CPU
		{12B58C14-4FE7-4FF6-A03A-5A220571FD5C}.Debug|.NET.ActiveCfg = Debug|Any CPU
		{12B58C14-4FE7-4FF6-A03A-5A220571FD5C}.Debug|.NET.Build.0 = Debug|Any CPU
		{12B58C14-4FE7-4FF6-A03A-5A220571FD5C}.Debug|Any CPU.ActiveCfg = Debug|Any CPU
		{12B58C14-4FE7-4FF6-A03A-5A220571FD5C}.Debug|Any CPU.Build.0 = Debug|Any CPU
		{12B58C14-4FE7-4FF6-A03A-5A220571FD5C}.Debug|Mixed Platforms.ActiveCfg = Debug|Any CPU
		{12B58C14-4FE7-4FF6-A03A-5A220571FD5C}.Debug|Mixed Platforms.Build.0 = Debug|Any CPU
		{12B58C14-4FE7-4FF6-A03A-5A220571FD5C}.Debug|x86.ActiveCfg = Debug|Any CPU
		{12B58C14-4FE7-4FF6-A03A-5A220571FD5C}.Linux.Debug|.NET.ActiveCfg = Linux.Debug|Any CPU
		{12B58C14-4FE7-4FF6-A03A-5A220571FD5C}.Linux.Debug|.NET.Build.0 = Linux.Debug|Any CPU
		{12B58C14-4FE7-4FF6-A03A-5A220571FD5C}.Linux.Debug|Any CPU.ActiveCfg = Linux.Debug|Any CPU
		{12B58C14-4FE7-4FF6-A03A-5A220571FD5C}.Linux.Debug|Any CPU.Build.0 = Linux.Debug|Any CPU
		{12B58C14-4FE7-4FF6-A03A-5A220571FD5C}.Linux.Debug|Mixed Platforms.ActiveCfg = Linux.Debug|Any CPU
		{12B58C14-4FE7-4FF6-A03A-5A220571FD5C}.Linux.Debug|Mixed Platforms.Build.0 = Linux.Debug|Any CPU
		{12B58C14-4FE7-4FF6-A03A-5A220571FD5C}.Linux.Debug|x86.ActiveCfg = Linux.Debug|Any CPU
		{12B58C14-4FE7-4FF6-A03A-5A220571FD5C}.Release|.NET.ActiveCfg = Release|Any CPU
		{12B58C14-4FE7-4FF6-A03A-5A220571FD5C}.Release|.NET.Build.0 = Release|Any CPU
		{12B58C14-4FE7-4FF6-A03A-5A220571FD5C}.Release|Any CPU.ActiveCfg = Release|Any CPU
		{12B58C14-4FE7-4FF6-A03A-5A220571FD5C}.Release|Any CPU.Build.0 = Release|Any CPU
		{12B58C14-4FE7-4FF6-A03A-5A220571FD5C}.Release|Mixed Platforms.ActiveCfg = Release|Any CPU
		{12B58C14-4FE7-4FF6-A03A-5A220571FD5C}.Release|Mixed Platforms.Build.0 = Release|Any CPU
		{12B58C14-4FE7-4FF6-A03A-5A220571FD5C}.Release|x86.ActiveCfg = Release|Any CPU
		{26C035B1-A53D-44E0-BEED-CB97EC56B38E}.Debug|.NET.ActiveCfg = Debug|Any CPU
		{26C035B1-A53D-44E0-BEED-CB97EC56B38E}.Debug|.NET.Build.0 = Debug|Any CPU
		{26C035B1-A53D-44E0-BEED-CB97EC56B38E}.Debug|Any CPU.ActiveCfg = Debug|Any CPU
		{26C035B1-A53D-44E0-BEED-CB97EC56B38E}.Debug|Any CPU.Build.0 = Debug|Any CPU
		{26C035B1-A53D-44E0-BEED-CB97EC56B38E}.Debug|Mixed Platforms.ActiveCfg = Debug|Any CPU
		{26C035B1-A53D-44E0-BEED-CB97EC56B38E}.Debug|Mixed Platforms.Build.0 = Debug|Any CPU
		{26C035B1-A53D-44E0-BEED-CB97EC56B38E}.Debug|x86.ActiveCfg = Debug|Any CPU
		{26C035B1-A53D-44E0-BEED-CB97EC56B38E}.Linux.Debug|.NET.ActiveCfg = Linux.Debug|Any CPU
		{26C035B1-A53D-44E0-BEED-CB97EC56B38E}.Linux.Debug|.NET.Build.0 = Linux.Debug|Any CPU
		{26C035B1-A53D-44E0-BEED-CB97EC56B38E}.Linux.Debug|Any CPU.ActiveCfg = Linux.Debug|Any CPU
		{26C035B1-A53D-44E0-BEED-CB97EC56B38E}.Linux.Debug|Any CPU.Build.0 = Linux.Debug|Any CPU
		{26C035B1-A53D-44E0-BEED-CB97EC56B38E}.Linux.Debug|Mixed Platforms.ActiveCfg = Linux.Debug|Any CPU
		{26C035B1-A53D-44E0-BEED-CB97EC56B38E}.Linux.Debug|Mixed Platforms.Build.0 = Linux.Debug|Any CPU
		{26C035B1-A53D-44E0-BEED-CB97EC56B38E}.Linux.Debug|x86.ActiveCfg = Linux.Debug|Any CPU
		{26C035B1-A53D-44E0-BEED-CB97EC56B38E}.Release|.NET.ActiveCfg = Release|Any CPU
		{26C035B1-A53D-44E0-BEED-CB97EC56B38E}.Release|.NET.Build.0 = Release|Any CPU
		{26C035B1-A53D-44E0-BEED-CB97EC56B38E}.Release|Any CPU.ActiveCfg = Release|Any CPU
		{26C035B1-A53D-44E0-BEED-CB97EC56B38E}.Release|Any CPU.Build.0 = Release|Any CPU
		{26C035B1-A53D-44E0-BEED-CB97EC56B38E}.Release|Mixed Platforms.ActiveCfg = Release|Any CPU
		{26C035B1-A53D-44E0-BEED-CB97EC56B38E}.Release|Mixed Platforms.Build.0 = Release|Any CPU
		{26C035B1-A53D-44E0-BEED-CB97EC56B38E}.Release|x86.ActiveCfg = Release|Any CPU
		{04B881EC-50C8-43DE-8E21-1D2EB38E1BB7}.Debug|.NET.ActiveCfg = Debug|Any CPU
		{04B881EC-50C8-43DE-8E21-1D2EB38E1BB7}.Debug|.NET.Build.0 = Debug|Any CPU
		{04B881EC-50C8-43DE-8E21-1D2EB38E1BB7}.Debug|Any CPU.ActiveCfg = Debug|Any CPU
		{04B881EC-50C8-43DE-8E21-1D2EB38E1BB7}.Debug|Any CPU.Build.0 = Debug|Any CPU
		{04B881EC-50C8-43DE-8E21-1D2EB38E1BB7}.Debug|Mixed Platforms.ActiveCfg = Debug|Any CPU
		{04B881EC-50C8-43DE-8E21-1D2EB38E1BB7}.Debug|Mixed Platforms.Build.0 = Debug|Any CPU
		{04B881EC-50C8-43DE-8E21-1D2EB38E1BB7}.Debug|x86.ActiveCfg = Debug|Any CPU
		{04B881EC-50C8-43DE-8E21-1D2EB38E1BB7}.Linux.Debug|.NET.ActiveCfg = Linux.Debug|Any CPU
		{04B881EC-50C8-43DE-8E21-1D2EB38E1BB7}.Linux.Debug|.NET.Build.0 = Linux.Debug|Any CPU
		{04B881EC-50C8-43DE-8E21-1D2EB38E1BB7}.Linux.Debug|Any CPU.ActiveCfg = Linux.Debug|Any CPU
		{04B881EC-50C8-43DE-8E21-1D2EB38E1BB7}.Linux.Debug|Any CPU.Build.0 = Linux.Debug|Any CPU
		{04B881EC-50C8-43DE-8E21-1D2EB38E1BB7}.Linux.Debug|Mixed Platforms.ActiveCfg = Linux.Debug|Any CPU
		{04B881EC-50C8-43DE-8E21-1D2EB38E1BB7}.Linux.Debug|Mixed Platforms.Build.0 = Linux.Debug|Any CPU
		{04B881EC-50C8-43DE-8E21-1D2EB38E1BB7}.Linux.Debug|x86.ActiveCfg = Linux.Debug|Any CPU
		{04B881EC-50C8-43DE-8E21-1D2EB38E1BB7}.Release|.NET.ActiveCfg = Release|Any CPU
		{04B881EC-50C8-43DE-8E21-1D2EB38E1BB7}.Release|.NET.Build.0 = Release|Any CPU
		{04B881EC-50C8-43DE-8E21-1D2EB38E1BB7}.Release|Any CPU.ActiveCfg = Release|Any CPU
		{04B881EC-50C8-43DE-8E21-1D2EB38E1BB7}.Release|Any CPU.Build.0 = Release|Any CPU
		{04B881EC-50C8-43DE-8E21-1D2EB38E1BB7}.Release|Mixed Platforms.ActiveCfg = Release|Any CPU
		{04B881EC-50C8-43DE-8E21-1D2EB38E1BB7}.Release|Mixed Platforms.Build.0 = Release|Any CPU
		{04B881EC-50C8-43DE-8E21-1D2EB38E1BB7}.Release|x86.ActiveCfg = Release|Any CPU
		{C93A48F5-8DF9-4A40-BB3B-FDE1CA9D6BA8}.Debug|.NET.ActiveCfg = Debug|Any CPU
		{C93A48F5-8DF9-4A40-BB3B-FDE1CA9D6BA8}.Debug|.NET.Build.0 = Debug|Any CPU
		{C93A48F5-8DF9-4A40-BB3B-FDE1CA9D6BA8}.Debug|Any CPU.ActiveCfg = Debug|Any CPU
		{C93A48F5-8DF9-4A40-BB3B-FDE1CA9D6BA8}.Debug|Any CPU.Build.0 = Debug|Any CPU
		{C93A48F5-8DF9-4A40-BB3B-FDE1CA9D6BA8}.Debug|Mixed Platforms.ActiveCfg = Debug|Any CPU
		{C93A48F5-8DF9-4A40-BB3B-FDE1CA9D6BA8}.Debug|Mixed Platforms.Build.0 = Debug|Any CPU
		{C93A48F5-8DF9-4A40-BB3B-FDE1CA9D6BA8}.Debug|x86.ActiveCfg = Debug|Any CPU
		{C93A48F5-8DF9-4A40-BB3B-FDE1CA9D6BA8}.Linux.Debug|.NET.ActiveCfg = Linux.Debug|Any CPU
		{C93A48F5-8DF9-4A40-BB3B-FDE1CA9D6BA8}.Linux.Debug|.NET.Build.0 = Linux.Debug|Any CPU
		{C93A48F5-8DF9-4A40-BB3B-FDE1CA9D6BA8}.Linux.Debug|Any CPU.ActiveCfg = Linux.Debug|Any CPU
		{C93A48F5-8DF9-4A40-BB3B-FDE1CA9D6BA8}.Linux.Debug|Any CPU.Build.0 = Linux.Debug|Any CPU
		{C93A48F5-8DF9-4A40-BB3B-FDE1CA9D6BA8}.Linux.Debug|Mixed Platforms.ActiveCfg = Linux.Debug|Any CPU
		{C93A48F5-8DF9-4A40-BB3B-FDE1CA9D6BA8}.Linux.Debug|Mixed Platforms.Build.0 = Linux.Debug|Any CPU
		{C93A48F5-8DF9-4A40-BB3B-FDE1CA9D6BA8}.Linux.Debug|x86.ActiveCfg = Linux.Debug|Any CPU
		{C93A48F5-8DF9-4A40-BB3B-FDE1CA9D6BA8}.Release|.NET.ActiveCfg = Release|Any CPU
		{C93A48F5-8DF9-4A40-BB3B-FDE1CA9D6BA8}.Release|.NET.Build.0 = Release|Any CPU
		{C93A48F5-8DF9-4A40-BB3B-FDE1CA9D6BA8}.Release|Any CPU.ActiveCfg = Release|Any CPU
		{C93A48F5-8DF9-4A40-BB3B-FDE1CA9D6BA8}.Release|Any CPU.Build.0 = Release|Any CPU
		{C93A48F5-8DF9-4A40-BB3B-FDE1CA9D6BA8}.Release|Mixed Platforms.ActiveCfg = Release|Any CPU
		{C93A48F5-8DF9-4A40-BB3B-FDE1CA9D6BA8}.Release|Mixed Platforms.Build.0 = Release|Any CPU
		{C93A48F5-8DF9-4A40-BB3B-FDE1CA9D6BA8}.Release|x86.ActiveCfg = Release|Any CPU
		{980874F0-D9C1-4EDB-8143-AD51C1E2666F}.Debug|.NET.ActiveCfg = Debug|Any CPU
		{980874F0-D9C1-4EDB-8143-AD51C1E2666F}.Debug|.NET.Build.0 = Debug|Any CPU
		{980874F0-D9C1-4EDB-8143-AD51C1E2666F}.Debug|Any CPU.ActiveCfg = Debug|Any CPU
		{980874F0-D9C1-4EDB-8143-AD51C1E2666F}.Debug|Any CPU.Build.0 = Debug|Any CPU
		{980874F0-D9C1-4EDB-8143-AD51C1E2666F}.Debug|Mixed Platforms.ActiveCfg = Debug|Any CPU
		{980874F0-D9C1-4EDB-8143-AD51C1E2666F}.Debug|Mixed Platforms.Build.0 = Debug|Any CPU
		{980874F0-D9C1-4EDB-8143-AD51C1E2666F}.Debug|x86.ActiveCfg = Debug|Any CPU
		{980874F0-D9C1-4EDB-8143-AD51C1E2666F}.Linux.Debug|.NET.ActiveCfg = Linux.Debug|Any CPU
		{980874F0-D9C1-4EDB-8143-AD51C1E2666F}.Linux.Debug|.NET.Build.0 = Linux.Debug|Any CPU
		{980874F0-D9C1-4EDB-8143-AD51C1E2666F}.Linux.Debug|Any CPU.ActiveCfg = Linux.Debug|Any CPU
		{980874F0-D9C1-4EDB-8143-AD51C1E2666F}.Linux.Debug|Any CPU.Build.0 = Linux.Debug|Any CPU
		{980874F0-D9C1-4EDB-8143-AD51C1E2666F}.Linux.Debug|Mixed Platforms.ActiveCfg = Linux.Debug|Any CPU
		{980874F0-D9C1-4EDB-8143-AD51C1E2666F}.Linux.Debug|Mixed Platforms.Build.0 = Linux.Debug|Any CPU
		{980874F0-D9C1-4EDB-8143-AD51C1E2666F}.Linux.Debug|x86.ActiveCfg = Linux.Debug|Any CPU
		{980874F0-D9C1-4EDB-8143-AD51C1E2666F}.Release|.NET.ActiveCfg = Release|Any CPU
		{980874F0-D9C1-4EDB-8143-AD51C1E2666F}.Release|.NET.Build.0 = Release|Any CPU
		{980874F0-D9C1-4EDB-8143-AD51C1E2666F}.Release|Any CPU.ActiveCfg = Release|Any CPU
		{980874F0-D9C1-4EDB-8143-AD51C1E2666F}.Release|Any CPU.Build.0 = Release|Any CPU
		{980874F0-D9C1-4EDB-8143-AD51C1E2666F}.Release|Mixed Platforms.ActiveCfg = Release|Any CPU
		{980874F0-D9C1-4EDB-8143-AD51C1E2666F}.Release|Mixed Platforms.Build.0 = Release|Any CPU
		{980874F0-D9C1-4EDB-8143-AD51C1E2666F}.Release|x86.ActiveCfg = Release|Any CPU
		{95E39A40-35BC-4214-86E5-EE451C138EE1}.Debug|.NET.ActiveCfg = Debug|Any CPU
		{95E39A40-35BC-4214-86E5-EE451C138EE1}.Debug|.NET.Build.0 = Debug|Any CPU
		{95E39A40-35BC-4214-86E5-EE451C138EE1}.Debug|Any CPU.ActiveCfg = Debug|Any CPU
		{95E39A40-35BC-4214-86E5-EE451C138EE1}.Debug|Any CPU.Build.0 = Debug|Any CPU
		{95E39A40-35BC-4214-86E5-EE451C138EE1}.Debug|Mixed Platforms.ActiveCfg = Debug|Any CPU
		{95E39A40-35BC-4214-86E5-EE451C138EE1}.Debug|Mixed Platforms.Build.0 = Debug|Any CPU
		{95E39A40-35BC-4214-86E5-EE451C138EE1}.Debug|x86.ActiveCfg = Debug|Any CPU
		{95E39A40-35BC-4214-86E5-EE451C138EE1}.Linux.Debug|.NET.ActiveCfg = Linux.Debug|Any CPU
		{95E39A40-35BC-4214-86E5-EE451C138EE1}.Linux.Debug|.NET.Build.0 = Linux.Debug|Any CPU
		{95E39A40-35BC-4214-86E5-EE451C138EE1}.Linux.Debug|Any CPU.ActiveCfg = Linux.Debug|Any CPU
		{95E39A40-35BC-4214-86E5-EE451C138EE1}.Linux.Debug|Any CPU.Build.0 = Linux.Debug|Any CPU
		{95E39A40-35BC-4214-86E5-EE451C138EE1}.Linux.Debug|Mixed Platforms.ActiveCfg = Linux.Debug|Any CPU
		{95E39A40-35BC-4214-86E5-EE451C138EE1}.Linux.Debug|Mixed Platforms.Build.0 = Linux.Debug|Any CPU
		{95E39A40-35BC-4214-86E5-EE451C138EE1}.Linux.Debug|x86.ActiveCfg = Linux.Debug|Any CPU
		{95E39A40-35BC-4214-86E5-EE451C138EE1}.Release|.NET.ActiveCfg = Release|Any CPU
		{95E39A40-35BC-4214-86E5-EE451C138EE1}.Release|.NET.Build.0 = Release|Any CPU
		{95E39A40-35BC-4214-86E5-EE451C138EE1}.Release|Any CPU.ActiveCfg = Release|Any CPU
		{95E39A40-35BC-4214-86E5-EE451C138EE1}.Release|Any CPU.Build.0 = Release|Any CPU
		{95E39A40-35BC-4214-86E5-EE451C138EE1}.Release|Mixed Platforms.ActiveCfg = Release|Any CPU
		{95E39A40-35BC-4214-86E5-EE451C138EE1}.Release|Mixed Platforms.Build.0 = Release|Any CPU
		{95E39A40-35BC-4214-86E5-EE451C138EE1}.Release|x86.ActiveCfg = Release|Any CPU
		{1EEA57CD-4824-4A14-9447-3BD0E57997F4}.Debug|.NET.ActiveCfg = Debug|Any CPU
		{1EEA57CD-4824-4A14-9447-3BD0E57997F4}.Debug|.NET.Build.0 = Debug|Any CPU
		{1EEA57CD-4824-4A14-9447-3BD0E57997F4}.Debug|Any CPU.ActiveCfg = Debug|Any CPU
		{1EEA57CD-4824-4A14-9447-3BD0E57997F4}.Debug|Any CPU.Build.0 = Debug|Any CPU
		{1EEA57CD-4824-4A14-9447-3BD0E57997F4}.Debug|Mixed Platforms.ActiveCfg = Debug|Any CPU
		{1EEA57CD-4824-4A14-9447-3BD0E57997F4}.Debug|Mixed Platforms.Build.0 = Debug|Any CPU
		{1EEA57CD-4824-4A14-9447-3BD0E57997F4}.Debug|x86.ActiveCfg = Debug|Any CPU
		{1EEA57CD-4824-4A14-9447-3BD0E57997F4}.Linux.Debug|.NET.ActiveCfg = Linux.Debug|Any CPU
		{1EEA57CD-4824-4A14-9447-3BD0E57997F4}.Linux.Debug|.NET.Build.0 = Linux.Debug|Any CPU
		{1EEA57CD-4824-4A14-9447-3BD0E57997F4}.Linux.Debug|Any CPU.ActiveCfg = Linux.Debug|Any CPU
		{1EEA57CD-4824-4A14-9447-3BD0E57997F4}.Linux.Debug|Any CPU.Build.0 = Linux.Debug|Any CPU
		{1EEA57CD-4824-4A14-9447-3BD0E57997F4}.Linux.Debug|Mixed Platforms.ActiveCfg = Linux.Debug|Any CPU
		{1EEA57CD-4824-4A14-9447-3BD0E57997F4}.Linux.Debug|Mixed Platforms.Build.0 = Linux.Debug|Any CPU
		{1EEA57CD-4824-4A14-9447-3BD0E57997F4}.Linux.Debug|x86.ActiveCfg = Linux.Debug|Any CPU
		{1EEA57CD-4824-4A14-9447-3BD0E57997F4}.Release|.NET.ActiveCfg = Release|Any CPU
		{1EEA57CD-4824-4A14-9447-3BD0E57997F4}.Release|.NET.Build.0 = Release|Any CPU
		{1EEA57CD-4824-4A14-9447-3BD0E57997F4}.Release|Any CPU.ActiveCfg = Release|Any CPU
		{1EEA57CD-4824-4A14-9447-3BD0E57997F4}.Release|Any CPU.Build.0 = Release|Any CPU
		{1EEA57CD-4824-4A14-9447-3BD0E57997F4}.Release|Mixed Platforms.ActiveCfg = Release|Any CPU
		{1EEA57CD-4824-4A14-9447-3BD0E57997F4}.Release|Mixed Platforms.Build.0 = Release|Any CPU
		{1EEA57CD-4824-4A14-9447-3BD0E57997F4}.Release|x86.ActiveCfg = Release|Any CPU
		{1BF9C9A2-9A22-4C22-AFE8-DDB711CC1EEB}.Debug|.NET.ActiveCfg = Debug|Any CPU
		{1BF9C9A2-9A22-4C22-AFE8-DDB711CC1EEB}.Debug|.NET.Build.0 = Debug|Any CPU
		{1BF9C9A2-9A22-4C22-AFE8-DDB711CC1EEB}.Debug|Any CPU.ActiveCfg = Debug|Any CPU
		{1BF9C9A2-9A22-4C22-AFE8-DDB711CC1EEB}.Debug|Any CPU.Build.0 = Debug|Any CPU
		{1BF9C9A2-9A22-4C22-AFE8-DDB711CC1EEB}.Debug|Mixed Platforms.ActiveCfg = Debug|Any CPU
		{1BF9C9A2-9A22-4C22-AFE8-DDB711CC1EEB}.Debug|Mixed Platforms.Build.0 = Debug|Any CPU
		{1BF9C9A2-9A22-4C22-AFE8-DDB711CC1EEB}.Debug|x86.ActiveCfg = Debug|Any CPU
		{1BF9C9A2-9A22-4C22-AFE8-DDB711CC1EEB}.Linux.Debug|.NET.ActiveCfg = Linux.Debug|Any CPU
		{1BF9C9A2-9A22-4C22-AFE8-DDB711CC1EEB}.Linux.Debug|.NET.Build.0 = Linux.Debug|Any CPU
		{1BF9C9A2-9A22-4C22-AFE8-DDB711CC1EEB}.Linux.Debug|Any CPU.ActiveCfg = Linux.Debug|Any CPU
		{1BF9C9A2-9A22-4C22-AFE8-DDB711CC1EEB}.Linux.Debug|Any CPU.Build.0 = Linux.Debug|Any CPU
		{1BF9C9A2-9A22-4C22-AFE8-DDB711CC1EEB}.Linux.Debug|Mixed Platforms.ActiveCfg = Linux.Debug|Any CPU
		{1BF9C9A2-9A22-4C22-AFE8-DDB711CC1EEB}.Linux.Debug|Mixed Platforms.Build.0 = Linux.Debug|Any CPU
		{1BF9C9A2-9A22-4C22-AFE8-DDB711CC1EEB}.Linux.Debug|x86.ActiveCfg = Linux.Debug|Any CPU
		{1BF9C9A2-9A22-4C22-AFE8-DDB711CC1EEB}.Release|.NET.ActiveCfg = Release|Any CPU
		{1BF9C9A2-9A22-4C22-AFE8-DDB711CC1EEB}.Release|.NET.Build.0 = Release|Any CPU
		{1BF9C9A2-9A22-4C22-AFE8-DDB711CC1EEB}.Release|Any CPU.ActiveCfg = Release|Any CPU
		{1BF9C9A2-9A22-4C22-AFE8-DDB711CC1EEB}.Release|Any CPU.Build.0 = Release|Any CPU
		{1BF9C9A2-9A22-4C22-AFE8-DDB711CC1EEB}.Release|Mixed Platforms.ActiveCfg = Release|Any CPU
		{1BF9C9A2-9A22-4C22-AFE8-DDB711CC1EEB}.Release|Mixed Platforms.Build.0 = Release|Any CPU
		{1BF9C9A2-9A22-4C22-AFE8-DDB711CC1EEB}.Release|x86.ActiveCfg = Release|Any CPU
		{04656394-60EA-4675-95EE-3DA6D07BAB89}.Debug|.NET.ActiveCfg = Debug|Any CPU
		{04656394-60EA-4675-95EE-3DA6D07BAB89}.Debug|.NET.Build.0 = Debug|Any CPU
		{04656394-60EA-4675-95EE-3DA6D07BAB89}.Debug|Any CPU.ActiveCfg = Debug|Any CPU
		{04656394-60EA-4675-95EE-3DA6D07BAB89}.Debug|Any CPU.Build.0 = Debug|Any CPU
		{04656394-60EA-4675-95EE-3DA6D07BAB89}.Debug|Mixed Platforms.ActiveCfg = Debug|Any CPU
		{04656394-60EA-4675-95EE-3DA6D07BAB89}.Debug|Mixed Platforms.Build.0 = Debug|Any CPU
		{04656394-60EA-4675-95EE-3DA6D07BAB89}.Debug|x86.ActiveCfg = Debug|Any CPU
		{04656394-60EA-4675-95EE-3DA6D07BAB89}.Linux.Debug|.NET.ActiveCfg = Linux.Debug|Any CPU
		{04656394-60EA-4675-95EE-3DA6D07BAB89}.Linux.Debug|.NET.Build.0 = Linux.Debug|Any CPU
		{04656394-60EA-4675-95EE-3DA6D07BAB89}.Linux.Debug|Any CPU.ActiveCfg = Linux.Debug|Any CPU
		{04656394-60EA-4675-95EE-3DA6D07BAB89}.Linux.Debug|Any CPU.Build.0 = Linux.Debug|Any CPU
		{04656394-60EA-4675-95EE-3DA6D07BAB89}.Linux.Debug|Mixed Platforms.ActiveCfg = Linux.Debug|Any CPU
		{04656394-60EA-4675-95EE-3DA6D07BAB89}.Linux.Debug|Mixed Platforms.Build.0 = Linux.Debug|Any CPU
		{04656394-60EA-4675-95EE-3DA6D07BAB89}.Linux.Debug|x86.ActiveCfg = Linux.Debug|Any CPU
		{04656394-60EA-4675-95EE-3DA6D07BAB89}.Release|.NET.ActiveCfg = Release|Any CPU
		{04656394-60EA-4675-95EE-3DA6D07BAB89}.Release|.NET.Build.0 = Release|Any CPU
		{04656394-60EA-4675-95EE-3DA6D07BAB89}.Release|Any CPU.ActiveCfg = Release|Any CPU
		{04656394-60EA-4675-95EE-3DA6D07BAB89}.Release|Any CPU.Build.0 = Release|Any CPU
		{04656394-60EA-4675-95EE-3DA6D07BAB89}.Release|Mixed Platforms.ActiveCfg = Release|Any CPU
		{04656394-60EA-4675-95EE-3DA6D07BAB89}.Release|Mixed Platforms.Build.0 = Release|Any CPU
		{04656394-60EA-4675-95EE-3DA6D07BAB89}.Release|x86.ActiveCfg = Release|Any CPU
		{CBE35A83-01BB-4F10-93E3-241784A22620}.Debug|.NET.ActiveCfg = Debug|Any CPU
		{CBE35A83-01BB-4F10-93E3-241784A22620}.Debug|.NET.Build.0 = Debug|Any CPU
		{CBE35A83-01BB-4F10-93E3-241784A22620}.Debug|Any CPU.ActiveCfg = Debug|Any CPU
		{CBE35A83-01BB-4F10-93E3-241784A22620}.Debug|Any CPU.Build.0 = Debug|Any CPU
		{CBE35A83-01BB-4F10-93E3-241784A22620}.Debug|Mixed Platforms.ActiveCfg = Debug|Any CPU
		{CBE35A83-01BB-4F10-93E3-241784A22620}.Debug|x86.ActiveCfg = Debug|.NET
		{CBE35A83-01BB-4F10-93E3-241784A22620}.Linux.Debug|.NET.ActiveCfg = Debug|.NET
		{CBE35A83-01BB-4F10-93E3-241784A22620}.Linux.Debug|.NET.Build.0 = Debug|.NET
		{CBE35A83-01BB-4F10-93E3-241784A22620}.Linux.Debug|Any CPU.ActiveCfg = Debug|Any CPU
		{CBE35A83-01BB-4F10-93E3-241784A22620}.Linux.Debug|Any CPU.Build.0 = Debug|Any CPU
		{CBE35A83-01BB-4F10-93E3-241784A22620}.Linux.Debug|Mixed Platforms.ActiveCfg = Debug|.NET
		{CBE35A83-01BB-4F10-93E3-241784A22620}.Linux.Debug|Mixed Platforms.Build.0 = Debug|.NET
		{CBE35A83-01BB-4F10-93E3-241784A22620}.Linux.Debug|x86.ActiveCfg = Debug|.NET
		{CBE35A83-01BB-4F10-93E3-241784A22620}.Release|.NET.ActiveCfg = Debug|Any CPU
		{CBE35A83-01BB-4F10-93E3-241784A22620}.Release|.NET.Build.0 = Release|.NET
		{CBE35A83-01BB-4F10-93E3-241784A22620}.Release|Any CPU.ActiveCfg = Debug|Any CPU
		{CBE35A83-01BB-4F10-93E3-241784A22620}.Release|Any CPU.Build.0 = Debug|Any CPU
		{CBE35A83-01BB-4F10-93E3-241784A22620}.Release|Mixed Platforms.ActiveCfg = Debug|Any CPU
		{CBE35A83-01BB-4F10-93E3-241784A22620}.Release|Mixed Platforms.Build.0 = Debug|Any CPU
		{CBE35A83-01BB-4F10-93E3-241784A22620}.Release|x86.ActiveCfg = Release|.NET
		{2C899579-BF78-442B-8810-8C7E7A2CA212}.Debug|.NET.ActiveCfg = Debug|Any CPU
		{2C899579-BF78-442B-8810-8C7E7A2CA212}.Debug|.NET.Build.0 = Debug|Any CPU
		{2C899579-BF78-442B-8810-8C7E7A2CA212}.Debug|Any CPU.ActiveCfg = Debug|Any CPU
		{2C899579-BF78-442B-8810-8C7E7A2CA212}.Debug|Any CPU.Build.0 = Debug|Any CPU
		{2C899579-BF78-442B-8810-8C7E7A2CA212}.Debug|Mixed Platforms.ActiveCfg = Debug|Any CPU
		{2C899579-BF78-442B-8810-8C7E7A2CA212}.Debug|Mixed Platforms.Build.0 = Debug|Any CPU
		{2C899579-BF78-442B-8810-8C7E7A2CA212}.Debug|x86.ActiveCfg = Debug|Any CPU
		{2C899579-BF78-442B-8810-8C7E7A2CA212}.Linux.Debug|.NET.ActiveCfg = Linux.Debug|Any CPU
		{2C899579-BF78-442B-8810-8C7E7A2CA212}.Linux.Debug|Any CPU.ActiveCfg = Linux.Debug|Any CPU
		{2C899579-BF78-442B-8810-8C7E7A2CA212}.Linux.Debug|Any CPU.Build.0 = Linux.Debug|Any CPU
		{2C899579-BF78-442B-8810-8C7E7A2CA212}.Linux.Debug|Mixed Platforms.ActiveCfg = Linux.Debug|Any CPU
		{2C899579-BF78-442B-8810-8C7E7A2CA212}.Linux.Debug|Mixed Platforms.Build.0 = Linux.Debug|Any CPU
		{2C899579-BF78-442B-8810-8C7E7A2CA212}.Linux.Debug|x86.ActiveCfg = Linux.Debug|Any CPU
		{2C899579-BF78-442B-8810-8C7E7A2CA212}.Release|.NET.ActiveCfg = Release|Any CPU
		{2C899579-BF78-442B-8810-8C7E7A2CA212}.Release|.NET.Build.0 = Release|Any CPU
		{2C899579-BF78-442B-8810-8C7E7A2CA212}.Release|Any CPU.ActiveCfg = Release|Any CPU
		{2C899579-BF78-442B-8810-8C7E7A2CA212}.Release|Any CPU.Build.0 = Release|Any CPU
		{2C899579-BF78-442B-8810-8C7E7A2CA212}.Release|Mixed Platforms.ActiveCfg = Release|Any CPU
		{2C899579-BF78-442B-8810-8C7E7A2CA212}.Release|Mixed Platforms.Build.0 = Release|Any CPU
		{2C899579-BF78-442B-8810-8C7E7A2CA212}.Release|x86.ActiveCfg = Release|Any CPU
		{E4BBC94F-B837-4668-A127-E36E6DE012F5}.Debug|.NET.ActiveCfg = Debug|Any CPU
		{E4BBC94F-B837-4668-A127-E36E6DE012F5}.Debug|.NET.Build.0 = Debug|Any CPU
		{E4BBC94F-B837-4668-A127-E36E6DE012F5}.Debug|Any CPU.ActiveCfg = Debug|Any CPU
		{E4BBC94F-B837-4668-A127-E36E6DE012F5}.Debug|Any CPU.Build.0 = Debug|Any CPU
		{E4BBC94F-B837-4668-A127-E36E6DE012F5}.Debug|Mixed Platforms.ActiveCfg = Debug|Any CPU
		{E4BBC94F-B837-4668-A127-E36E6DE012F5}.Debug|Mixed Platforms.Build.0 = Debug|Any CPU
		{E4BBC94F-B837-4668-A127-E36E6DE012F5}.Debug|x86.ActiveCfg = Debug|Any CPU
		{E4BBC94F-B837-4668-A127-E36E6DE012F5}.Linux.Debug|.NET.ActiveCfg = Linux.Debug|Any CPU
		{E4BBC94F-B837-4668-A127-E36E6DE012F5}.Linux.Debug|Any CPU.ActiveCfg = Linux.Debug|Any CPU
		{E4BBC94F-B837-4668-A127-E36E6DE012F5}.Linux.Debug|Any CPU.Build.0 = Linux.Debug|Any CPU
		{E4BBC94F-B837-4668-A127-E36E6DE012F5}.Linux.Debug|Mixed Platforms.ActiveCfg = Linux.Debug|Any CPU
		{E4BBC94F-B837-4668-A127-E36E6DE012F5}.Linux.Debug|Mixed Platforms.Build.0 = Linux.Debug|Any CPU
		{E4BBC94F-B837-4668-A127-E36E6DE012F5}.Linux.Debug|x86.ActiveCfg = Linux.Debug|Any CPU
		{E4BBC94F-B837-4668-A127-E36E6DE012F5}.Release|.NET.ActiveCfg = Release|Any CPU
		{E4BBC94F-B837-4668-A127-E36E6DE012F5}.Release|.NET.Build.0 = Release|Any CPU
		{E4BBC94F-B837-4668-A127-E36E6DE012F5}.Release|Any CPU.ActiveCfg = Release|Any CPU
		{E4BBC94F-B837-4668-A127-E36E6DE012F5}.Release|Any CPU.Build.0 = Release|Any CPU
		{E4BBC94F-B837-4668-A127-E36E6DE012F5}.Release|Mixed Platforms.ActiveCfg = Release|Any CPU
		{E4BBC94F-B837-4668-A127-E36E6DE012F5}.Release|Mixed Platforms.Build.0 = Release|Any CPU
		{E4BBC94F-B837-4668-A127-E36E6DE012F5}.Release|x86.ActiveCfg = Release|Any CPU
		{0C9E6E69-309F-46F7-A936-D5762229DEB9}.Debug|.NET.ActiveCfg = Debug|Any CPU
		{0C9E6E69-309F-46F7-A936-D5762229DEB9}.Debug|.NET.Build.0 = Debug|Any CPU
		{0C9E6E69-309F-46F7-A936-D5762229DEB9}.Debug|Any CPU.ActiveCfg = Debug|Any CPU
		{0C9E6E69-309F-46F7-A936-D5762229DEB9}.Debug|Any CPU.Build.0 = Debug|Any CPU
		{0C9E6E69-309F-46F7-A936-D5762229DEB9}.Debug|Mixed Platforms.ActiveCfg = Debug|Any CPU
		{0C9E6E69-309F-46F7-A936-D5762229DEB9}.Debug|Mixed Platforms.Build.0 = Debug|Any CPU
		{0C9E6E69-309F-46F7-A936-D5762229DEB9}.Debug|x86.ActiveCfg = Debug|Any CPU
		{0C9E6E69-309F-46F7-A936-D5762229DEB9}.Linux.Debug|.NET.ActiveCfg = Linux.Debug|Any CPU
		{0C9E6E69-309F-46F7-A936-D5762229DEB9}.Linux.Debug|.NET.Build.0 = Linux.Debug|Any CPU
		{0C9E6E69-309F-46F7-A936-D5762229DEB9}.Linux.Debug|Any CPU.ActiveCfg = Linux.Debug|Any CPU
		{0C9E6E69-309F-46F7-A936-D5762229DEB9}.Linux.Debug|Any CPU.Build.0 = Linux.Debug|Any CPU
		{0C9E6E69-309F-46F7-A936-D5762229DEB9}.Linux.Debug|Mixed Platforms.ActiveCfg = Linux.Debug|Any CPU
		{0C9E6E69-309F-46F7-A936-D5762229DEB9}.Linux.Debug|Mixed Platforms.Build.0 = Linux.Debug|Any CPU
		{0C9E6E69-309F-46F7-A936-D5762229DEB9}.Linux.Debug|x86.ActiveCfg = Linux.Debug|Any CPU
		{0C9E6E69-309F-46F7-A936-D5762229DEB9}.Release|.NET.ActiveCfg = Release|Any CPU
		{0C9E6E69-309F-46F7-A936-D5762229DEB9}.Release|.NET.Build.0 = Release|Any CPU
		{0C9E6E69-309F-46F7-A936-D5762229DEB9}.Release|Any CPU.ActiveCfg = Release|Any CPU
		{0C9E6E69-309F-46F7-A936-D5762229DEB9}.Release|Any CPU.Build.0 = Release|Any CPU
		{0C9E6E69-309F-46F7-A936-D5762229DEB9}.Release|Mixed Platforms.ActiveCfg = Release|Any CPU
		{0C9E6E69-309F-46F7-A936-D5762229DEB9}.Release|Mixed Platforms.Build.0 = Release|Any CPU
		{0C9E6E69-309F-46F7-A936-D5762229DEB9}.Release|x86.ActiveCfg = Release|Any CPU
		{52EC8DFB-9C75-4FDB-9EE1-E78847F7F711}.Debug|.NET.ActiveCfg = Debug|Any CPU
		{52EC8DFB-9C75-4FDB-9EE1-E78847F7F711}.Debug|.NET.Build.0 = Debug|Any CPU
		{52EC8DFB-9C75-4FDB-9EE1-E78847F7F711}.Debug|Any CPU.ActiveCfg = Debug|Any CPU
		{52EC8DFB-9C75-4FDB-9EE1-E78847F7F711}.Debug|Any CPU.Build.0 = Debug|Any CPU
		{52EC8DFB-9C75-4FDB-9EE1-E78847F7F711}.Debug|Mixed Platforms.ActiveCfg = Debug|Any CPU
		{52EC8DFB-9C75-4FDB-9EE1-E78847F7F711}.Debug|Mixed Platforms.Build.0 = Debug|Any CPU
		{52EC8DFB-9C75-4FDB-9EE1-E78847F7F711}.Debug|x86.ActiveCfg = Debug|Any CPU
		{52EC8DFB-9C75-4FDB-9EE1-E78847F7F711}.Linux.Debug|.NET.ActiveCfg = Linux.Debug|Any CPU
		{52EC8DFB-9C75-4FDB-9EE1-E78847F7F711}.Linux.Debug|.NET.Build.0 = Linux.Debug|Any CPU
		{52EC8DFB-9C75-4FDB-9EE1-E78847F7F711}.Linux.Debug|Any CPU.ActiveCfg = Linux.Debug|Any CPU
		{52EC8DFB-9C75-4FDB-9EE1-E78847F7F711}.Linux.Debug|Any CPU.Build.0 = Linux.Debug|Any CPU
		{52EC8DFB-9C75-4FDB-9EE1-E78847F7F711}.Linux.Debug|Mixed Platforms.ActiveCfg = Linux.Debug|Any CPU
		{52EC8DFB-9C75-4FDB-9EE1-E78847F7F711}.Linux.Debug|Mixed Platforms.Build.0 = Linux.Debug|Any CPU
		{52EC8DFB-9C75-4FDB-9EE1-E78847F7F711}.Linux.Debug|x86.ActiveCfg = Linux.Debug|Any CPU
		{52EC8DFB-9C75-4FDB-9EE1-E78847F7F711}.Release|.NET.ActiveCfg = Release|Any CPU
		{52EC8DFB-9C75-4FDB-9EE1-E78847F7F711}.Release|.NET.Build.0 = Release|Any CPU
		{52EC8DFB-9C75-4FDB-9EE1-E78847F7F711}.Release|Any CPU.ActiveCfg = Release|Any CPU
		{52EC8DFB-9C75-4FDB-9EE1-E78847F7F711}.Release|Any CPU.Build.0 = Release|Any CPU
		{52EC8DFB-9C75-4FDB-9EE1-E78847F7F711}.Release|Mixed Platforms.ActiveCfg = Release|Any CPU
		{52EC8DFB-9C75-4FDB-9EE1-E78847F7F711}.Release|Mixed Platforms.Build.0 = Release|Any CPU
		{52EC8DFB-9C75-4FDB-9EE1-E78847F7F711}.Release|x86.ActiveCfg = Release|Any CPU
		{C701ED04-08B2-4ABA-B2D3-33502690C8DA}.Debug|.NET.ActiveCfg = Debug|Any CPU
		{C701ED04-08B2-4ABA-B2D3-33502690C8DA}.Debug|.NET.Build.0 = Debug|Any CPU
		{C701ED04-08B2-4ABA-B2D3-33502690C8DA}.Debug|Any CPU.ActiveCfg = Debug|Any CPU
		{C701ED04-08B2-4ABA-B2D3-33502690C8DA}.Debug|Any CPU.Build.0 = Debug|Any CPU
		{C701ED04-08B2-4ABA-B2D3-33502690C8DA}.Debug|Mixed Platforms.ActiveCfg = Debug|Any CPU
		{C701ED04-08B2-4ABA-B2D3-33502690C8DA}.Debug|Mixed Platforms.Build.0 = Debug|Any CPU
		{C701ED04-08B2-4ABA-B2D3-33502690C8DA}.Debug|x86.ActiveCfg = Debug|Any CPU
		{C701ED04-08B2-4ABA-B2D3-33502690C8DA}.Linux.Debug|.NET.ActiveCfg = Linux.Debug|Any CPU
		{C701ED04-08B2-4ABA-B2D3-33502690C8DA}.Linux.Debug|Any CPU.ActiveCfg = Linux.Debug|Any CPU
		{C701ED04-08B2-4ABA-B2D3-33502690C8DA}.Linux.Debug|Any CPU.Build.0 = Linux.Debug|Any CPU
		{C701ED04-08B2-4ABA-B2D3-33502690C8DA}.Linux.Debug|Mixed Platforms.ActiveCfg = Linux.Debug|Any CPU
		{C701ED04-08B2-4ABA-B2D3-33502690C8DA}.Linux.Debug|Mixed Platforms.Build.0 = Linux.Debug|Any CPU
		{C701ED04-08B2-4ABA-B2D3-33502690C8DA}.Linux.Debug|x86.ActiveCfg = Linux.Debug|Any CPU
		{C701ED04-08B2-4ABA-B2D3-33502690C8DA}.Release|.NET.ActiveCfg = Release|Any CPU
		{C701ED04-08B2-4ABA-B2D3-33502690C8DA}.Release|.NET.Build.0 = Release|Any CPU
		{C701ED04-08B2-4ABA-B2D3-33502690C8DA}.Release|Any CPU.ActiveCfg = Release|Any CPU
		{C701ED04-08B2-4ABA-B2D3-33502690C8DA}.Release|Any CPU.Build.0 = Release|Any CPU
		{C701ED04-08B2-4ABA-B2D3-33502690C8DA}.Release|Mixed Platforms.ActiveCfg = Release|Any CPU
		{C701ED04-08B2-4ABA-B2D3-33502690C8DA}.Release|Mixed Platforms.Build.0 = Release|Any CPU
		{C701ED04-08B2-4ABA-B2D3-33502690C8DA}.Release|x86.ActiveCfg = Release|Any CPU
		{9677AE11-CB92-4F0A-A248-87A21586F0DA}.Debug|.NET.ActiveCfg = Debug|Any CPU
		{9677AE11-CB92-4F0A-A248-87A21586F0DA}.Debug|.NET.Build.0 = Debug|Any CPU
		{9677AE11-CB92-4F0A-A248-87A21586F0DA}.Debug|Any CPU.ActiveCfg = Debug|Any CPU
		{9677AE11-CB92-4F0A-A248-87A21586F0DA}.Debug|Any CPU.Build.0 = Debug|Any CPU
		{9677AE11-CB92-4F0A-A248-87A21586F0DA}.Debug|Mixed Platforms.ActiveCfg = Debug|Any CPU
		{9677AE11-CB92-4F0A-A248-87A21586F0DA}.Debug|Mixed Platforms.Build.0 = Debug|Any CPU
		{9677AE11-CB92-4F0A-A248-87A21586F0DA}.Debug|x86.ActiveCfg = Debug|Any CPU
		{9677AE11-CB92-4F0A-A248-87A21586F0DA}.Linux.Debug|.NET.ActiveCfg = Linux.Debug|Any CPU
		{9677AE11-CB92-4F0A-A248-87A21586F0DA}.Linux.Debug|.NET.Build.0 = Linux.Debug|Any CPU
		{9677AE11-CB92-4F0A-A248-87A21586F0DA}.Linux.Debug|Any CPU.ActiveCfg = Linux.Debug|Any CPU
		{9677AE11-CB92-4F0A-A248-87A21586F0DA}.Linux.Debug|Any CPU.Build.0 = Linux.Debug|Any CPU
		{9677AE11-CB92-4F0A-A248-87A21586F0DA}.Linux.Debug|Mixed Platforms.ActiveCfg = Linux.Debug|Any CPU
		{9677AE11-CB92-4F0A-A248-87A21586F0DA}.Linux.Debug|Mixed Platforms.Build.0 = Linux.Debug|Any CPU
		{9677AE11-CB92-4F0A-A248-87A21586F0DA}.Linux.Debug|x86.ActiveCfg = Linux.Debug|Any CPU
		{9677AE11-CB92-4F0A-A248-87A21586F0DA}.Release|.NET.ActiveCfg = Release|Any CPU
		{9677AE11-CB92-4F0A-A248-87A21586F0DA}.Release|.NET.Build.0 = Release|Any CPU
		{9677AE11-CB92-4F0A-A248-87A21586F0DA}.Release|Any CPU.ActiveCfg = Release|Any CPU
		{9677AE11-CB92-4F0A-A248-87A21586F0DA}.Release|Any CPU.Build.0 = Release|Any CPU
		{9677AE11-CB92-4F0A-A248-87A21586F0DA}.Release|Mixed Platforms.ActiveCfg = Release|Any CPU
		{9677AE11-CB92-4F0A-A248-87A21586F0DA}.Release|Mixed Platforms.Build.0 = Release|Any CPU
		{9677AE11-CB92-4F0A-A248-87A21586F0DA}.Release|x86.ActiveCfg = Release|Any CPU
		{3760694D-3B35-41D4-B1A3-41BB288AA19F}.Debug|.NET.ActiveCfg = Debug|Any CPU
		{3760694D-3B35-41D4-B1A3-41BB288AA19F}.Debug|.NET.Build.0 = Debug|Any CPU
		{3760694D-3B35-41D4-B1A3-41BB288AA19F}.Debug|Any CPU.ActiveCfg = Debug|Any CPU
		{3760694D-3B35-41D4-B1A3-41BB288AA19F}.Debug|Any CPU.Build.0 = Debug|Any CPU
		{3760694D-3B35-41D4-B1A3-41BB288AA19F}.Debug|Mixed Platforms.ActiveCfg = Debug|Any CPU
		{3760694D-3B35-41D4-B1A3-41BB288AA19F}.Debug|Mixed Platforms.Build.0 = Debug|Any CPU
		{3760694D-3B35-41D4-B1A3-41BB288AA19F}.Debug|x86.ActiveCfg = Debug|Any CPU
		{3760694D-3B35-41D4-B1A3-41BB288AA19F}.Linux.Debug|.NET.ActiveCfg = Linux.Debug|Any CPU
		{3760694D-3B35-41D4-B1A3-41BB288AA19F}.Linux.Debug|.NET.Build.0 = Linux.Debug|Any CPU
		{3760694D-3B35-41D4-B1A3-41BB288AA19F}.Linux.Debug|Any CPU.ActiveCfg = Linux.Debug|Any CPU
		{3760694D-3B35-41D4-B1A3-41BB288AA19F}.Linux.Debug|Mixed Platforms.ActiveCfg = Linux.Debug|Any CPU
		{3760694D-3B35-41D4-B1A3-41BB288AA19F}.Linux.Debug|Mixed Platforms.Build.0 = Linux.Debug|Any CPU
		{3760694D-3B35-41D4-B1A3-41BB288AA19F}.Linux.Debug|x86.ActiveCfg = Linux.Debug|Any CPU
		{3760694D-3B35-41D4-B1A3-41BB288AA19F}.Release|.NET.ActiveCfg = Release|Any CPU
		{3760694D-3B35-41D4-B1A3-41BB288AA19F}.Release|Any CPU.ActiveCfg = Release|Any CPU
		{3760694D-3B35-41D4-B1A3-41BB288AA19F}.Release|Any CPU.Build.0 = Release|Any CPU
		{3760694D-3B35-41D4-B1A3-41BB288AA19F}.Release|Mixed Platforms.ActiveCfg = Release|Any CPU
		{3760694D-3B35-41D4-B1A3-41BB288AA19F}.Release|Mixed Platforms.Build.0 = Release|Any CPU
		{3760694D-3B35-41D4-B1A3-41BB288AA19F}.Release|x86.ActiveCfg = Release|Any CPU
		{B1AE679D-BA5A-4E70-8D21-D99C46A34F79}.Debug|.NET.ActiveCfg = Debug|Any CPU
		{B1AE679D-BA5A-4E70-8D21-D99C46A34F79}.Debug|.NET.Build.0 = Debug|Any CPU
		{B1AE679D-BA5A-4E70-8D21-D99C46A34F79}.Debug|Any CPU.ActiveCfg = Debug|Any CPU
		{B1AE679D-BA5A-4E70-8D21-D99C46A34F79}.Debug|Any CPU.Build.0 = Debug|Any CPU
		{B1AE679D-BA5A-4E70-8D21-D99C46A34F79}.Debug|Mixed Platforms.ActiveCfg = Debug|Any CPU
		{B1AE679D-BA5A-4E70-8D21-D99C46A34F79}.Debug|Mixed Platforms.Build.0 = Debug|Any CPU
		{B1AE679D-BA5A-4E70-8D21-D99C46A34F79}.Debug|x86.ActiveCfg = Debug|Any CPU
		{B1AE679D-BA5A-4E70-8D21-D99C46A34F79}.Linux.Debug|.NET.ActiveCfg = Linux.Debug|Any CPU
		{B1AE679D-BA5A-4E70-8D21-D99C46A34F79}.Linux.Debug|.NET.Build.0 = Linux.Debug|Any CPU
		{B1AE679D-BA5A-4E70-8D21-D99C46A34F79}.Linux.Debug|Any CPU.ActiveCfg = Linux.Debug|Any CPU
		{B1AE679D-BA5A-4E70-8D21-D99C46A34F79}.Linux.Debug|Mixed Platforms.ActiveCfg = Linux.Debug|Any CPU
		{B1AE679D-BA5A-4E70-8D21-D99C46A34F79}.Linux.Debug|Mixed Platforms.Build.0 = Linux.Debug|Any CPU
		{B1AE679D-BA5A-4E70-8D21-D99C46A34F79}.Linux.Debug|x86.ActiveCfg = Linux.Debug|Any CPU
		{B1AE679D-BA5A-4E70-8D21-D99C46A34F79}.Release|.NET.ActiveCfg = Release|Any CPU
		{B1AE679D-BA5A-4E70-8D21-D99C46A34F79}.Release|Any CPU.ActiveCfg = Release|Any CPU
		{B1AE679D-BA5A-4E70-8D21-D99C46A34F79}.Release|Any CPU.Build.0 = Release|Any CPU
		{B1AE679D-BA5A-4E70-8D21-D99C46A34F79}.Release|Mixed Platforms.ActiveCfg = Release|Any CPU
		{B1AE679D-BA5A-4E70-8D21-D99C46A34F79}.Release|Mixed Platforms.Build.0 = Release|Any CPU
		{B1AE679D-BA5A-4E70-8D21-D99C46A34F79}.Release|x86.ActiveCfg = Release|Any CPU
		{4183E4F7-4ACB-4FE1-A3BF-DDEA50CD9545}.Debug|.NET.ActiveCfg = Debug|Any CPU
		{4183E4F7-4ACB-4FE1-A3BF-DDEA50CD9545}.Debug|.NET.Build.0 = Debug|Any CPU
		{4183E4F7-4ACB-4FE1-A3BF-DDEA50CD9545}.Debug|Any CPU.ActiveCfg = Debug|Any CPU
		{4183E4F7-4ACB-4FE1-A3BF-DDEA50CD9545}.Debug|Any CPU.Build.0 = Debug|Any CPU
		{4183E4F7-4ACB-4FE1-A3BF-DDEA50CD9545}.Debug|Mixed Platforms.ActiveCfg = Debug|Any CPU
		{4183E4F7-4ACB-4FE1-A3BF-DDEA50CD9545}.Debug|Mixed Platforms.Build.0 = Debug|Any CPU
		{4183E4F7-4ACB-4FE1-A3BF-DDEA50CD9545}.Debug|x86.ActiveCfg = Debug|Any CPU
		{4183E4F7-4ACB-4FE1-A3BF-DDEA50CD9545}.Linux.Debug|.NET.ActiveCfg = Linux.Debug|Any CPU
		{4183E4F7-4ACB-4FE1-A3BF-DDEA50CD9545}.Linux.Debug|.NET.Build.0 = Linux.Debug|Any CPU
		{4183E4F7-4ACB-4FE1-A3BF-DDEA50CD9545}.Linux.Debug|Any CPU.ActiveCfg = Linux.Debug|Any CPU
		{4183E4F7-4ACB-4FE1-A3BF-DDEA50CD9545}.Linux.Debug|Mixed Platforms.ActiveCfg = Linux.Debug|Any CPU
		{4183E4F7-4ACB-4FE1-A3BF-DDEA50CD9545}.Linux.Debug|Mixed Platforms.Build.0 = Linux.Debug|Any CPU
		{4183E4F7-4ACB-4FE1-A3BF-DDEA50CD9545}.Linux.Debug|x86.ActiveCfg = Linux.Debug|Any CPU
		{4183E4F7-4ACB-4FE1-A3BF-DDEA50CD9545}.Release|.NET.ActiveCfg = Release|Any CPU
		{4183E4F7-4ACB-4FE1-A3BF-DDEA50CD9545}.Release|Any CPU.ActiveCfg = Release|Any CPU
		{4183E4F7-4ACB-4FE1-A3BF-DDEA50CD9545}.Release|Any CPU.Build.0 = Release|Any CPU
		{4183E4F7-4ACB-4FE1-A3BF-DDEA50CD9545}.Release|Mixed Platforms.ActiveCfg = Release|Any CPU
		{4183E4F7-4ACB-4FE1-A3BF-DDEA50CD9545}.Release|Mixed Platforms.Build.0 = Release|Any CPU
		{4183E4F7-4ACB-4FE1-A3BF-DDEA50CD9545}.Release|x86.ActiveCfg = Release|Any CPU
		{7E3CE048-00C1-4357-BE27-801AB5B75FE3}.Debug|.NET.ActiveCfg = Debug|Any CPU
		{7E3CE048-00C1-4357-BE27-801AB5B75FE3}.Debug|.NET.Build.0 = Debug|Any CPU
		{7E3CE048-00C1-4357-BE27-801AB5B75FE3}.Debug|Any CPU.ActiveCfg = Debug|Any CPU
		{7E3CE048-00C1-4357-BE27-801AB5B75FE3}.Debug|Any CPU.Build.0 = Debug|Any CPU
		{7E3CE048-00C1-4357-BE27-801AB5B75FE3}.Debug|Mixed Platforms.ActiveCfg = Debug|Any CPU
		{7E3CE048-00C1-4357-BE27-801AB5B75FE3}.Debug|Mixed Platforms.Build.0 = Debug|Any CPU
		{7E3CE048-00C1-4357-BE27-801AB5B75FE3}.Debug|x86.ActiveCfg = Debug|Any CPU
		{7E3CE048-00C1-4357-BE27-801AB5B75FE3}.Linux.Debug|.NET.ActiveCfg = Linux.Debug|Any CPU
		{7E3CE048-00C1-4357-BE27-801AB5B75FE3}.Linux.Debug|.NET.Build.0 = Linux.Debug|Any CPU
		{7E3CE048-00C1-4357-BE27-801AB5B75FE3}.Linux.Debug|Any CPU.ActiveCfg = Linux.Debug|Any CPU
		{7E3CE048-00C1-4357-BE27-801AB5B75FE3}.Linux.Debug|Mixed Platforms.ActiveCfg = Linux.Debug|Any CPU
		{7E3CE048-00C1-4357-BE27-801AB5B75FE3}.Linux.Debug|Mixed Platforms.Build.0 = Linux.Debug|Any CPU
		{7E3CE048-00C1-4357-BE27-801AB5B75FE3}.Linux.Debug|x86.ActiveCfg = Linux.Debug|Any CPU
		{7E3CE048-00C1-4357-BE27-801AB5B75FE3}.Release|.NET.ActiveCfg = Release|Any CPU
		{7E3CE048-00C1-4357-BE27-801AB5B75FE3}.Release|Any CPU.ActiveCfg = Release|Any CPU
		{7E3CE048-00C1-4357-BE27-801AB5B75FE3}.Release|Any CPU.Build.0 = Release|Any CPU
		{7E3CE048-00C1-4357-BE27-801AB5B75FE3}.Release|Mixed Platforms.ActiveCfg = Release|Any CPU
		{7E3CE048-00C1-4357-BE27-801AB5B75FE3}.Release|Mixed Platforms.Build.0 = Release|Any CPU
		{7E3CE048-00C1-4357-BE27-801AB5B75FE3}.Release|x86.ActiveCfg = Release|Any CPU
		{CF5E170F-DC31-4AAE-AFFC-8BECA0B366EF}.Debug|.NET.ActiveCfg = Debug|Any CPU
		{CF5E170F-DC31-4AAE-AFFC-8BECA0B366EF}.Debug|.NET.Build.0 = Debug|Any CPU
		{CF5E170F-DC31-4AAE-AFFC-8BECA0B366EF}.Debug|Any CPU.ActiveCfg = Debug|Any CPU
		{CF5E170F-DC31-4AAE-AFFC-8BECA0B366EF}.Debug|Any CPU.Build.0 = Debug|Any CPU
		{CF5E170F-DC31-4AAE-AFFC-8BECA0B366EF}.Debug|Mixed Platforms.ActiveCfg = Debug|Any CPU
		{CF5E170F-DC31-4AAE-AFFC-8BECA0B366EF}.Debug|Mixed Platforms.Build.0 = Debug|Any CPU
		{CF5E170F-DC31-4AAE-AFFC-8BECA0B366EF}.Debug|x86.ActiveCfg = Debug|Any CPU
		{CF5E170F-DC31-4AAE-AFFC-8BECA0B366EF}.Linux.Debug|.NET.ActiveCfg = Linux.Debug|Any CPU
		{CF5E170F-DC31-4AAE-AFFC-8BECA0B366EF}.Linux.Debug|.NET.Build.0 = Linux.Debug|Any CPU
		{CF5E170F-DC31-4AAE-AFFC-8BECA0B366EF}.Linux.Debug|Any CPU.ActiveCfg = Linux.Debug|Any CPU
		{CF5E170F-DC31-4AAE-AFFC-8BECA0B366EF}.Linux.Debug|Mixed Platforms.ActiveCfg = Linux.Debug|Any CPU
		{CF5E170F-DC31-4AAE-AFFC-8BECA0B366EF}.Linux.Debug|Mixed Platforms.Build.0 = Linux.Debug|Any CPU
		{CF5E170F-DC31-4AAE-AFFC-8BECA0B366EF}.Linux.Debug|x86.ActiveCfg = Linux.Debug|Any CPU
		{CF5E170F-DC31-4AAE-AFFC-8BECA0B366EF}.Release|.NET.ActiveCfg = Release|Any CPU
		{CF5E170F-DC31-4AAE-AFFC-8BECA0B366EF}.Release|Any CPU.ActiveCfg = Release|Any CPU
		{CF5E170F-DC31-4AAE-AFFC-8BECA0B366EF}.Release|Any CPU.Build.0 = Release|Any CPU
		{CF5E170F-DC31-4AAE-AFFC-8BECA0B366EF}.Release|Mixed Platforms.ActiveCfg = Release|Any CPU
		{CF5E170F-DC31-4AAE-AFFC-8BECA0B366EF}.Release|Mixed Platforms.Build.0 = Release|Any CPU
		{CF5E170F-DC31-4AAE-AFFC-8BECA0B366EF}.Release|x86.ActiveCfg = Release|Any CPU
		{2CE191A7-1E73-4E7E-A8AB-545B3B33325D}.Debug|.NET.ActiveCfg = Debug|Any CPU
		{2CE191A7-1E73-4E7E-A8AB-545B3B33325D}.Debug|.NET.Build.0 = Debug|Any CPU
		{2CE191A7-1E73-4E7E-A8AB-545B3B33325D}.Debug|Any CPU.ActiveCfg = Debug|Any CPU
		{2CE191A7-1E73-4E7E-A8AB-545B3B33325D}.Debug|Any CPU.Build.0 = Debug|Any CPU
		{2CE191A7-1E73-4E7E-A8AB-545B3B33325D}.Debug|Mixed Platforms.ActiveCfg = Debug|Any CPU
		{2CE191A7-1E73-4E7E-A8AB-545B3B33325D}.Debug|Mixed Platforms.Build.0 = Debug|Any CPU
		{2CE191A7-1E73-4E7E-A8AB-545B3B33325D}.Debug|x86.ActiveCfg = Debug|Any CPU
		{2CE191A7-1E73-4E7E-A8AB-545B3B33325D}.Linux.Debug|.NET.ActiveCfg = Linux.Debug|Any CPU
		{2CE191A7-1E73-4E7E-A8AB-545B3B33325D}.Linux.Debug|.NET.Build.0 = Linux.Debug|Any CPU
		{2CE191A7-1E73-4E7E-A8AB-545B3B33325D}.Linux.Debug|Any CPU.ActiveCfg = Linux.Debug|Any CPU
		{2CE191A7-1E73-4E7E-A8AB-545B3B33325D}.Linux.Debug|Mixed Platforms.ActiveCfg = Linux.Debug|Any CPU
		{2CE191A7-1E73-4E7E-A8AB-545B3B33325D}.Linux.Debug|Mixed Platforms.Build.0 = Linux.Debug|Any CPU
		{2CE191A7-1E73-4E7E-A8AB-545B3B33325D}.Linux.Debug|x86.ActiveCfg = Linux.Debug|Any CPU
		{2CE191A7-1E73-4E7E-A8AB-545B3B33325D}.Release|.NET.ActiveCfg = Release|Any CPU
		{2CE191A7-1E73-4E7E-A8AB-545B3B33325D}.Release|Any CPU.ActiveCfg = Release|Any CPU
		{2CE191A7-1E73-4E7E-A8AB-545B3B33325D}.Release|Any CPU.Build.0 = Release|Any CPU
		{2CE191A7-1E73-4E7E-A8AB-545B3B33325D}.Release|Mixed Platforms.ActiveCfg = Release|Any CPU
		{2CE191A7-1E73-4E7E-A8AB-545B3B33325D}.Release|Mixed Platforms.Build.0 = Release|Any CPU
		{2CE191A7-1E73-4E7E-A8AB-545B3B33325D}.Release|x86.ActiveCfg = Release|Any CPU
		{01E60FD5-CD96-466A-83B1-8EFC7452B47C}.Debug|.NET.ActiveCfg = Debug|Any CPU
		{01E60FD5-CD96-466A-83B1-8EFC7452B47C}.Debug|.NET.Build.0 = Debug|Any CPU
		{01E60FD5-CD96-466A-83B1-8EFC7452B47C}.Debug|Any CPU.ActiveCfg = Debug|Any CPU
		{01E60FD5-CD96-466A-83B1-8EFC7452B47C}.Debug|Any CPU.Build.0 = Debug|Any CPU
		{01E60FD5-CD96-466A-83B1-8EFC7452B47C}.Debug|Mixed Platforms.ActiveCfg = Debug|Any CPU
		{01E60FD5-CD96-466A-83B1-8EFC7452B47C}.Debug|Mixed Platforms.Build.0 = Debug|Any CPU
		{01E60FD5-CD96-466A-83B1-8EFC7452B47C}.Debug|x86.ActiveCfg = Debug|Any CPU
		{01E60FD5-CD96-466A-83B1-8EFC7452B47C}.Linux.Debug|.NET.ActiveCfg = Linux.Debug|Any CPU
		{01E60FD5-CD96-466A-83B1-8EFC7452B47C}.Linux.Debug|.NET.Build.0 = Linux.Debug|Any CPU
		{01E60FD5-CD96-466A-83B1-8EFC7452B47C}.Linux.Debug|Any CPU.ActiveCfg = Linux.Debug|Any CPU
		{01E60FD5-CD96-466A-83B1-8EFC7452B47C}.Linux.Debug|Mixed Platforms.ActiveCfg = Linux.Debug|Any CPU
		{01E60FD5-CD96-466A-83B1-8EFC7452B47C}.Linux.Debug|Mixed Platforms.Build.0 = Linux.Debug|Any CPU
		{01E60FD5-CD96-466A-83B1-8EFC7452B47C}.Linux.Debug|x86.ActiveCfg = Linux.Debug|Any CPU
		{01E60FD5-CD96-466A-83B1-8EFC7452B47C}.Release|.NET.ActiveCfg = Release|Any CPU
		{01E60FD5-CD96-466A-83B1-8EFC7452B47C}.Release|Any CPU.ActiveCfg = Release|Any CPU
		{01E60FD5-CD96-466A-83B1-8EFC7452B47C}.Release|Any CPU.Build.0 = Release|Any CPU
		{01E60FD5-CD96-466A-83B1-8EFC7452B47C}.Release|Mixed Platforms.ActiveCfg = Release|Any CPU
		{01E60FD5-CD96-466A-83B1-8EFC7452B47C}.Release|Mixed Platforms.Build.0 = Release|Any CPU
		{01E60FD5-CD96-466A-83B1-8EFC7452B47C}.Release|x86.ActiveCfg = Release|Any CPU
		{0CEA5784-6783-4B04-A653-F896DCD89883}.Debug|.NET.ActiveCfg = Debug|Any CPU
		{0CEA5784-6783-4B04-A653-F896DCD89883}.Debug|.NET.Build.0 = Debug|Any CPU
		{0CEA5784-6783-4B04-A653-F896DCD89883}.Debug|Any CPU.ActiveCfg = Debug|Any CPU
		{0CEA5784-6783-4B04-A653-F896DCD89883}.Debug|Any CPU.Build.0 = Debug|Any CPU
		{0CEA5784-6783-4B04-A653-F896DCD89883}.Debug|Mixed Platforms.ActiveCfg = Debug|Any CPU
		{0CEA5784-6783-4B04-A653-F896DCD89883}.Debug|Mixed Platforms.Build.0 = Debug|Any CPU
		{0CEA5784-6783-4B04-A653-F896DCD89883}.Debug|x86.ActiveCfg = Debug|Any CPU
		{0CEA5784-6783-4B04-A653-F896DCD89883}.Linux.Debug|.NET.ActiveCfg = Linux.Debug|Any CPU
		{0CEA5784-6783-4B04-A653-F896DCD89883}.Linux.Debug|Any CPU.ActiveCfg = Linux.Debug|Any CPU
		{0CEA5784-6783-4B04-A653-F896DCD89883}.Linux.Debug|Mixed Platforms.ActiveCfg = Linux.Debug|Any CPU
		{0CEA5784-6783-4B04-A653-F896DCD89883}.Linux.Debug|Mixed Platforms.Build.0 = Linux.Debug|Any CPU
		{0CEA5784-6783-4B04-A653-F896DCD89883}.Linux.Debug|x86.ActiveCfg = Linux.Debug|Any CPU
		{0CEA5784-6783-4B04-A653-F896DCD89883}.Release|.NET.ActiveCfg = Release|Any CPU
		{0CEA5784-6783-4B04-A653-F896DCD89883}.Release|Any CPU.ActiveCfg = Release|Any CPU
		{0CEA5784-6783-4B04-A653-F896DCD89883}.Release|Any CPU.Build.0 = Release|Any CPU
		{0CEA5784-6783-4B04-A653-F896DCD89883}.Release|Mixed Platforms.ActiveCfg = Release|Any CPU
		{0CEA5784-6783-4B04-A653-F896DCD89883}.Release|Mixed Platforms.Build.0 = Release|Any CPU
		{0CEA5784-6783-4B04-A653-F896DCD89883}.Release|x86.ActiveCfg = Release|Any CPU
		{D5ADAF5E-024D-46B1-B75D-0F93A3E4A50B}.Debug|.NET.ActiveCfg = Debug|Any CPU
		{D5ADAF5E-024D-46B1-B75D-0F93A3E4A50B}.Debug|.NET.Build.0 = Debug|Any CPU
		{D5ADAF5E-024D-46B1-B75D-0F93A3E4A50B}.Debug|Any CPU.ActiveCfg = Debug|Any CPU
		{D5ADAF5E-024D-46B1-B75D-0F93A3E4A50B}.Debug|Any CPU.Build.0 = Debug|Any CPU
		{D5ADAF5E-024D-46B1-B75D-0F93A3E4A50B}.Debug|Mixed Platforms.ActiveCfg = Debug|Any CPU
		{D5ADAF5E-024D-46B1-B75D-0F93A3E4A50B}.Debug|Mixed Platforms.Build.0 = Debug|Any CPU
		{D5ADAF5E-024D-46B1-B75D-0F93A3E4A50B}.Debug|x86.ActiveCfg = Debug|Any CPU
		{D5ADAF5E-024D-46B1-B75D-0F93A3E4A50B}.Linux.Debug|.NET.ActiveCfg = Linux.Debug|Any CPU
		{D5ADAF5E-024D-46B1-B75D-0F93A3E4A50B}.Linux.Debug|Any CPU.ActiveCfg = Linux.Debug|Any CPU
		{D5ADAF5E-024D-46B1-B75D-0F93A3E4A50B}.Linux.Debug|Mixed Platforms.ActiveCfg = Linux.Debug|Any CPU
		{D5ADAF5E-024D-46B1-B75D-0F93A3E4A50B}.Linux.Debug|Mixed Platforms.Build.0 = Linux.Debug|Any CPU
		{D5ADAF5E-024D-46B1-B75D-0F93A3E4A50B}.Linux.Debug|x86.ActiveCfg = Linux.Debug|Any CPU
		{D5ADAF5E-024D-46B1-B75D-0F93A3E4A50B}.Release|.NET.ActiveCfg = Release|Any CPU
		{D5ADAF5E-024D-46B1-B75D-0F93A3E4A50B}.Release|Any CPU.ActiveCfg = Release|Any CPU
		{D5ADAF5E-024D-46B1-B75D-0F93A3E4A50B}.Release|Any CPU.Build.0 = Release|Any CPU
		{D5ADAF5E-024D-46B1-B75D-0F93A3E4A50B}.Release|Mixed Platforms.ActiveCfg = Release|Any CPU
		{D5ADAF5E-024D-46B1-B75D-0F93A3E4A50B}.Release|Mixed Platforms.Build.0 = Release|Any CPU
		{D5ADAF5E-024D-46B1-B75D-0F93A3E4A50B}.Release|x86.ActiveCfg = Release|Any CPU
		{B58E3B3A-7212-4F8C-9AAE-7FF680F6F324}.Debug|.NET.ActiveCfg = Debug|Any CPU
		{B58E3B3A-7212-4F8C-9AAE-7FF680F6F324}.Debug|.NET.Build.0 = Debug|Any CPU
		{B58E3B3A-7212-4F8C-9AAE-7FF680F6F324}.Debug|Any CPU.ActiveCfg = Debug|Any CPU
		{B58E3B3A-7212-4F8C-9AAE-7FF680F6F324}.Debug|Any CPU.Build.0 = Debug|Any CPU
		{B58E3B3A-7212-4F8C-9AAE-7FF680F6F324}.Debug|Mixed Platforms.ActiveCfg = Debug|Any CPU
		{B58E3B3A-7212-4F8C-9AAE-7FF680F6F324}.Debug|Mixed Platforms.Build.0 = Debug|Any CPU
		{B58E3B3A-7212-4F8C-9AAE-7FF680F6F324}.Debug|x86.ActiveCfg = Debug|Any CPU
		{B58E3B3A-7212-4F8C-9AAE-7FF680F6F324}.Linux.Debug|.NET.ActiveCfg = Linux.Debug|Any CPU
		{B58E3B3A-7212-4F8C-9AAE-7FF680F6F324}.Linux.Debug|.NET.Build.0 = Linux.Debug|Any CPU
		{B58E3B3A-7212-4F8C-9AAE-7FF680F6F324}.Linux.Debug|Any CPU.ActiveCfg = Linux.Debug|Any CPU
		{B58E3B3A-7212-4F8C-9AAE-7FF680F6F324}.Linux.Debug|Mixed Platforms.ActiveCfg = Linux.Debug|Any CPU
		{B58E3B3A-7212-4F8C-9AAE-7FF680F6F324}.Linux.Debug|Mixed Platforms.Build.0 = Linux.Debug|Any CPU
		{B58E3B3A-7212-4F8C-9AAE-7FF680F6F324}.Linux.Debug|x86.ActiveCfg = Linux.Debug|Any CPU
		{B58E3B3A-7212-4F8C-9AAE-7FF680F6F324}.Release|.NET.ActiveCfg = Release|Any CPU
		{B58E3B3A-7212-4F8C-9AAE-7FF680F6F324}.Release|Any CPU.ActiveCfg = Release|Any CPU
		{B58E3B3A-7212-4F8C-9AAE-7FF680F6F324}.Release|Any CPU.Build.0 = Release|Any CPU
		{B58E3B3A-7212-4F8C-9AAE-7FF680F6F324}.Release|Mixed Platforms.ActiveCfg = Release|Any CPU
		{B58E3B3A-7212-4F8C-9AAE-7FF680F6F324}.Release|Mixed Platforms.Build.0 = Release|Any CPU
		{B58E3B3A-7212-4F8C-9AAE-7FF680F6F324}.Release|x86.ActiveCfg = Release|Any CPU
		{5EEF01A2-C027-4B1E-9D7D-61DEF2042047}.Debug|.NET.ActiveCfg = Debug|Any CPU
		{5EEF01A2-C027-4B1E-9D7D-61DEF2042047}.Debug|.NET.Build.0 = Debug|Any CPU
		{5EEF01A2-C027-4B1E-9D7D-61DEF2042047}.Debug|Any CPU.ActiveCfg = Debug|Any CPU
		{5EEF01A2-C027-4B1E-9D7D-61DEF2042047}.Debug|Any CPU.Build.0 = Debug|Any CPU
		{5EEF01A2-C027-4B1E-9D7D-61DEF2042047}.Debug|Mixed Platforms.ActiveCfg = Debug|Any CPU
		{5EEF01A2-C027-4B1E-9D7D-61DEF2042047}.Debug|Mixed Platforms.Build.0 = Debug|Any CPU
		{5EEF01A2-C027-4B1E-9D7D-61DEF2042047}.Debug|x86.ActiveCfg = Debug|Any CPU
		{5EEF01A2-C027-4B1E-9D7D-61DEF2042047}.Linux.Debug|.NET.ActiveCfg = Linux.Debug|Any CPU
		{5EEF01A2-C027-4B1E-9D7D-61DEF2042047}.Linux.Debug|.NET.Build.0 = Linux.Debug|Any CPU
		{5EEF01A2-C027-4B1E-9D7D-61DEF2042047}.Linux.Debug|Any CPU.ActiveCfg = Linux.Debug|Any CPU
		{5EEF01A2-C027-4B1E-9D7D-61DEF2042047}.Linux.Debug|Mixed Platforms.ActiveCfg = Linux.Debug|Any CPU
		{5EEF01A2-C027-4B1E-9D7D-61DEF2042047}.Linux.Debug|Mixed Platforms.Build.0 = Linux.Debug|Any CPU
		{5EEF01A2-C027-4B1E-9D7D-61DEF2042047}.Linux.Debug|x86.ActiveCfg = Linux.Debug|Any CPU
		{5EEF01A2-C027-4B1E-9D7D-61DEF2042047}.Release|.NET.ActiveCfg = Release|Any CPU
		{5EEF01A2-C027-4B1E-9D7D-61DEF2042047}.Release|Any CPU.ActiveCfg = Release|Any CPU
		{5EEF01A2-C027-4B1E-9D7D-61DEF2042047}.Release|Any CPU.Build.0 = Release|Any CPU
		{5EEF01A2-C027-4B1E-9D7D-61DEF2042047}.Release|Mixed Platforms.ActiveCfg = Release|Any CPU
		{5EEF01A2-C027-4B1E-9D7D-61DEF2042047}.Release|Mixed Platforms.Build.0 = Release|Any CPU
		{5EEF01A2-C027-4B1E-9D7D-61DEF2042047}.Release|x86.ActiveCfg = Release|Any CPU
		{4992171F-DA41-401C-8869-63594ACF2D93}.Debug|.NET.ActiveCfg = Debug|Any CPU
		{4992171F-DA41-401C-8869-63594ACF2D93}.Debug|.NET.Build.0 = Debug|Any CPU
		{4992171F-DA41-401C-8869-63594ACF2D93}.Debug|Any CPU.ActiveCfg = Debug|Any CPU
		{4992171F-DA41-401C-8869-63594ACF2D93}.Debug|Any CPU.Build.0 = Debug|Any CPU
		{4992171F-DA41-401C-8869-63594ACF2D93}.Debug|Mixed Platforms.ActiveCfg = Debug|Any CPU
		{4992171F-DA41-401C-8869-63594ACF2D93}.Debug|Mixed Platforms.Build.0 = Debug|Any CPU
		{4992171F-DA41-401C-8869-63594ACF2D93}.Debug|x86.ActiveCfg = Debug|Any CPU
		{4992171F-DA41-401C-8869-63594ACF2D93}.Linux.Debug|.NET.ActiveCfg = Linux.Debug|Any CPU
		{4992171F-DA41-401C-8869-63594ACF2D93}.Linux.Debug|.NET.Build.0 = Linux.Debug|Any CPU
		{4992171F-DA41-401C-8869-63594ACF2D93}.Linux.Debug|Any CPU.ActiveCfg = Linux.Debug|Any CPU
		{4992171F-DA41-401C-8869-63594ACF2D93}.Linux.Debug|Mixed Platforms.ActiveCfg = Linux.Debug|Any CPU
		{4992171F-DA41-401C-8869-63594ACF2D93}.Linux.Debug|Mixed Platforms.Build.0 = Linux.Debug|Any CPU
		{4992171F-DA41-401C-8869-63594ACF2D93}.Linux.Debug|x86.ActiveCfg = Linux.Debug|Any CPU
		{4992171F-DA41-401C-8869-63594ACF2D93}.Release|.NET.ActiveCfg = Release|Any CPU
		{4992171F-DA41-401C-8869-63594ACF2D93}.Release|Any CPU.ActiveCfg = Release|Any CPU
		{4992171F-DA41-401C-8869-63594ACF2D93}.Release|Any CPU.Build.0 = Release|Any CPU
		{4992171F-DA41-401C-8869-63594ACF2D93}.Release|Mixed Platforms.ActiveCfg = Release|Any CPU
		{4992171F-DA41-401C-8869-63594ACF2D93}.Release|Mixed Platforms.Build.0 = Release|Any CPU
		{4992171F-DA41-401C-8869-63594ACF2D93}.Release|x86.ActiveCfg = Release|Any CPU
		{62B9344A-87D1-4715-9ABB-EAE0ACC4F523}.Debug|.NET.ActiveCfg = Debug|Any CPU
		{62B9344A-87D1-4715-9ABB-EAE0ACC4F523}.Debug|.NET.Build.0 = Debug|Any CPU
		{62B9344A-87D1-4715-9ABB-EAE0ACC4F523}.Debug|Any CPU.ActiveCfg = Debug|Any CPU
		{62B9344A-87D1-4715-9ABB-EAE0ACC4F523}.Debug|Any CPU.Build.0 = Debug|Any CPU
		{62B9344A-87D1-4715-9ABB-EAE0ACC4F523}.Debug|Mixed Platforms.ActiveCfg = Debug|Any CPU
		{62B9344A-87D1-4715-9ABB-EAE0ACC4F523}.Debug|Mixed Platforms.Build.0 = Debug|Any CPU
		{62B9344A-87D1-4715-9ABB-EAE0ACC4F523}.Debug|x86.ActiveCfg = Debug|Any CPU
		{62B9344A-87D1-4715-9ABB-EAE0ACC4F523}.Linux.Debug|.NET.ActiveCfg = Linux.Debug|Any CPU
		{62B9344A-87D1-4715-9ABB-EAE0ACC4F523}.Linux.Debug|.NET.Build.0 = Linux.Debug|Any CPU
		{62B9344A-87D1-4715-9ABB-EAE0ACC4F523}.Linux.Debug|Any CPU.ActiveCfg = Linux.Debug|Any CPU
		{62B9344A-87D1-4715-9ABB-EAE0ACC4F523}.Linux.Debug|Mixed Platforms.ActiveCfg = Linux.Debug|Any CPU
		{62B9344A-87D1-4715-9ABB-EAE0ACC4F523}.Linux.Debug|Mixed Platforms.Build.0 = Linux.Debug|Any CPU
		{62B9344A-87D1-4715-9ABB-EAE0ACC4F523}.Linux.Debug|x86.ActiveCfg = Linux.Debug|Any CPU
		{62B9344A-87D1-4715-9ABB-EAE0ACC4F523}.Release|.NET.ActiveCfg = Release|Any CPU
		{62B9344A-87D1-4715-9ABB-EAE0ACC4F523}.Release|Any CPU.ActiveCfg = Release|Any CPU
		{62B9344A-87D1-4715-9ABB-EAE0ACC4F523}.Release|Any CPU.Build.0 = Release|Any CPU
		{62B9344A-87D1-4715-9ABB-EAE0ACC4F523}.Release|Mixed Platforms.ActiveCfg = Release|Any CPU
		{62B9344A-87D1-4715-9ABB-EAE0ACC4F523}.Release|Mixed Platforms.Build.0 = Release|Any CPU
		{62B9344A-87D1-4715-9ABB-EAE0ACC4F523}.Release|x86.ActiveCfg = Release|Any CPU
		{F81E2AB4-0622-40A3-B7E3-9FAC0EE4A31B}.Debug|.NET.ActiveCfg = Debug|Any CPU
		{F81E2AB4-0622-40A3-B7E3-9FAC0EE4A31B}.Debug|.NET.Build.0 = Debug|Any CPU
		{F81E2AB4-0622-40A3-B7E3-9FAC0EE4A31B}.Debug|Any CPU.ActiveCfg = Debug|Any CPU
		{F81E2AB4-0622-40A3-B7E3-9FAC0EE4A31B}.Debug|Any CPU.Build.0 = Debug|Any CPU
		{F81E2AB4-0622-40A3-B7E3-9FAC0EE4A31B}.Debug|Mixed Platforms.ActiveCfg = Debug|Any CPU
		{F81E2AB4-0622-40A3-B7E3-9FAC0EE4A31B}.Debug|Mixed Platforms.Build.0 = Debug|Any CPU
		{F81E2AB4-0622-40A3-B7E3-9FAC0EE4A31B}.Debug|x86.ActiveCfg = Debug|Any CPU
		{F81E2AB4-0622-40A3-B7E3-9FAC0EE4A31B}.Linux.Debug|.NET.ActiveCfg = Linux.Debug|Any CPU
		{F81E2AB4-0622-40A3-B7E3-9FAC0EE4A31B}.Linux.Debug|.NET.Build.0 = Linux.Debug|Any CPU
		{F81E2AB4-0622-40A3-B7E3-9FAC0EE4A31B}.Linux.Debug|Any CPU.ActiveCfg = Linux.Debug|Any CPU
		{F81E2AB4-0622-40A3-B7E3-9FAC0EE4A31B}.Linux.Debug|Mixed Platforms.ActiveCfg = Linux.Debug|Any CPU
		{F81E2AB4-0622-40A3-B7E3-9FAC0EE4A31B}.Linux.Debug|Mixed Platforms.Build.0 = Linux.Debug|Any CPU
		{F81E2AB4-0622-40A3-B7E3-9FAC0EE4A31B}.Linux.Debug|x86.ActiveCfg = Linux.Debug|Any CPU
		{F81E2AB4-0622-40A3-B7E3-9FAC0EE4A31B}.Release|.NET.ActiveCfg = Release|Any CPU
		{F81E2AB4-0622-40A3-B7E3-9FAC0EE4A31B}.Release|Any CPU.ActiveCfg = Release|Any CPU
		{F81E2AB4-0622-40A3-B7E3-9FAC0EE4A31B}.Release|Any CPU.Build.0 = Release|Any CPU
		{F81E2AB4-0622-40A3-B7E3-9FAC0EE4A31B}.Release|Mixed Platforms.ActiveCfg = Release|Any CPU
		{F81E2AB4-0622-40A3-B7E3-9FAC0EE4A31B}.Release|Mixed Platforms.Build.0 = Release|Any CPU
		{F81E2AB4-0622-40A3-B7E3-9FAC0EE4A31B}.Release|x86.ActiveCfg = Release|Any CPU
		{A2C68E17-5B32-4F4E-B83A-DC7122623FDD}.Debug|.NET.ActiveCfg = Debug|Any CPU
		{A2C68E17-5B32-4F4E-B83A-DC7122623FDD}.Debug|.NET.Build.0 = Debug|Any CPU
		{A2C68E17-5B32-4F4E-B83A-DC7122623FDD}.Debug|Any CPU.ActiveCfg = Debug|Any CPU
		{A2C68E17-5B32-4F4E-B83A-DC7122623FDD}.Debug|Any CPU.Build.0 = Debug|Any CPU
		{A2C68E17-5B32-4F4E-B83A-DC7122623FDD}.Debug|Mixed Platforms.ActiveCfg = Debug|Any CPU
		{A2C68E17-5B32-4F4E-B83A-DC7122623FDD}.Debug|Mixed Platforms.Build.0 = Debug|Any CPU
		{A2C68E17-5B32-4F4E-B83A-DC7122623FDD}.Debug|x86.ActiveCfg = Debug|Any CPU
		{A2C68E17-5B32-4F4E-B83A-DC7122623FDD}.Linux.Debug|.NET.ActiveCfg = Linux.Debug|Any CPU
		{A2C68E17-5B32-4F4E-B83A-DC7122623FDD}.Linux.Debug|.NET.Build.0 = Linux.Debug|Any CPU
		{A2C68E17-5B32-4F4E-B83A-DC7122623FDD}.Linux.Debug|Any CPU.ActiveCfg = Linux.Debug|Any CPU
		{A2C68E17-5B32-4F4E-B83A-DC7122623FDD}.Linux.Debug|Mixed Platforms.ActiveCfg = Linux.Debug|Any CPU
		{A2C68E17-5B32-4F4E-B83A-DC7122623FDD}.Linux.Debug|Mixed Platforms.Build.0 = Linux.Debug|Any CPU
		{A2C68E17-5B32-4F4E-B83A-DC7122623FDD}.Linux.Debug|x86.ActiveCfg = Linux.Debug|Any CPU
		{A2C68E17-5B32-4F4E-B83A-DC7122623FDD}.Release|.NET.ActiveCfg = Release|Any CPU
		{A2C68E17-5B32-4F4E-B83A-DC7122623FDD}.Release|Any CPU.ActiveCfg = Release|Any CPU
		{A2C68E17-5B32-4F4E-B83A-DC7122623FDD}.Release|Any CPU.Build.0 = Release|Any CPU
		{A2C68E17-5B32-4F4E-B83A-DC7122623FDD}.Release|Mixed Platforms.ActiveCfg = Release|Any CPU
		{A2C68E17-5B32-4F4E-B83A-DC7122623FDD}.Release|Mixed Platforms.Build.0 = Release|Any CPU
		{A2C68E17-5B32-4F4E-B83A-DC7122623FDD}.Release|x86.ActiveCfg = Release|Any CPU
		{A242A751-9F97-4F1C-ABE5-57B28133DEF4}.Debug|.NET.ActiveCfg = Debug|Any CPU
		{A242A751-9F97-4F1C-ABE5-57B28133DEF4}.Debug|.NET.Build.0 = Debug|Any CPU
		{A242A751-9F97-4F1C-ABE5-57B28133DEF4}.Debug|Any CPU.ActiveCfg = Debug|Any CPU
		{A242A751-9F97-4F1C-ABE5-57B28133DEF4}.Debug|Any CPU.Build.0 = Debug|Any CPU
		{A242A751-9F97-4F1C-ABE5-57B28133DEF4}.Debug|Mixed Platforms.ActiveCfg = Debug|Any CPU
		{A242A751-9F97-4F1C-ABE5-57B28133DEF4}.Debug|Mixed Platforms.Build.0 = Debug|Any CPU
		{A242A751-9F97-4F1C-ABE5-57B28133DEF4}.Debug|x86.ActiveCfg = Debug|Any CPU
		{A242A751-9F97-4F1C-ABE5-57B28133DEF4}.Linux.Debug|.NET.ActiveCfg = Linux.Debug|Any CPU
		{A242A751-9F97-4F1C-ABE5-57B28133DEF4}.Linux.Debug|.NET.Build.0 = Linux.Debug|Any CPU
		{A242A751-9F97-4F1C-ABE5-57B28133DEF4}.Linux.Debug|Any CPU.ActiveCfg = Linux.Debug|Any CPU
		{A242A751-9F97-4F1C-ABE5-57B28133DEF4}.Linux.Debug|Mixed Platforms.ActiveCfg = Linux.Debug|Any CPU
		{A242A751-9F97-4F1C-ABE5-57B28133DEF4}.Linux.Debug|Mixed Platforms.Build.0 = Linux.Debug|Any CPU
		{A242A751-9F97-4F1C-ABE5-57B28133DEF4}.Linux.Debug|x86.ActiveCfg = Linux.Debug|Any CPU
		{A242A751-9F97-4F1C-ABE5-57B28133DEF4}.Release|.NET.ActiveCfg = Release|Any CPU
		{A242A751-9F97-4F1C-ABE5-57B28133DEF4}.Release|Any CPU.ActiveCfg = Release|Any CPU
		{A242A751-9F97-4F1C-ABE5-57B28133DEF4}.Release|Any CPU.Build.0 = Release|Any CPU
		{A242A751-9F97-4F1C-ABE5-57B28133DEF4}.Release|Mixed Platforms.ActiveCfg = Release|Any CPU
		{A242A751-9F97-4F1C-ABE5-57B28133DEF4}.Release|Mixed Platforms.Build.0 = Release|Any CPU
		{A242A751-9F97-4F1C-ABE5-57B28133DEF4}.Release|x86.ActiveCfg = Release|Any CPU
		{1E56A7BA-61B7-4283-B65F-ADFA6418F72B}.Debug|.NET.ActiveCfg = Debug|Any CPU
		{1E56A7BA-61B7-4283-B65F-ADFA6418F72B}.Debug|.NET.Build.0 = Debug|Any CPU
		{1E56A7BA-61B7-4283-B65F-ADFA6418F72B}.Debug|Any CPU.ActiveCfg = Debug|Any CPU
		{1E56A7BA-61B7-4283-B65F-ADFA6418F72B}.Debug|Any CPU.Build.0 = Debug|Any CPU
		{1E56A7BA-61B7-4283-B65F-ADFA6418F72B}.Debug|Mixed Platforms.ActiveCfg = Debug|Any CPU
		{1E56A7BA-61B7-4283-B65F-ADFA6418F72B}.Debug|Mixed Platforms.Build.0 = Debug|Any CPU
		{1E56A7BA-61B7-4283-B65F-ADFA6418F72B}.Debug|x86.ActiveCfg = Debug|Any CPU
		{1E56A7BA-61B7-4283-B65F-ADFA6418F72B}.Linux.Debug|.NET.ActiveCfg = Linux.Debug|Any CPU
		{1E56A7BA-61B7-4283-B65F-ADFA6418F72B}.Linux.Debug|.NET.Build.0 = Linux.Debug|Any CPU
		{1E56A7BA-61B7-4283-B65F-ADFA6418F72B}.Linux.Debug|Any CPU.ActiveCfg = Linux.Debug|Any CPU
		{1E56A7BA-61B7-4283-B65F-ADFA6418F72B}.Linux.Debug|Mixed Platforms.ActiveCfg = Linux.Debug|Any CPU
		{1E56A7BA-61B7-4283-B65F-ADFA6418F72B}.Linux.Debug|Mixed Platforms.Build.0 = Linux.Debug|Any CPU
		{1E56A7BA-61B7-4283-B65F-ADFA6418F72B}.Linux.Debug|x86.ActiveCfg = Linux.Debug|Any CPU
		{1E56A7BA-61B7-4283-B65F-ADFA6418F72B}.Release|.NET.ActiveCfg = Release|Any CPU
		{1E56A7BA-61B7-4283-B65F-ADFA6418F72B}.Release|Any CPU.ActiveCfg = Release|Any CPU
		{1E56A7BA-61B7-4283-B65F-ADFA6418F72B}.Release|Any CPU.Build.0 = Release|Any CPU
		{1E56A7BA-61B7-4283-B65F-ADFA6418F72B}.Release|Mixed Platforms.ActiveCfg = Release|Any CPU
		{1E56A7BA-61B7-4283-B65F-ADFA6418F72B}.Release|Mixed Platforms.Build.0 = Release|Any CPU
		{1E56A7BA-61B7-4283-B65F-ADFA6418F72B}.Release|x86.ActiveCfg = Release|Any CPU
		{C0992804-A195-4087-B77C-910ABEAB74B9}.Debug|.NET.ActiveCfg = Debug|Any CPU
		{C0992804-A195-4087-B77C-910ABEAB74B9}.Debug|.NET.Build.0 = Debug|Any CPU
		{C0992804-A195-4087-B77C-910ABEAB74B9}.Debug|Any CPU.ActiveCfg = Debug|Any CPU
		{C0992804-A195-4087-B77C-910ABEAB74B9}.Debug|Any CPU.Build.0 = Debug|Any CPU
		{C0992804-A195-4087-B77C-910ABEAB74B9}.Debug|Mixed Platforms.ActiveCfg = Debug|Any CPU
		{C0992804-A195-4087-B77C-910ABEAB74B9}.Debug|Mixed Platforms.Build.0 = Debug|Any CPU
		{C0992804-A195-4087-B77C-910ABEAB74B9}.Debug|x86.ActiveCfg = Debug|Any CPU
		{C0992804-A195-4087-B77C-910ABEAB74B9}.Linux.Debug|.NET.ActiveCfg = Linux.Debug|Any CPU
		{C0992804-A195-4087-B77C-910ABEAB74B9}.Linux.Debug|.NET.Build.0 = Linux.Debug|Any CPU
		{C0992804-A195-4087-B77C-910ABEAB74B9}.Linux.Debug|Any CPU.ActiveCfg = Linux.Debug|Any CPU
		{C0992804-A195-4087-B77C-910ABEAB74B9}.Linux.Debug|Mixed Platforms.ActiveCfg = Linux.Debug|Any CPU
		{C0992804-A195-4087-B77C-910ABEAB74B9}.Linux.Debug|Mixed Platforms.Build.0 = Linux.Debug|Any CPU
		{C0992804-A195-4087-B77C-910ABEAB74B9}.Linux.Debug|x86.ActiveCfg = Linux.Debug|Any CPU
		{C0992804-A195-4087-B77C-910ABEAB74B9}.Release|.NET.ActiveCfg = Release|Any CPU
		{C0992804-A195-4087-B77C-910ABEAB74B9}.Release|Any CPU.ActiveCfg = Release|Any CPU
		{C0992804-A195-4087-B77C-910ABEAB74B9}.Release|Any CPU.Build.0 = Release|Any CPU
		{C0992804-A195-4087-B77C-910ABEAB74B9}.Release|Mixed Platforms.ActiveCfg = Release|Any CPU
		{C0992804-A195-4087-B77C-910ABEAB74B9}.Release|Mixed Platforms.Build.0 = Release|Any CPU
		{C0992804-A195-4087-B77C-910ABEAB74B9}.Release|x86.ActiveCfg = Release|Any CPU
		{B93076F9-B551-4EBD-B707-205F905BCC99}.Debug|.NET.ActiveCfg = Debug|Any CPU
		{B93076F9-B551-4EBD-B707-205F905BCC99}.Debug|.NET.Build.0 = Debug|Any CPU
		{B93076F9-B551-4EBD-B707-205F905BCC99}.Debug|Any CPU.ActiveCfg = Debug|Any CPU
		{B93076F9-B551-4EBD-B707-205F905BCC99}.Debug|Any CPU.Build.0 = Debug|Any CPU
		{B93076F9-B551-4EBD-B707-205F905BCC99}.Debug|Mixed Platforms.ActiveCfg = Debug|Any CPU
		{B93076F9-B551-4EBD-B707-205F905BCC99}.Debug|Mixed Platforms.Build.0 = Debug|Any CPU
		{B93076F9-B551-4EBD-B707-205F905BCC99}.Debug|x86.ActiveCfg = Debug|Any CPU
		{B93076F9-B551-4EBD-B707-205F905BCC99}.Linux.Debug|.NET.ActiveCfg = Linux.Debug|Any CPU
		{B93076F9-B551-4EBD-B707-205F905BCC99}.Linux.Debug|Any CPU.ActiveCfg = Linux.Debug|Any CPU
		{B93076F9-B551-4EBD-B707-205F905BCC99}.Linux.Debug|Mixed Platforms.ActiveCfg = Linux.Debug|Any CPU
		{B93076F9-B551-4EBD-B707-205F905BCC99}.Linux.Debug|Mixed Platforms.Build.0 = Linux.Debug|Any CPU
		{B93076F9-B551-4EBD-B707-205F905BCC99}.Linux.Debug|x86.ActiveCfg = Linux.Debug|Any CPU
		{B93076F9-B551-4EBD-B707-205F905BCC99}.Release|.NET.ActiveCfg = Release|Any CPU
		{B93076F9-B551-4EBD-B707-205F905BCC99}.Release|Any CPU.ActiveCfg = Release|Any CPU
		{B93076F9-B551-4EBD-B707-205F905BCC99}.Release|Any CPU.Build.0 = Release|Any CPU
		{B93076F9-B551-4EBD-B707-205F905BCC99}.Release|Mixed Platforms.ActiveCfg = Release|Any CPU
		{B93076F9-B551-4EBD-B707-205F905BCC99}.Release|Mixed Platforms.Build.0 = Release|Any CPU
		{B93076F9-B551-4EBD-B707-205F905BCC99}.Release|x86.ActiveCfg = Release|Any CPU
		{8D980F88-514B-44F0-A9B3-B9195FAD33FD}.Debug|.NET.ActiveCfg = Debug|x86
		{8D980F88-514B-44F0-A9B3-B9195FAD33FD}.Debug|.NET.Build.0 = Debug|x86
		{8D980F88-514B-44F0-A9B3-B9195FAD33FD}.Debug|Any CPU.ActiveCfg = Debug|x86
		{8D980F88-514B-44F0-A9B3-B9195FAD33FD}.Debug|Mixed Platforms.ActiveCfg = Debug|x86
		{8D980F88-514B-44F0-A9B3-B9195FAD33FD}.Debug|Mixed Platforms.Build.0 = Debug|x86
		{8D980F88-514B-44F0-A9B3-B9195FAD33FD}.Debug|x86.ActiveCfg = Debug|x86
		{8D980F88-514B-44F0-A9B3-B9195FAD33FD}.Debug|x86.Build.0 = Debug|x86
		{8D980F88-514B-44F0-A9B3-B9195FAD33FD}.Linux.Debug|.NET.ActiveCfg = Linux.Debug|x86
		{8D980F88-514B-44F0-A9B3-B9195FAD33FD}.Linux.Debug|.NET.Build.0 = Linux.Debug|x86
		{8D980F88-514B-44F0-A9B3-B9195FAD33FD}.Linux.Debug|Any CPU.ActiveCfg = Linux.Debug|x86
		{8D980F88-514B-44F0-A9B3-B9195FAD33FD}.Linux.Debug|Mixed Platforms.ActiveCfg = Linux.Debug|x86
		{8D980F88-514B-44F0-A9B3-B9195FAD33FD}.Linux.Debug|Mixed Platforms.Build.0 = Linux.Debug|x86
		{8D980F88-514B-44F0-A9B3-B9195FAD33FD}.Linux.Debug|x86.ActiveCfg = Linux.Debug|x86
		{8D980F88-514B-44F0-A9B3-B9195FAD33FD}.Release|.NET.ActiveCfg = Release|x86
		{8D980F88-514B-44F0-A9B3-B9195FAD33FD}.Release|Any CPU.ActiveCfg = Release|x86
		{8D980F88-514B-44F0-A9B3-B9195FAD33FD}.Release|Mixed Platforms.ActiveCfg = Release|x86
		{8D980F88-514B-44F0-A9B3-B9195FAD33FD}.Release|Mixed Platforms.Build.0 = Release|x86
		{8D980F88-514B-44F0-A9B3-B9195FAD33FD}.Release|x86.ActiveCfg = Release|x86
		{8D980F88-514B-44F0-A9B3-B9195FAD33FD}.Release|x86.Build.0 = Release|x86
	EndGlobalSection
	GlobalSection(SolutionProperties) = preSolution
		HideSolutionNode = FALSE
	EndGlobalSection
	GlobalSection(NestedProjects) = preSolution
		{382F1331-A177-4B38-A3E7-6D1B9A0F812B} = {ACC74A05-6833-4897-B739-8D5E82E846C2}
		{980874F0-D9C1-4EDB-8143-AD51C1E2666E} = {ACC74A05-6833-4897-B739-8D5E82E846C2}
		{171546DC-5AFF-43BF-B8E6-EA6AC96C9C61} = {ACC74A05-6833-4897-B739-8D5E82E846C2}
		{12B58C14-4FE7-4FF6-A03A-5A220571FD5C} = {ACC74A05-6833-4897-B739-8D5E82E846C2}
		{26C035B1-A53D-44E0-BEED-CB97EC56B38E} = {ACC74A05-6833-4897-B739-8D5E82E846C2}
		{04B881EC-50C8-43DE-8E21-1D2EB38E1BB7} = {ACC74A05-6833-4897-B739-8D5E82E846C2}
		{C93A48F5-8DF9-4A40-BB3B-FDE1CA9D6BA8} = {ACC74A05-6833-4897-B739-8D5E82E846C2}
		{980874F0-D9C1-4EDB-8143-AD51C1E2666F} = {ACC74A05-6833-4897-B739-8D5E82E846C2}
		{95E39A40-35BC-4214-86E5-EE451C138EE1} = {ACC74A05-6833-4897-B739-8D5E82E846C2}
		{1EEA57CD-4824-4A14-9447-3BD0E57997F4} = {ACC74A05-6833-4897-B739-8D5E82E846C2}
		{1BF9C9A2-9A22-4C22-AFE8-DDB711CC1EEB} = {ACC74A05-6833-4897-B739-8D5E82E846C2}
		{CF5E170F-DC31-4AAE-AFFC-8BECA0B366EF} = {ACC74A05-6833-4897-B739-8D5E82E846C2}
		{1E56A7BA-61B7-4283-B65F-ADFA6418F72B} = {ACC74A05-6833-4897-B739-8D5E82E846C2}
		{C0992804-A195-4087-B77C-910ABEAB74B9} = {ACC74A05-6833-4897-B739-8D5E82E846C2}
		{04656394-60EA-4675-95EE-3DA6D07BAB89} = {ACDAC04D-0C0C-4FDF-BF8A-DDB0205C7A51}
		{CBE35A83-01BB-4F10-93E3-241784A22620} = {ACDAC04D-0C0C-4FDF-BF8A-DDB0205C7A51}
		{2C899579-BF78-442B-8810-8C7E7A2CA212} = {9B65F71F-98A5-4744-B45F-9C5D99F99D23}
		{E4BBC94F-B837-4668-A127-E36E6DE012F5} = {9B65F71F-98A5-4744-B45F-9C5D99F99D23}
		{D5ADAF5E-024D-46B1-B75D-0F93A3E4A50B} = {9B65F71F-98A5-4744-B45F-9C5D99F99D23}
		{0C9E6E69-309F-46F7-A936-D5762229DEB9} = {70BC8B82-94AE-4823-85FF-B3FEDFD60F32}
		{01E60FD5-CD96-466A-83B1-8EFC7452B47C} = {70BC8B82-94AE-4823-85FF-B3FEDFD60F32}
		{62B9344A-87D1-4715-9ABB-EAE0ACC4F523} = {70BC8B82-94AE-4823-85FF-B3FEDFD60F32}
		{52EC8DFB-9C75-4FDB-9EE1-E78847F7F711} = {0EBD0023-C7AE-4C6F-BF07-0CEA724F2B0F}
		{3760694D-3B35-41D4-B1A3-41BB288AA19F} = {0EBD0023-C7AE-4C6F-BF07-0CEA724F2B0F}
		{7E3CE048-00C1-4357-BE27-801AB5B75FE3} = {0EBD0023-C7AE-4C6F-BF07-0CEA724F2B0F}
		{2CE191A7-1E73-4E7E-A8AB-545B3B33325D} = {0EBD0023-C7AE-4C6F-BF07-0CEA724F2B0F}
		{B58E3B3A-7212-4F8C-9AAE-7FF680F6F324} = {0EBD0023-C7AE-4C6F-BF07-0CEA724F2B0F}
		{5EEF01A2-C027-4B1E-9D7D-61DEF2042047} = {0EBD0023-C7AE-4C6F-BF07-0CEA724F2B0F}
		{F81E2AB4-0622-40A3-B7E3-9FAC0EE4A31B} = {0EBD0023-C7AE-4C6F-BF07-0CEA724F2B0F}
		{A2C68E17-5B32-4F4E-B83A-DC7122623FDD} = {0EBD0023-C7AE-4C6F-BF07-0CEA724F2B0F}
		{A242A751-9F97-4F1C-ABE5-57B28133DEF4} = {0EBD0023-C7AE-4C6F-BF07-0CEA724F2B0F}
	EndGlobalSection
EndGlobal
