
Microsoft Visual Studio Solution File, Format Version 11.00
# Visual Studio 2010
Project("{2150E333-8FDC-42A3-9474-1A3956D46DE8}") = "Generated Code", "Generated Code", "{70BC8B82-94AE-4823-85FF-B3FEDFD60F32}"
EndProject
Project("{FAE04EC0-301F-11D3-BF4B-00C04F79EFBC}") = "Kistl.Objects", "Kistl.Objects\Kistl.Objects.csproj", "{0C9E6E69-309F-46F7-A936-D5762229DEB9}"
	ProjectSection(ProjectDependencies) = postProject
		{AD0C7B9C-3C92-4F19-BBDF-416AD4700CB9} = {AD0C7B9C-3C92-4F19-BBDF-416AD4700CB9}
	EndProjectSection
EndProject
Project("{FAE04EC0-301F-11D3-BF4B-00C04F79EFBC}") = "Kistl.Server", "Kistl.Server\Kistl.Server.csproj", "{FA2B6CCD-95CB-4927-9CB5-AFE833EB38B7}"
	ProjectSection(ProjectDependencies) = postProject
		{B58E3B3A-7212-4F8C-9AAE-7FF680F6F324} = {B58E3B3A-7212-4F8C-9AAE-7FF680F6F324}
		{7E3CE048-00C1-4357-BE27-801AB5B75FE3} = {7E3CE048-00C1-4357-BE27-801AB5B75FE3}
		{B1AE679D-BA5A-4E70-8D21-D99C46A34F79} = {B1AE679D-BA5A-4E70-8D21-D99C46A34F79}
		{01E60FD5-CD96-466A-83B1-8EFC7452B47C} = {01E60FD5-CD96-466A-83B1-8EFC7452B47C}
		{E1275AE6-5060-4E93-88D8-BA48BA52DC7A} = {E1275AE6-5060-4E93-88D8-BA48BA52DC7A}
	EndProjectSection
EndProject
Project("{FAE04EC0-301F-11D3-BF4B-00C04F79EFBC}") = "Kistl.API", "Kistl.API\Kistl.API.csproj", "{AD0C7B9C-3C92-4F19-BBDF-416AD4700CB9}"
EndProject
Project("{FAE04EC0-301F-11D3-BF4B-00C04F79EFBC}") = "Kistl.API.Client", "Kistl.API.Client\Kistl.API.Client.csproj", "{DD11A4F6-24C2-4935-8042-DE49CA6B32C0}"
EndProject
Project("{FAE04EC0-301F-11D3-BF4B-00C04F79EFBC}") = "Kistl.API.Server", "Kistl.API.Server\Kistl.API.Server.csproj", "{08902397-B9CA-43DA-8C8D-27DCEC097611}"
EndProject
Project("{FAE04EC0-301F-11D3-BF4B-00C04F79EFBC}") = "Kistl.App.Projekte.Server", "Kistl.App.Projekte.Server\Kistl.App.Projekte.Server.csproj", "{E1275AE6-5060-4E93-88D8-BA48BA52DC7A}"
EndProject
Project("{FAE04EC0-301F-11D3-BF4B-00C04F79EFBC}") = "Kistl.API.Common", "Kistl.API.Common\Kistl.API.Common.csproj", "{9677AE11-CB92-4F0A-A248-87A21586F0DA}"
EndProject
Project("{FAE04EC0-301F-11D3-BF4B-00C04F79EFBC}") = "Kistl.App.Projekte.Common", "Kistl.App.Projekte.Common\Kistl.App.Projekte.Common.csproj", "{B1AE679D-BA5A-4E70-8D21-D99C46A34F79}"
EndProject
Project("{FAE04EC0-301F-11D3-BF4B-00C04F79EFBC}") = "Kistl.Server.Service", "Kistl.Server.Service\Kistl.Server.Service.csproj", "{4183E4F7-4ACB-4FE1-A3BF-DDEA50CD9545}"
	ProjectSection(ProjectDependencies) = postProject
		{A2C68E17-5B32-4F4E-B83A-DC7122623FDD} = {A2C68E17-5B32-4F4E-B83A-DC7122623FDD}
		{4992171F-DA41-401C-8869-63594ACF2D93} = {4992171F-DA41-401C-8869-63594ACF2D93}
		{B58E3B3A-7212-4F8C-9AAE-7FF680F6F324} = {B58E3B3A-7212-4F8C-9AAE-7FF680F6F324}
		{7E3CE048-00C1-4357-BE27-801AB5B75FE3} = {7E3CE048-00C1-4357-BE27-801AB5B75FE3}
		{62B9344A-87D1-4715-9ABB-EAE0ACC4F523} = {62B9344A-87D1-4715-9ABB-EAE0ACC4F523}
		{3760694D-3B35-41D4-B1A3-41BB288AA19F} = {3760694D-3B35-41D4-B1A3-41BB288AA19F}
		{0C9E6E69-309F-46F7-A936-D5762229DEB9} = {0C9E6E69-309F-46F7-A936-D5762229DEB9}
		{5EEF01A2-C027-4B1E-9D7D-61DEF2042047} = {5EEF01A2-C027-4B1E-9D7D-61DEF2042047}
		{2CE191A7-1E73-4E7E-A8AB-545B3B33325D} = {2CE191A7-1E73-4E7E-A8AB-545B3B33325D}
		{5514C9AF-6C2E-4713-8EAC-FAAADFFDB029} = {5514C9AF-6C2E-4713-8EAC-FAAADFFDB029}
		{F81E2AB4-0622-40A3-B7E3-9FAC0EE4A31B} = {F81E2AB4-0622-40A3-B7E3-9FAC0EE4A31B}
		{01E60FD5-CD96-466A-83B1-8EFC7452B47C} = {01E60FD5-CD96-466A-83B1-8EFC7452B47C}
		{52EC8DFB-9C75-4FDB-9EE1-E78847F7F711} = {52EC8DFB-9C75-4FDB-9EE1-E78847F7F711}
	EndProjectSection
EndProject
Project("{FAE04EC0-301F-11D3-BF4B-00C04F79EFBC}") = "Kistl.Server.Service32", "Kistl.Server.Service32\Kistl.Server.Service32.csproj", "{0CEA5784-6783-4B04-A653-F896DCD89883}"
EndProject
Project("{FAE04EC0-301F-11D3-BF4B-00C04F79EFBC}") = "Kistl.Generator", "Kistl.Generator\Kistl.Generator.csproj", "{4992171F-DA41-401C-8869-63594ACF2D93}"
EndProject
Project("{FAE04EC0-301F-11D3-BF4B-00C04F79EFBC}") = "Kistl.Unix", "Kistl.Unix\Kistl.Unix.csproj", "{36180B60-667C-485D-8DAC-304F27EA6EFB}"
EndProject
Global
	GlobalSection(SolutionConfigurationPlatforms) = preSolution
		Debug|.NET = Debug|.NET
		Debug|Any CPU = Debug|Any CPU
		Debug|Mixed Platforms = Debug|Mixed Platforms
		Debug|x86 = Debug|x86
		Linux.Debug|.NET = Linux.Debug|.NET
		Linux.Debug|Any CPU = Linux.Debug|Any CPU
		Linux.Debug|Mixed Platforms = Linux.Debug|Mixed Platforms
		Linux.Debug|x86 = Linux.Debug|x86
		Release|.NET = Release|.NET
		Release|Any CPU = Release|Any CPU
		Release|Mixed Platforms = Release|Mixed Platforms
		Release|x86 = Release|x86
	EndGlobalSection
	GlobalSection(ProjectConfigurationPlatforms) = postSolution
		{08902397-B9CA-43DA-8C8D-27DCEC097611}.Debug|.NET.ActiveCfg = Debug|Any CPU
		{08902397-B9CA-43DA-8C8D-27DCEC097611}.Debug|.NET.Build.0 = Debug|Any CPU
		{08902397-B9CA-43DA-8C8D-27DCEC097611}.Debug|Any CPU.ActiveCfg = Debug|Any CPU
		{08902397-B9CA-43DA-8C8D-27DCEC097611}.Debug|Any CPU.Build.0 = Debug|Any CPU
		{08902397-B9CA-43DA-8C8D-27DCEC097611}.Debug|Mixed Platforms.ActiveCfg = Debug|Any CPU
		{08902397-B9CA-43DA-8C8D-27DCEC097611}.Debug|Mixed Platforms.Build.0 = Debug|Any CPU
		{08902397-B9CA-43DA-8C8D-27DCEC097611}.Debug|x86.ActiveCfg = Debug|Any CPU
		{08902397-B9CA-43DA-8C8D-27DCEC097611}.Linux.Debug|.NET.ActiveCfg = Linux.Debug|Any CPU
		{08902397-B9CA-43DA-8C8D-27DCEC097611}.Linux.Debug|.NET.Build.0 = Linux.Debug|Any CPU
		{08902397-B9CA-43DA-8C8D-27DCEC097611}.Linux.Debug|Any CPU.ActiveCfg = Linux.Debug|Any CPU
		{08902397-B9CA-43DA-8C8D-27DCEC097611}.Linux.Debug|Any CPU.Build.0 = Linux.Debug|Any CPU
		{08902397-B9CA-43DA-8C8D-27DCEC097611}.Linux.Debug|Mixed Platforms.ActiveCfg = Linux.Debug|Any CPU
		{08902397-B9CA-43DA-8C8D-27DCEC097611}.Linux.Debug|Mixed Platforms.Build.0 = Linux.Debug|Any CPU
		{08902397-B9CA-43DA-8C8D-27DCEC097611}.Linux.Debug|x86.ActiveCfg = Linux.Debug|Any CPU
		{08902397-B9CA-43DA-8C8D-27DCEC097611}.Release|.NET.ActiveCfg = Release|Any CPU
		{08902397-B9CA-43DA-8C8D-27DCEC097611}.Release|.NET.Build.0 = Release|Any CPU
		{08902397-B9CA-43DA-8C8D-27DCEC097611}.Release|Any CPU.ActiveCfg = Release|Any CPU
		{08902397-B9CA-43DA-8C8D-27DCEC097611}.Release|Any CPU.Build.0 = Release|Any CPU
		{08902397-B9CA-43DA-8C8D-27DCEC097611}.Release|Mixed Platforms.ActiveCfg = Release|Any CPU
		{08902397-B9CA-43DA-8C8D-27DCEC097611}.Release|Mixed Platforms.Build.0 = Release|Any CPU
		{08902397-B9CA-43DA-8C8D-27DCEC097611}.Release|x86.ActiveCfg = Release|Any CPU
		{0C9E6E69-309F-46F7-A936-D5762229DEB9}.Debug|.NET.ActiveCfg = Debug|Any CPU
		{0C9E6E69-309F-46F7-A936-D5762229DEB9}.Debug|.NET.Build.0 = Debug|Any CPU
		{0C9E6E69-309F-46F7-A936-D5762229DEB9}.Debug|Any CPU.ActiveCfg = Debug|Any CPU
		{0C9E6E69-309F-46F7-A936-D5762229DEB9}.Debug|Any CPU.Build.0 = Debug|Any CPU
		{0C9E6E69-309F-46F7-A936-D5762229DEB9}.Debug|Mixed Platforms.ActiveCfg = Debug|Any CPU
		{0C9E6E69-309F-46F7-A936-D5762229DEB9}.Debug|Mixed Platforms.Build.0 = Debug|Any CPU
		{0C9E6E69-309F-46F7-A936-D5762229DEB9}.Debug|x86.ActiveCfg = Debug|Any CPU
		{0C9E6E69-309F-46F7-A936-D5762229DEB9}.Linux.Debug|.NET.ActiveCfg = Debug|Any CPU
		{0C9E6E69-309F-46F7-A936-D5762229DEB9}.Linux.Debug|Any CPU.ActiveCfg = Debug|Any CPU
		{0C9E6E69-309F-46F7-A936-D5762229DEB9}.Linux.Debug|Any CPU.Build.0 = Debug|Any CPU
		{0C9E6E69-309F-46F7-A936-D5762229DEB9}.Linux.Debug|Mixed Platforms.ActiveCfg = Debug|Any CPU
		{0C9E6E69-309F-46F7-A936-D5762229DEB9}.Linux.Debug|Mixed Platforms.Build.0 = Debug|Any CPU
		{0C9E6E69-309F-46F7-A936-D5762229DEB9}.Linux.Debug|x86.ActiveCfg = Debug|Any CPU
		{0C9E6E69-309F-46F7-A936-D5762229DEB9}.Release|.NET.ActiveCfg = Release|Any CPU
		{0C9E6E69-309F-46F7-A936-D5762229DEB9}.Release|.NET.Build.0 = Release|Any CPU
		{0C9E6E69-309F-46F7-A936-D5762229DEB9}.Release|Any CPU.ActiveCfg = Release|Any CPU
		{0C9E6E69-309F-46F7-A936-D5762229DEB9}.Release|Any CPU.Build.0 = Release|Any CPU
		{0C9E6E69-309F-46F7-A936-D5762229DEB9}.Release|Mixed Platforms.ActiveCfg = Release|Any CPU
		{0C9E6E69-309F-46F7-A936-D5762229DEB9}.Release|Mixed Platforms.Build.0 = Release|Any CPU
		{0C9E6E69-309F-46F7-A936-D5762229DEB9}.Release|x86.ActiveCfg = Release|Any CPU
		{0CEA5784-6783-4B04-A653-F896DCD89883}.Debug|.NET.ActiveCfg = Debug|Any CPU
		{0CEA5784-6783-4B04-A653-F896DCD89883}.Debug|.NET.Build.0 = Debug|Any CPU
		{0CEA5784-6783-4B04-A653-F896DCD89883}.Debug|Any CPU.ActiveCfg = Debug|Any CPU
		{0CEA5784-6783-4B04-A653-F896DCD89883}.Debug|Any CPU.Build.0 = Debug|Any CPU
		{0CEA5784-6783-4B04-A653-F896DCD89883}.Debug|Mixed Platforms.ActiveCfg = Debug|Any CPU
		{0CEA5784-6783-4B04-A653-F896DCD89883}.Debug|Mixed Platforms.Build.0 = Debug|Any CPU
		{0CEA5784-6783-4B04-A653-F896DCD89883}.Debug|x86.ActiveCfg = Debug|Any CPU
		{0CEA5784-6783-4B04-A653-F896DCD89883}.Linux.Debug|.NET.ActiveCfg = Linux.Debug|Any CPU
		{0CEA5784-6783-4B04-A653-F896DCD89883}.Linux.Debug|Any CPU.ActiveCfg = Linux.Debug|Any CPU
		{0CEA5784-6783-4B04-A653-F896DCD89883}.Linux.Debug|Mixed Platforms.ActiveCfg = Linux.Debug|Any CPU
		{0CEA5784-6783-4B04-A653-F896DCD89883}.Linux.Debug|Mixed Platforms.Build.0 = Linux.Debug|Any CPU
		{0CEA5784-6783-4B04-A653-F896DCD89883}.Linux.Debug|x86.ActiveCfg = Linux.Debug|Any CPU
		{0CEA5784-6783-4B04-A653-F896DCD89883}.Release|.NET.ActiveCfg = Release|Any CPU
		{0CEA5784-6783-4B04-A653-F896DCD89883}.Release|Any CPU.ActiveCfg = Release|Any CPU
		{0CEA5784-6783-4B04-A653-F896DCD89883}.Release|Any CPU.Build.0 = Release|Any CPU
		{0CEA5784-6783-4B04-A653-F896DCD89883}.Release|Mixed Platforms.ActiveCfg = Release|Any CPU
		{0CEA5784-6783-4B04-A653-F896DCD89883}.Release|Mixed Platforms.Build.0 = Release|Any CPU
		{0CEA5784-6783-4B04-A653-F896DCD89883}.Release|x86.ActiveCfg = Release|Any CPU
		{36180B60-667C-485D-8DAC-304F27EA6EFB}.Debug|.NET.ActiveCfg = Debug|Any CPU
		{36180B60-667C-485D-8DAC-304F27EA6EFB}.Debug|.NET.Build.0 = Debug|Any CPU
		{36180B60-667C-485D-8DAC-304F27EA6EFB}.Debug|Any CPU.ActiveCfg = Debug|Any CPU
		{36180B60-667C-485D-8DAC-304F27EA6EFB}.Debug|Any CPU.Build.0 = Debug|Any CPU
		{36180B60-667C-485D-8DAC-304F27EA6EFB}.Debug|Mixed Platforms.ActiveCfg = Debug|Any CPU
		{36180B60-667C-485D-8DAC-304F27EA6EFB}.Debug|Mixed Platforms.Build.0 = Debug|Any CPU
		{36180B60-667C-485D-8DAC-304F27EA6EFB}.Debug|x86.ActiveCfg = Debug|Any CPU
		{36180B60-667C-485D-8DAC-304F27EA6EFB}.Debug|x86.Build.0 = Debug|Any CPU
		{36180B60-667C-485D-8DAC-304F27EA6EFB}.Linux.Debug|.NET.ActiveCfg = Debug|Any CPU
		{36180B60-667C-485D-8DAC-304F27EA6EFB}.Linux.Debug|.NET.Build.0 = Debug|Any CPU
		{36180B60-667C-485D-8DAC-304F27EA6EFB}.Linux.Debug|Any CPU.ActiveCfg = Debug|Any CPU
		{36180B60-667C-485D-8DAC-304F27EA6EFB}.Linux.Debug|Any CPU.Build.0 = Debug|Any CPU
		{36180B60-667C-485D-8DAC-304F27EA6EFB}.Linux.Debug|Mixed Platforms.ActiveCfg = Debug|Any CPU
		{36180B60-667C-485D-8DAC-304F27EA6EFB}.Linux.Debug|Mixed Platforms.Build.0 = Debug|Any CPU
		{36180B60-667C-485D-8DAC-304F27EA6EFB}.Linux.Debug|x86.ActiveCfg = Debug|Any CPU
		{36180B60-667C-485D-8DAC-304F27EA6EFB}.Linux.Debug|x86.Build.0 = Debug|Any CPU
		{36180B60-667C-485D-8DAC-304F27EA6EFB}.Release|.NET.ActiveCfg = Release|Any CPU
		{36180B60-667C-485D-8DAC-304F27EA6EFB}.Release|.NET.Build.0 = Release|Any CPU
		{36180B60-667C-485D-8DAC-304F27EA6EFB}.Release|Any CPU.ActiveCfg = Release|Any CPU
		{36180B60-667C-485D-8DAC-304F27EA6EFB}.Release|Any CPU.Build.0 = Release|Any CPU
		{36180B60-667C-485D-8DAC-304F27EA6EFB}.Release|Mixed Platforms.ActiveCfg = Release|Any CPU
		{36180B60-667C-485D-8DAC-304F27EA6EFB}.Release|Mixed Platforms.Build.0 = Release|Any CPU
		{36180B60-667C-485D-8DAC-304F27EA6EFB}.Release|x86.ActiveCfg = Release|Any CPU
		{36180B60-667C-485D-8DAC-304F27EA6EFB}.Release|x86.Build.0 = Release|Any CPU
		{4183E4F7-4ACB-4FE1-A3BF-DDEA50CD9545}.Debug|.NET.ActiveCfg = Debug|Any CPU
		{4183E4F7-4ACB-4FE1-A3BF-DDEA50CD9545}.Debug|.NET.Build.0 = Debug|Any CPU
		{4183E4F7-4ACB-4FE1-A3BF-DDEA50CD9545}.Debug|Any CPU.ActiveCfg = Debug|Any CPU
		{4183E4F7-4ACB-4FE1-A3BF-DDEA50CD9545}.Debug|Any CPU.Build.0 = Debug|Any CPU
		{4183E4F7-4ACB-4FE1-A3BF-DDEA50CD9545}.Debug|Mixed Platforms.ActiveCfg = Debug|Any CPU
		{4183E4F7-4ACB-4FE1-A3BF-DDEA50CD9545}.Debug|Mixed Platforms.Build.0 = Debug|Any CPU
		{4183E4F7-4ACB-4FE1-A3BF-DDEA50CD9545}.Debug|x86.ActiveCfg = Debug|Any CPU
		{4183E4F7-4ACB-4FE1-A3BF-DDEA50CD9545}.Linux.Debug|.NET.ActiveCfg = Linux.Debug|Any CPU
		{4183E4F7-4ACB-4FE1-A3BF-DDEA50CD9545}.Linux.Debug|.NET.Build.0 = Linux.Debug|Any CPU
		{4183E4F7-4ACB-4FE1-A3BF-DDEA50CD9545}.Linux.Debug|Any CPU.ActiveCfg = Linux.Debug|Any CPU
		{4183E4F7-4ACB-4FE1-A3BF-DDEA50CD9545}.Linux.Debug|Mixed Platforms.ActiveCfg = Linux.Debug|Any CPU
		{4183E4F7-4ACB-4FE1-A3BF-DDEA50CD9545}.Linux.Debug|Mixed Platforms.Build.0 = Linux.Debug|Any CPU
		{4183E4F7-4ACB-4FE1-A3BF-DDEA50CD9545}.Linux.Debug|x86.ActiveCfg = Linux.Debug|Any CPU
		{4183E4F7-4ACB-4FE1-A3BF-DDEA50CD9545}.Release|.NET.ActiveCfg = Release|Any CPU
		{4183E4F7-4ACB-4FE1-A3BF-DDEA50CD9545}.Release|Any CPU.ActiveCfg = Release|Any CPU
		{4183E4F7-4ACB-4FE1-A3BF-DDEA50CD9545}.Release|Any CPU.Build.0 = Release|Any CPU
		{4183E4F7-4ACB-4FE1-A3BF-DDEA50CD9545}.Release|Mixed Platforms.ActiveCfg = Release|Any CPU
		{4183E4F7-4ACB-4FE1-A3BF-DDEA50CD9545}.Release|Mixed Platforms.Build.0 = Release|Any CPU
		{4183E4F7-4ACB-4FE1-A3BF-DDEA50CD9545}.Release|x86.ActiveCfg = Release|Any CPU
		{4992171F-DA41-401C-8869-63594ACF2D93}.Debug|.NET.ActiveCfg = Debug|Any CPU
		{4992171F-DA41-401C-8869-63594ACF2D93}.Debug|.NET.Build.0 = Debug|Any CPU
		{4992171F-DA41-401C-8869-63594ACF2D93}.Debug|Any CPU.ActiveCfg = Debug|Any CPU
		{4992171F-DA41-401C-8869-63594ACF2D93}.Debug|Any CPU.Build.0 = Debug|Any CPU
		{4992171F-DA41-401C-8869-63594ACF2D93}.Debug|Mixed Platforms.ActiveCfg = Debug|Any CPU
		{4992171F-DA41-401C-8869-63594ACF2D93}.Debug|Mixed Platforms.Build.0 = Debug|Any CPU
		{4992171F-DA41-401C-8869-63594ACF2D93}.Debug|x86.ActiveCfg = Debug|Any CPU
		{4992171F-DA41-401C-8869-63594ACF2D93}.Debug|x86.Build.0 = Debug|Any CPU
		{4992171F-DA41-401C-8869-63594ACF2D93}.Linux.Debug|.NET.ActiveCfg = Linux.Debug|Any CPU
		{4992171F-DA41-401C-8869-63594ACF2D93}.Linux.Debug|.NET.Build.0 = Linux.Debug|Any CPU
		{4992171F-DA41-401C-8869-63594ACF2D93}.Linux.Debug|Any CPU.ActiveCfg = Linux.Debug|Any CPU
		{4992171F-DA41-401C-8869-63594ACF2D93}.Linux.Debug|Any CPU.Build.0 = Linux.Debug|Any CPU
		{4992171F-DA41-401C-8869-63594ACF2D93}.Linux.Debug|Mixed Platforms.ActiveCfg = Linux.Debug|Any CPU
		{4992171F-DA41-401C-8869-63594ACF2D93}.Linux.Debug|Mixed Platforms.Build.0 = Linux.Debug|Any CPU
		{4992171F-DA41-401C-8869-63594ACF2D93}.Linux.Debug|x86.ActiveCfg = Linux.Debug|Any CPU
		{4992171F-DA41-401C-8869-63594ACF2D93}.Linux.Debug|x86.Build.0 = Linux.Debug|Any CPU
		{4992171F-DA41-401C-8869-63594ACF2D93}.Release|.NET.ActiveCfg = Release|Any CPU
		{4992171F-DA41-401C-8869-63594ACF2D93}.Release|.NET.Build.0 = Release|Any CPU
		{4992171F-DA41-401C-8869-63594ACF2D93}.Release|Any CPU.ActiveCfg = Release|Any CPU
		{4992171F-DA41-401C-8869-63594ACF2D93}.Release|Any CPU.Build.0 = Release|Any CPU
		{4992171F-DA41-401C-8869-63594ACF2D93}.Release|Mixed Platforms.ActiveCfg = Release|Any CPU
		{4992171F-DA41-401C-8869-63594ACF2D93}.Release|Mixed Platforms.Build.0 = Release|Any CPU
		{4992171F-DA41-401C-8869-63594ACF2D93}.Release|x86.ActiveCfg = Release|Any CPU
		{4992171F-DA41-401C-8869-63594ACF2D93}.Release|x86.Build.0 = Release|Any CPU
		{9677AE11-CB92-4F0A-A248-87A21586F0DA}.Debug|.NET.ActiveCfg = Debug|Any CPU
		{9677AE11-CB92-4F0A-A248-87A21586F0DA}.Debug|.NET.Build.0 = Debug|Any CPU
		{9677AE11-CB92-4F0A-A248-87A21586F0DA}.Debug|Any CPU.ActiveCfg = Debug|Any CPU
		{9677AE11-CB92-4F0A-A248-87A21586F0DA}.Debug|Any CPU.Build.0 = Debug|Any CPU
		{9677AE11-CB92-4F0A-A248-87A21586F0DA}.Debug|Mixed Platforms.ActiveCfg = Debug|Any CPU
		{9677AE11-CB92-4F0A-A248-87A21586F0DA}.Debug|Mixed Platforms.Build.0 = Debug|Any CPU
		{9677AE11-CB92-4F0A-A248-87A21586F0DA}.Debug|x86.ActiveCfg = Debug|Any CPU
		{9677AE11-CB92-4F0A-A248-87A21586F0DA}.Linux.Debug|.NET.ActiveCfg = Linux.Debug|Any CPU
		{9677AE11-CB92-4F0A-A248-87A21586F0DA}.Linux.Debug|.NET.Build.0 = Linux.Debug|Any CPU
		{9677AE11-CB92-4F0A-A248-87A21586F0DA}.Linux.Debug|Any CPU.ActiveCfg = Linux.Debug|Any CPU
		{9677AE11-CB92-4F0A-A248-87A21586F0DA}.Linux.Debug|Any CPU.Build.0 = Linux.Debug|Any CPU
		{9677AE11-CB92-4F0A-A248-87A21586F0DA}.Linux.Debug|Mixed Platforms.ActiveCfg = Linux.Debug|Any CPU
		{9677AE11-CB92-4F0A-A248-87A21586F0DA}.Linux.Debug|Mixed Platforms.Build.0 = Linux.Debug|Any CPU
		{9677AE11-CB92-4F0A-A248-87A21586F0DA}.Linux.Debug|x86.ActiveCfg = Linux.Debug|Any CPU
		{9677AE11-CB92-4F0A-A248-87A21586F0DA}.Release|.NET.ActiveCfg = Release|Any CPU
		{9677AE11-CB92-4F0A-A248-87A21586F0DA}.Release|.NET.Build.0 = Release|Any CPU
		{9677AE11-CB92-4F0A-A248-87A21586F0DA}.Release|Any CPU.ActiveCfg = Release|Any CPU
		{9677AE11-CB92-4F0A-A248-87A21586F0DA}.Release|Any CPU.Build.0 = Release|Any CPU
		{9677AE11-CB92-4F0A-A248-87A21586F0DA}.Release|Mixed Platforms.ActiveCfg = Release|Any CPU
		{9677AE11-CB92-4F0A-A248-87A21586F0DA}.Release|Mixed Platforms.Build.0 = Release|Any CPU
		{9677AE11-CB92-4F0A-A248-87A21586F0DA}.Release|x86.ActiveCfg = Release|Any CPU
		{AD0C7B9C-3C92-4F19-BBDF-416AD4700CB9}.Debug|.NET.ActiveCfg = Debug|Any CPU
		{AD0C7B9C-3C92-4F19-BBDF-416AD4700CB9}.Debug|.NET.Build.0 = Debug|Any CPU
		{AD0C7B9C-3C92-4F19-BBDF-416AD4700CB9}.Debug|Any CPU.ActiveCfg = Debug|Any CPU
		{AD0C7B9C-3C92-4F19-BBDF-416AD4700CB9}.Debug|Any CPU.Build.0 = Debug|Any CPU
		{AD0C7B9C-3C92-4F19-BBDF-416AD4700CB9}.Debug|Mixed Platforms.ActiveCfg = Debug|Any CPU
		{AD0C7B9C-3C92-4F19-BBDF-416AD4700CB9}.Debug|Mixed Platforms.Build.0 = Debug|Any CPU
		{AD0C7B9C-3C92-4F19-BBDF-416AD4700CB9}.Debug|x86.ActiveCfg = Debug|Any CPU
		{AD0C7B9C-3C92-4F19-BBDF-416AD4700CB9}.Linux.Debug|.NET.ActiveCfg = Linux.Debug|Any CPU
		{AD0C7B9C-3C92-4F19-BBDF-416AD4700CB9}.Linux.Debug|.NET.Build.0 = Linux.Debug|Any CPU
		{AD0C7B9C-3C92-4F19-BBDF-416AD4700CB9}.Linux.Debug|Any CPU.ActiveCfg = Linux.Debug|Any CPU
		{AD0C7B9C-3C92-4F19-BBDF-416AD4700CB9}.Linux.Debug|Any CPU.Build.0 = Linux.Debug|Any CPU
		{AD0C7B9C-3C92-4F19-BBDF-416AD4700CB9}.Linux.Debug|Mixed Platforms.ActiveCfg = Linux.Debug|Any CPU
		{AD0C7B9C-3C92-4F19-BBDF-416AD4700CB9}.Linux.Debug|Mixed Platforms.Build.0 = Linux.Debug|Any CPU
		{AD0C7B9C-3C92-4F19-BBDF-416AD4700CB9}.Linux.Debug|x86.ActiveCfg = Linux.Debug|Any CPU
		{AD0C7B9C-3C92-4F19-BBDF-416AD4700CB9}.Release|.NET.ActiveCfg = Release|Any CPU
		{AD0C7B9C-3C92-4F19-BBDF-416AD4700CB9}.Release|.NET.Build.0 = Release|Any CPU
		{AD0C7B9C-3C92-4F19-BBDF-416AD4700CB9}.Release|Any CPU.ActiveCfg = Release|Any CPU
		{AD0C7B9C-3C92-4F19-BBDF-416AD4700CB9}.Release|Any CPU.Build.0 = Release|Any CPU
		{AD0C7B9C-3C92-4F19-BBDF-416AD4700CB9}.Release|Mixed Platforms.ActiveCfg = Release|Any CPU
		{AD0C7B9C-3C92-4F19-BBDF-416AD4700CB9}.Release|Mixed Platforms.Build.0 = Release|Any CPU
		{AD0C7B9C-3C92-4F19-BBDF-416AD4700CB9}.Release|x86.ActiveCfg = Release|Any CPU
		{B1AE679D-BA5A-4E70-8D21-D99C46A34F79}.Debug|.NET.ActiveCfg = Debug|Any CPU
		{B1AE679D-BA5A-4E70-8D21-D99C46A34F79}.Debug|.NET.Build.0 = Debug|Any CPU
		{B1AE679D-BA5A-4E70-8D21-D99C46A34F79}.Debug|Any CPU.ActiveCfg = Debug|Any CPU
		{B1AE679D-BA5A-4E70-8D21-D99C46A34F79}.Debug|Any CPU.Build.0 = Debug|Any CPU
		{B1AE679D-BA5A-4E70-8D21-D99C46A34F79}.Debug|Mixed Platforms.ActiveCfg = Debug|Any CPU
		{B1AE679D-BA5A-4E70-8D21-D99C46A34F79}.Debug|Mixed Platforms.Build.0 = Debug|Any CPU
		{B1AE679D-BA5A-4E70-8D21-D99C46A34F79}.Debug|x86.ActiveCfg = Debug|Any CPU
		{B1AE679D-BA5A-4E70-8D21-D99C46A34F79}.Linux.Debug|.NET.ActiveCfg = Linux.Debug|Any CPU
		{B1AE679D-BA5A-4E70-8D21-D99C46A34F79}.Linux.Debug|.NET.Build.0 = Linux.Debug|Any CPU
		{B1AE679D-BA5A-4E70-8D21-D99C46A34F79}.Linux.Debug|Any CPU.ActiveCfg = Linux.Debug|Any CPU
		{B1AE679D-BA5A-4E70-8D21-D99C46A34F79}.Linux.Debug|Mixed Platforms.ActiveCfg = Linux.Debug|Any CPU
		{B1AE679D-BA5A-4E70-8D21-D99C46A34F79}.Linux.Debug|Mixed Platforms.Build.0 = Linux.Debug|Any CPU
		{B1AE679D-BA5A-4E70-8D21-D99C46A34F79}.Linux.Debug|x86.ActiveCfg = Linux.Debug|Any CPU
		{B1AE679D-BA5A-4E70-8D21-D99C46A34F79}.Release|.NET.ActiveCfg = Release|Any CPU
		{B1AE679D-BA5A-4E70-8D21-D99C46A34F79}.Release|Any CPU.ActiveCfg = Release|Any CPU
		{B1AE679D-BA5A-4E70-8D21-D99C46A34F79}.Release|Any CPU.Build.0 = Release|Any CPU
		{B1AE679D-BA5A-4E70-8D21-D99C46A34F79}.Release|Mixed Platforms.ActiveCfg = Release|Any CPU
		{B1AE679D-BA5A-4E70-8D21-D99C46A34F79}.Release|Mixed Platforms.Build.0 = Release|Any CPU
		{B1AE679D-BA5A-4E70-8D21-D99C46A34F79}.Release|x86.ActiveCfg = Release|Any CPU
		{DD11A4F6-24C2-4935-8042-DE49CA6B32C0}.Debug|.NET.ActiveCfg = Debug|Any CPU
		{DD11A4F6-24C2-4935-8042-DE49CA6B32C0}.Debug|.NET.Build.0 = Debug|Any CPU
		{DD11A4F6-24C2-4935-8042-DE49CA6B32C0}.Debug|Any CPU.ActiveCfg = Debug|Any CPU
		{DD11A4F6-24C2-4935-8042-DE49CA6B32C0}.Debug|Any CPU.Build.0 = Debug|Any CPU
		{DD11A4F6-24C2-4935-8042-DE49CA6B32C0}.Debug|Mixed Platforms.ActiveCfg = Debug|Any CPU
		{DD11A4F6-24C2-4935-8042-DE49CA6B32C0}.Debug|Mixed Platforms.Build.0 = Debug|Any CPU
		{DD11A4F6-24C2-4935-8042-DE49CA6B32C0}.Debug|x86.ActiveCfg = Debug|Any CPU
		{DD11A4F6-24C2-4935-8042-DE49CA6B32C0}.Linux.Debug|.NET.ActiveCfg = Linux.Debug|Any CPU
		{DD11A4F6-24C2-4935-8042-DE49CA6B32C0}.Linux.Debug|.NET.Build.0 = Linux.Debug|Any CPU
		{DD11A4F6-24C2-4935-8042-DE49CA6B32C0}.Linux.Debug|Any CPU.ActiveCfg = Linux.Debug|Any CPU
		{DD11A4F6-24C2-4935-8042-DE49CA6B32C0}.Linux.Debug|Any CPU.Build.0 = Linux.Debug|Any CPU
		{DD11A4F6-24C2-4935-8042-DE49CA6B32C0}.Linux.Debug|Mixed Platforms.ActiveCfg = Linux.Debug|Any CPU
		{DD11A4F6-24C2-4935-8042-DE49CA6B32C0}.Linux.Debug|Mixed Platforms.Build.0 = Linux.Debug|Any CPU
		{DD11A4F6-24C2-4935-8042-DE49CA6B32C0}.Linux.Debug|x86.ActiveCfg = Linux.Debug|Any CPU
		{DD11A4F6-24C2-4935-8042-DE49CA6B32C0}.Release|.NET.ActiveCfg = Release|Any CPU
		{DD11A4F6-24C2-4935-8042-DE49CA6B32C0}.Release|.NET.Build.0 = Release|Any CPU
		{DD11A4F6-24C2-4935-8042-DE49CA6B32C0}.Release|Any CPU.ActiveCfg = Release|Any CPU
		{DD11A4F6-24C2-4935-8042-DE49CA6B32C0}.Release|Any CPU.Build.0 = Release|Any CPU
		{DD11A4F6-24C2-4935-8042-DE49CA6B32C0}.Release|Mixed Platforms.ActiveCfg = Release|Any CPU
		{DD11A4F6-24C2-4935-8042-DE49CA6B32C0}.Release|Mixed Platforms.Build.0 = Release|Any CPU
		{DD11A4F6-24C2-4935-8042-DE49CA6B32C0}.Release|x86.ActiveCfg = Release|Any CPU
		{E1275AE6-5060-4E93-88D8-BA48BA52DC7A}.Debug|.NET.ActiveCfg = Debug|Any CPU
		{E1275AE6-5060-4E93-88D8-BA48BA52DC7A}.Debug|.NET.Build.0 = Debug|Any CPU
		{E1275AE6-5060-4E93-88D8-BA48BA52DC7A}.Debug|Any CPU.ActiveCfg = Debug|Any CPU
		{E1275AE6-5060-4E93-88D8-BA48BA52DC7A}.Debug|Any CPU.Build.0 = Debug|Any CPU
		{E1275AE6-5060-4E93-88D8-BA48BA52DC7A}.Debug|Mixed Platforms.ActiveCfg = Debug|Any CPU
		{E1275AE6-5060-4E93-88D8-BA48BA52DC7A}.Debug|Mixed Platforms.Build.0 = Debug|Any CPU
		{E1275AE6-5060-4E93-88D8-BA48BA52DC7A}.Debug|x86.ActiveCfg = Debug|Any CPU
		{E1275AE6-5060-4E93-88D8-BA48BA52DC7A}.Linux.Debug|.NET.ActiveCfg = Linux.Debug|Any CPU
		{E1275AE6-5060-4E93-88D8-BA48BA52DC7A}.Linux.Debug|.NET.Build.0 = Linux.Debug|Any CPU
		{E1275AE6-5060-4E93-88D8-BA48BA52DC7A}.Linux.Debug|Any CPU.ActiveCfg = Linux.Debug|Any CPU
		{E1275AE6-5060-4E93-88D8-BA48BA52DC7A}.Linux.Debug|Any CPU.Build.0 = Linux.Debug|Any CPU
		{E1275AE6-5060-4E93-88D8-BA48BA52DC7A}.Linux.Debug|Mixed Platforms.ActiveCfg = Linux.Debug|Any CPU
		{E1275AE6-5060-4E93-88D8-BA48BA52DC7A}.Linux.Debug|Mixed Platforms.Build.0 = Linux.Debug|Any CPU
		{E1275AE6-5060-4E93-88D8-BA48BA52DC7A}.Linux.Debug|x86.ActiveCfg = Linux.Debug|Any CPU
		{E1275AE6-5060-4E93-88D8-BA48BA52DC7A}.Release|.NET.ActiveCfg = Release|Any CPU
		{E1275AE6-5060-4E93-88D8-BA48BA52DC7A}.Release|.NET.Build.0 = Release|Any CPU
		{E1275AE6-5060-4E93-88D8-BA48BA52DC7A}.Release|Any CPU.ActiveCfg = Release|Any CPU
		{E1275AE6-5060-4E93-88D8-BA48BA52DC7A}.Release|Any CPU.Build.0 = Release|Any CPU
		{E1275AE6-5060-4E93-88D8-BA48BA52DC7A}.Release|Mixed Platforms.ActiveCfg = Release|Any CPU
		{E1275AE6-5060-4E93-88D8-BA48BA52DC7A}.Release|Mixed Platforms.Build.0 = Release|Any CPU
		{E1275AE6-5060-4E93-88D8-BA48BA52DC7A}.Release|x86.ActiveCfg = Release|Any CPU
		{FA2B6CCD-95CB-4927-9CB5-AFE833EB38B7}.Debug|.NET.ActiveCfg = Debug|Any CPU
		{FA2B6CCD-95CB-4927-9CB5-AFE833EB38B7}.Debug|.NET.Build.0 = Debug|Any CPU
		{FA2B6CCD-95CB-4927-9CB5-AFE833EB38B7}.Debug|Any CPU.ActiveCfg = Debug|Any CPU
		{FA2B6CCD-95CB-4927-9CB5-AFE833EB38B7}.Debug|Any CPU.Build.0 = Debug|Any CPU
		{FA2B6CCD-95CB-4927-9CB5-AFE833EB38B7}.Debug|Mixed Platforms.ActiveCfg = Debug|Any CPU
		{FA2B6CCD-95CB-4927-9CB5-AFE833EB38B7}.Debug|Mixed Platforms.Build.0 = Debug|Any CPU
		{FA2B6CCD-95CB-4927-9CB5-AFE833EB38B7}.Debug|x86.ActiveCfg = Debug|Any CPU
		{FA2B6CCD-95CB-4927-9CB5-AFE833EB38B7}.Linux.Debug|.NET.ActiveCfg = Linux.Debug|Any CPU
		{FA2B6CCD-95CB-4927-9CB5-AFE833EB38B7}.Linux.Debug|.NET.Build.0 = Linux.Debug|Any CPU
		{FA2B6CCD-95CB-4927-9CB5-AFE833EB38B7}.Linux.Debug|Any CPU.ActiveCfg = Linux.Debug|Any CPU
		{FA2B6CCD-95CB-4927-9CB5-AFE833EB38B7}.Linux.Debug|Any CPU.Build.0 = Linux.Debug|Any CPU
		{FA2B6CCD-95CB-4927-9CB5-AFE833EB38B7}.Linux.Debug|Mixed Platforms.ActiveCfg = Linux.Debug|Any CPU
		{FA2B6CCD-95CB-4927-9CB5-AFE833EB38B7}.Linux.Debug|Mixed Platforms.Build.0 = Linux.Debug|Any CPU
		{FA2B6CCD-95CB-4927-9CB5-AFE833EB38B7}.Linux.Debug|x86.ActiveCfg = Linux.Debug|Any CPU
		{FA2B6CCD-95CB-4927-9CB5-AFE833EB38B7}.Release|.NET.ActiveCfg = Release|Any CPU
		{FA2B6CCD-95CB-4927-9CB5-AFE833EB38B7}.Release|.NET.Build.0 = Release|Any CPU
		{FA2B6CCD-95CB-4927-9CB5-AFE833EB38B7}.Release|Any CPU.ActiveCfg = Release|Any CPU
		{FA2B6CCD-95CB-4927-9CB5-AFE833EB38B7}.Release|Any CPU.Build.0 = Release|Any CPU
		{FA2B6CCD-95CB-4927-9CB5-AFE833EB38B7}.Release|Mixed Platforms.ActiveCfg = Release|Any CPU
		{FA2B6CCD-95CB-4927-9CB5-AFE833EB38B7}.Release|Mixed Platforms.Build.0 = Release|Any CPU
		{FA2B6CCD-95CB-4927-9CB5-AFE833EB38B7}.Release|x86.ActiveCfg = Release|Any CPU
		{CBE35A83-01BB-4F10-93E3-241784A22620}.Debug|.NET.ActiveCfg = Debug|Any CPU
		{CBE35A83-01BB-4F10-93E3-241784A22620}.Debug|.NET.Build.0 = Debug|Any CPU
		{CBE35A83-01BB-4F10-93E3-241784A22620}.Debug|Any CPU.ActiveCfg = Debug|Any CPU
		{CBE35A83-01BB-4F10-93E3-241784A22620}.Debug|Any CPU.Build.0 = Debug|Any CPU
		{CBE35A83-01BB-4F10-93E3-241784A22620}.Debug|Mixed Platforms.ActiveCfg = Debug|Any CPU
		{CBE35A83-01BB-4F10-93E3-241784A22620}.Debug|x86.ActiveCfg = Debug|.NET
		{CBE35A83-01BB-4F10-93E3-241784A22620}.Linux.Debug|.NET.ActiveCfg = Debug|.NET
		{CBE35A83-01BB-4F10-93E3-241784A22620}.Linux.Debug|.NET.Build.0 = Debug|.NET
		{CBE35A83-01BB-4F10-93E3-241784A22620}.Linux.Debug|Any CPU.ActiveCfg = Debug|Any CPU
		{CBE35A83-01BB-4F10-93E3-241784A22620}.Linux.Debug|Any CPU.Build.0 = Debug|Any CPU
		{CBE35A83-01BB-4F10-93E3-241784A22620}.Linux.Debug|Mixed Platforms.ActiveCfg = Debug|.NET
		{CBE35A83-01BB-4F10-93E3-241784A22620}.Linux.Debug|Mixed Platforms.Build.0 = Debug|.NET
		{CBE35A83-01BB-4F10-93E3-241784A22620}.Linux.Debug|x86.ActiveCfg = Debug|.NET
		{CBE35A83-01BB-4F10-93E3-241784A22620}.Release|.NET.ActiveCfg = Debug|Any CPU
		{CBE35A83-01BB-4F10-93E3-241784A22620}.Release|.NET.Build.0 = Release|.NET
		{CBE35A83-01BB-4F10-93E3-241784A22620}.Release|Any CPU.ActiveCfg = Debug|Any CPU
		{CBE35A83-01BB-4F10-93E3-241784A22620}.Release|Any CPU.Build.0 = Debug|Any CPU
		{CBE35A83-01BB-4F10-93E3-241784A22620}.Release|Mixed Platforms.ActiveCfg = Debug|Any CPU
		{CBE35A83-01BB-4F10-93E3-241784A22620}.Release|Mixed Platforms.Build.0 = Debug|Any CPU
		{CBE35A83-01BB-4F10-93E3-241784A22620}.Release|x86.ActiveCfg = Release|.NET
	EndGlobalSection
	GlobalSection(NestedProjects) = preSolution
		{0C9E6E69-309F-46F7-A936-D5762229DEB9} = {70BC8B82-94AE-4823-85FF-B3FEDFD60F32}
	EndGlobalSection
	GlobalSection(MonoDevelopProperties) = preSolution
		StartupItem = Kistl.Objects\Kistl.Objects.csproj
	EndGlobalSection
	GlobalSection(SolutionProperties) = preSolution
		HideSolutionNode = FALSE
	EndGlobalSection
EndGlobal
